BIONIC_PROJECT=platform/bionic
BIONIC_REVISION=09a271af557444c9a6b3f3146d6d474156fd6cdb
BIONIC_STRERROR_CPP_SHA256=892a4fabfa869098f284b9d3e6b2fba6418f2d356690b342eb832ded24f2fd7a
BIONIC_ERRDEFS_SHA256=20adad662c5df1b785d28396b96b7509e1179a45d4c8957c5211682fb077e050
BIONIC_STRING_HEADER_SHA256=77ccdd315d04fde51d0b65829f78a60ad7d9bcbc65caaf5c432feeba6134b88a
NDK_REVISION=28.2.13676358
NDK_SOURCE_PROPERTIES_SHA256=c00aa236fdb205e9be9edd9e2169763e48aca52735efff4e16f34205d49783b5
NDK_STRING_HEADER_SHA256=77ccdd315d04fde51d0b65829f78a60ad7d9bcbc65caaf5c432feeba6134b88a
NDK_ERRNO_HEADER_SHA256=ef670f614574cb46d5958fc0ca6e58f695c84890d516d48fb621bd0db0015beb
LIBC_IMPORT_MANIFEST_SHA256=20990dbfd74db3a2a1c7d02e479286b032b7754a4c1e71a2cadb64a81cb391f9
OS_CONSTANTS_VALUES_SHA256=fe2f837098689a2612dd8bf6e8f4c99c053d0c16c15ba1766404b25e16983661
GENERATED_MESSAGES_SHA256=80b6dd6bbb31c1ef7bc6f41eb8ff78eccbaaa7d340888403474e7e08153eafa0
BIONIC_ERRNO_LOCK_SHA256=25e20280f25516ac9adbbf367708b6590dedbf7a199875d5a217ae02bbe9a3f1
BIONIC_ERRNO_SOURCE_SHA256=3be95df13ceb1f96b846864441c9a1eb17d9eee4d8166d951ba9ddb72b973382
BIONIC_ERRNO_MAPPING_SHA256=cc789f68f56260e40eb689d06b17cb3d1080a4b362e58e1ee07054575cdfa794
