LLVM_PROJECT=toolchain/llvm-project
LLVM_REVISION=97a699bf4812a18fb657c2779f5296a4ab2694d2
BIONIC_PROJECT=platform/bionic
BIONIC_REVISION=361ba86734fb2821a6adcfdf775db8abd04e0de0
SOURCE_COUNT=2
NDK_REVISION=28.2.13676358
ANDROID_API=35
NDK_SOURCE_PROPERTIES_SHA256=c00aa236fdb205e9be9edd9e2169763e48aca52735efff4e16f34205d49783b5
NDK_LIBCXX_SIZE=9236352
NDK_LIBCXX_SHA256=ab4e6c71b96b851de45a8a9bd86369e7dbc2130a44b3b4520564be94847910f2
NDK_LIBC_SHA256=7fac00920a0b1a4a8da0797beb21eb08db6bde966cc8def5e4d885da8955e7bb
NDK_IOCTL_HEADER_SHA256=959e885dc69c94127c556f2f405a0df513185b1b135d47e193e0331f2b82eba5
NDK_RANDOM_HEADER_SHA256=a4db6f3172134aa7b93c5633df4d814aefb13c6da16ae2aa3f1f18b456b9b44f
LIBC_IMPORT_MANIFEST_SHA256=20990dbfd74db3a2a1c7d02e479286b032b7754a4c1e71a2cadb64a81cb391f9
README_SHA256=d41959a451153df0064cb013126c85678401309097ca84ed1b28f535b2cb705b
AUDIT_SHA256=abcae578633c1138ea79532467bbc60277cc1c3589b253fe2d7f973cf1b14690
HEADER_SHA256=c74bc77baa2283659379c1c83701cae30cbad932f39f2f081e6feff75873b3ef
IMPORTS_SHA256=04ae435a6c3f422c975c1f6667f00b03ccad59b56ecaa1f718c5c76cf3601cb8
CALLSITES_SHA256=18cdf1411a0d9434d8d6416c016cc5382b1dfd663a0850a4a3999e3f7897fd0e
REQUESTS_SHA256=c996d473424f382754ca1a92f621ab9e194485c3a19717abbb052689f3eef3ef
UNSUPPORTED_SHA256=0b962044ca57fb046fedd2208d443d633f4a3a7d3f7c003f745ae52f0fe5c3b1
UPSTREAM_SOURCES_SHA256=415c98e6c76e092695b90af9307595c273fe3c1d4a60d81f8dab46f594d64c00
ABI_SHA256=3707b9497dae273652bf16eb3f08fad4af9fcd95ff79f258a2784f4d6474ddf3
ELF_RUNNER_SHA256=4c3deb0d22d62e465c052d6752b33819626ab9c7bfdbdde8fda865782d1a3a0b
EXPORTS_SHA256=52c2a3db5218cbb1497625238206c15bbe399b5bb740d9c3e90a66451f40e84e
FIXTURE_SHA256=10d80e2bceb748b8a127efc4db805bd22932c88d7c4663ef6334c42bbf42128c
ENTRY_SHA256=7fa9a18baddc74e88b700ff6331d1dc2113d8d13b3b7a7b570b1a7ed4afbaaf6
PROVIDER_SHA256=11015e352c2ec08b2dc3c088f1ee1ac05198f509d8dfed7f78330a7fbd0439fa
