BIONIC_PROJECT=platform/bionic
BIONIC_REVISION=361ba86734fb2821a6adcfdf775db8abd04e0de0
BIONIC_SOURCE_COUNT=2
NDK_REVISION=28.2.13676358
ANDROID_API=35
LIBC_IMPORT_MANIFEST_SHA256=20990dbfd74db3a2a1c7d02e479286b032b7754a4c1e71a2cadb64a81cb391f9
NDK_SOURCE_PROPERTIES_SHA256=c00aa236fdb205e9be9edd9e2169763e48aca52735efff4e16f34205d49783b5
NDK_WCHAR_H_SHA256=fe2dd8c3c870005d14b7851281d284219c2ff9d7dac33e6f9f8554f0816679b9
NDK_API35_ARM64_LIBC_SHA256=7fac00920a0b1a4a8da0797beb21eb08db6bde966cc8def5e4d885da8955e7bb
FLOAT_FACADE_LOCK_SHA256=63f292b20c2604a5c2aacf2b187822720955792f31dc3b6aad62a97783d1bb66
FLOAT_ARCHIVE_MEMBER_COUNT=17
FLOAT_ARCHIVE_MEMBERS_SHA256=4e05c8deb28709df53710299822491f00b04a15f0989fdf5ce70167682d3ed28
ALLOCATOR_SOURCE_SHA256=eccf1615ada16a0dd43b2d16c96668240790068562631bc56e224de8c216853b
ALLOCATOR_HEADER_SHA256=cba5d8e6d637be538e91afa20e9b649cb3d3c28ac24ea0fb67a9a02a78ee0fe0
ICU_FOUNDATION_LOCK_SHA256=6fdbf4636dec7585feab8bcc5943d0ca657d139c69f10dafc20ec1022e345f68
ICU_DATA_SHA256=c5450087565eb20ca37d70af5ef53a99a4c8e2e3da17c9140582b685f06d980f
ICU_DATA_FILE=icudt76l.dat
ICU_DATA_SIZE=29094000
UPSTREAM_SOURCES_SHA256=47b29a0d6562c8d99e416d09aa71664f33c396d385bddeac9ac5f5f0d8671b04
DEMAND_SHA256=3ef446230705ccaa0b0fdf42552b01c20eb3a286bd3e84228a71ce880dea574a
IMPORTS_SHA256=d4093781c7e02a2105f7f967dba4a5905e4393d75378c821ca70f22c82a2c764
HEADER_SHA256=4adf5fc7d11add39fe3c1ef9f44fd9be72d35373b9b3d009df0c9821cf8b5d1f
PROVIDER_SHA256=05d5fdd615b4ba00694ce83e1349c7274f911fcbaff677dab41e82c634676faa
MAIN_SHA256=82ee32247b421211a68b79611287a66f219cf373956eae4bee1398a538872023
FIXTURE_SHA256=441e7857999f8aa083aa2a69e654e529023667912cb54684a722086596f54198
ABI_SHA256=558b3aad931ce849340f29735f2db287ce806297784e4cba5c21d0b914b5d9d7
DIFFERENTIAL_SHA256=80df916cf49a0b009d67fb9f5a80eaac429779a24b3023bb582bbd1e826fc200
EXPORTS_SHA256=d816d43026d5cd2d6106ef7fc4c3f12dd098560daf907d65c13caaa861861053
BUILD_RS_SHA256=bc77fe739fee2ef48919bbf0f2af823c9e28d00a1de5150caa236efaf2962db3
CARGO_TOML_SHA256=8655ea33b3bda631453189f65ceca1f36c9957dc77f1bd6b1dd7d7aba12037dc
CARGO_LOCK_SHA256=e8e67a95c7306ca3490f332fe82503a6879513eb12b0f4a87399d630dd25065c
README_SHA256=93de948d86e962fe0320aee71c845815288fd5297d420744d4039eff7976489e
FIXTURE_ELF_SHA256=6d2d742e9538d42459b926ae76e89867ada65ec621f849accb6da451b94bd4ca
