BIONIC_PROJECT=platform/bionic
BIONIC_REVISION=361ba86734fb2821a6adcfdf775db8abd04e0de0
BIONIC_SOURCE_COUNT=4
ANDROID_API=35
NDK_REVISION=28.2.13676358
NDK_SOURCE_PROPERTIES_SHA256=c00aa236fdb205e9be9edd9e2169763e48aca52735efff4e16f34205d49783b5
NDK_LIBCXX_SHARED_SHA256=ab4e6c71b96b851de45a8a9bd86369e7dbc2130a44b3b4520564be94847910f2
LIBC_IMPORT_MANIFEST_SHA256=20990dbfd74db3a2a1c7d02e479286b032b7754a4c1e71a2cadb64a81cb391f9
FORMAT_LOCK_SHA256=9653f6fb953b07b41a14be628e8102377890fbd8e6cf77abb9b774b3cfb86740
FORMAT_SOURCE_SHA256=a30b45f1de64bf086532ae92387d4b3564fb24a52d8ec5e6c021d9cc11767006
FORMAT_ENTRY_SHA256=dcda4c06191699438b86fb830a36dc6ff4ef101bcd0befda4c44c1c66dd0e537
STDIO_LOCK_SHA256=97ba00c275faf10d3bd659e469215e6398789fec9dc38721bd59e77ee919ebe0
STDIO_SOURCE_SHA256=87960f36206c312acfc3a6384649878e8031e97268a4ab7242a2e242ba2dd06b
STDIO_SHIMS_SHA256=0edabe594424f5ed762bfff3f63012cac10a5d98b4c3ccf61d68d614d79bbc77
UPSTREAM_SOURCES_SHA256=39d74b957e91fa534228c67875de49e3694d4741c3730346d23a30bbae40acf8
DEMAND_SHA256=15215f813f2832043f5050e4e7b4ef0570fdbeb67e3801540bf3554544aee903
IMPORTS_SHA256=fa4d3b57de09849508f25966be1737f04650dcc5a3baea9de7db917183e2cf02
HEADER_SHA256=d3a6c335a7afe94dec0e4154657cc0a81a36c999e27bb708f46edcea9989b379
PROVIDER_SHA256=4808acde249a4fe3dd11508b05801db253e7918b876b07365f34592a6f09c1a4
ENTRY_SHA256=e40e99073cf8a77a67eabcf4144e570635e0fd00655bd85ebceda7de9f9fd96e
ABI_SHA256=21df4eb659ce85da7b5887355d165b58503e01e4457c0bed72dce4b6af112b05
FIXTURE_SHA256=d447846075def1c1c0ac2c85d10df81cb40d1be8010a98fdc6e0bc175c1f308b
EXPORTS_SHA256=bdbd0bfc19d9d9dca026b846cfedd04c86f3eeaa0d24a399bde43db9bf6438b4
BUILD_RS_SHA256=5fdbb88532f1d4f8e05e3ac8aa6434346bd3ae71f57640151d1f34c8ea09d20c
CARGO_TOML_SHA256=cf1bbcdb6f03c2273045900a8533d82744f68f01bf458de1e6ed23da8aa9933e
CARGO_LOCK_SHA256=728b1d8eb65a6659eaf84d0a8267a1de6174eaba16edc5198350070e5b675b07
MAIN_SHA256=a1845e613a49509c2e5ddac816ad534573ccbd4dc7aa306c5ed2d872775e927d
README_SHA256=092c1903ee57d8d7197caed62ff3b9323d0c92a70a4006954b4ec91fcb34a203
