BIONIC_PROJECT=platform/bionic
BIONIC_REVISION=361ba86734fb2821a6adcfdf775db8abd04e0de0
BIONIC_SOURCE_COUNT=4
ANDROID_API=35
NDK_REVISION=28.2.13676358
NDK_SOURCE_PROPERTIES_SHA256=c00aa236fdb205e9be9edd9e2169763e48aca52735efff4e16f34205d49783b5
NDK_LIBCXX_SHARED_SHA256=ab4e6c71b96b851de45a8a9bd86369e7dbc2130a44b3b4520564be94847910f2
LIBC_IMPORT_MANIFEST_SHA256=20990dbfd74db3a2a1c7d02e479286b032b7754a4c1e71a2cadb64a81cb391f9
FORMAT_LOCK_SHA256=82963fe67c14b9284065e47a0c77b6ec8bf9ef25cbc51423a8380543606f71b9
FORMAT_SOURCE_SHA256=b49cf02fbe77731ebf46fe0cc1b7739ff156a49d8e89f168d56a0efe3cc651aa
FORMAT_ENTRY_SHA256=fe7a1a2faff8d90b9b99713c17cbdaf6b476e6640954e60bda6bae2077a32974
STDIO_LOCK_SHA256=97ba00c275faf10d3bd659e469215e6398789fec9dc38721bd59e77ee919ebe0
STDIO_SOURCE_SHA256=65ffa0f87c59a8578f8174f42e50ffa0cd003279f10f58c1e11bcb66d2c528d3
STDIO_SHIMS_SHA256=ed0bc2f318d42e8fc180a0649eedd50a255c603c8e6891fe3fa05d2689300099
STDIO_AUDIT_SHIMS_SHA256=2620dea6e1761ac374d3fcbce3d8b0e69070e004b58aec68dd6753bc144e1a81
UPSTREAM_SOURCES_SHA256=39d74b957e91fa534228c67875de49e3694d4741c3730346d23a30bbae40acf8
DEMAND_SHA256=15215f813f2832043f5050e4e7b4ef0570fdbeb67e3801540bf3554544aee903
IMPORTS_SHA256=fa4d3b57de09849508f25966be1737f04650dcc5a3baea9de7db917183e2cf02
HEADER_SHA256=2ccb63994113d7142f2a46191a1c6ca14c26982c4457ac555ba243989c3a1771
PROVIDER_SHA256=3bcd359e000d4c0a07c1cd77517cbab5a9ebe4d4c1ceb040092dfac90bf060ac
ENTRY_SHA256=6125dc8008666bc275980de1681ae1c08bbc066014e6b29092b9fa6c693f362e
ABI_SHA256=21df4eb659ce85da7b5887355d165b58503e01e4457c0bed72dce4b6af112b05
FIXTURE_SHA256=d447846075def1c1c0ac2c85d10df81cb40d1be8010a98fdc6e0bc175c1f308b
EXPORTS_SHA256=bdbd0bfc19d9d9dca026b846cfedd04c86f3eeaa0d24a399bde43db9bf6438b4
BUILD_RS_SHA256=95bc066a4f701aa7303fccf9f6ff6c5365cd2960df0b026ed29fe83b50822bab
CARGO_TOML_SHA256=5103c21c5d380029dc2e82c4ad218ea0825d3042cac0ef9ed9d04ec008b7a619
CARGO_LOCK_SHA256=728b1d8eb65a6659eaf84d0a8267a1de6174eaba16edc5198350070e5b675b07
MAIN_SHA256=a1845e613a49509c2e5ddac816ad534573ccbd4dc7aa306c5ed2d872775e927d
README_SHA256=092c1903ee57d8d7197caed62ff3b9323d0c92a70a4006954b4ec91fcb34a203
