NDK_REVISION=28.2.13676358
ANDROID_API=35
NDK_SOURCE_PROPERTIES_SHA256=c00aa236fdb205e9be9edd9e2169763e48aca52735efff4e16f34205d49783b5
NDK_STDIO_H_SHA256=7a41778a1c931aaf6db391d1b9752ad29865878a942bc385d6f5378afaa75dd5
NDK_WCHAR_H_SHA256=fe2dd8c3c870005d14b7851281d284219c2ff9d7dac33e6f9f8554f0816679b9
NDK_API35_ARM64_LIBC_SHA256=7fac00920a0b1a4a8da0797beb21eb08db6bde966cc8def5e4d885da8955e7bb

BIONIC_PROJECT=platform/bionic
BIONIC_REVISION=361ba86734fb2821a6adcfdf775db8abd04e0de0
UPSTREAM_SOURCES_SHA256=36ff0f0a4cc2020f1d0cd955f81e883c0664150e0ae7f17386cc844fb779e5c8
LIBC_IMPORT_MANIFEST_SHA256=20990dbfd74db3a2a1c7d02e479286b032b7754a4c1e71a2cadb64a81cb391f9
DEMAND_SHA256=7457f021303c8b918ce669b374844e5e206cff65367879caed8065849340f3b0
IMPORTS_SHA256=6d780cea5bfef654990ec77f3e584389ae9bdee11fee358c7008428a1a239cda

BIONIC_ERRNO_LOCK_SHA256=25e20280f25516ac9adbbf367708b6590dedbf7a199875d5a217ae02bbe9a3f1
BIONIC_ERRNO_SOURCE_SHA256=3be95df13ceb1f96b846864441c9a1eb17d9eee4d8166d951ba9ddb72b973382
BIONIC_ERRNO_MAPPING_SHA256=cc789f68f56260e40eb689d06b17cb3d1080a4b362e58e1ee07054575cdfa794
BIONIC_LOCALE_LOCK_SHA256=db7692b39ba28879b60292bbd30a96f93af108f7daf8f6ac40b6f51c6bcae58e
BIONIC_LOCALE_HEADER_SHA256=923132dea9b1c31afb402e2233898c1b37b420258508c1a5c5dd86d74e526665
BIONIC_LOCALE_ARCHIVE_SHA256=ee0421875b6f675bab4bbd73a98d8a63c0921cf440d241c677183f0d73083161
BIONIC_STDIO_HEADER_SHA256=fbb291f4bb8fa27bfcafc9319709b760f010238df3e2ff965b9099cfd411ab2c

ICU_FOUNDATION_LOCK_SHA256=6fdbf4636dec7585feab8bcc5943d0ca657d139c69f10dafc20ec1022e345f68
ICU_UVERNUM_SHA256=dd8038453c55bcc1b7a2a7825dd995447363e962abc81171f1f10a142ca9161a
ICU_COMMON_ARCHIVE_SHA256=be9d020cb106088a484a706caf5efa25ed33e6a71463f2f5047217b033013219
ICU_STUBDATA_ARCHIVE_SHA256=6d2427576379e22f9bd1db352fe97125567b5cc644901e5a037d1d27ac6ce336
ICU_INIT_ARCHIVE_SHA256=719c670a6117fd56a1edb14366723b54b1a6bd54df5c39c84fc6cab02043fd00

HEADER_SHA256=901a59f47c58893cf66e89d21eb751be0d81ebde3bbb40aba7151d2fdb32a07f
PROVIDER_SHA256=0163ae003827633500646b3149aec1ebeb44d9c780643f468a1079d88ef0a483
SHIMS_SHA256=c087a2a06f85f32087606fe8101a95b7febd11340fba052ab3d8397f2cafa1b6
MAIN_SHA256=00fc86daa387738372c81c39457b6009377fc3510573f0a51fb1b09f2ad3bbab
BACKEND_SHA256=22270ccb013aea6d3cdc3702c67947aa8b67c1b03397bffa12a352dcd0033b75
ELF_BACKEND_SHA256=9b15ee2008cb8fd1d69883b75746c75a3fca8e85cd53ab09ae49db682370c4d4
STRESS_SHA256=054a7c99c601e0cf41387058ce9af7d411c1a93658547ea6c7cbc44e6c24d497
FIXTURE_SHA256=ae4adc91d518927a611c62b8387700760fe7981b1cce7bb62b9631c49228b322
EXPORTS_SHA256=73e6d019b49bf7b3bd8b5bc14a712a6652f9cc2766afc045fa37c9313d9d856f
ABI_SHA256=2de1b92c9325ebe5a0b25e4d52286b8c5f49951b20589f1f5173e3fcd9d7d673
BUILD_RS_SHA256=6e8dc4d0a5f7821188eff3e7babc48d6a500ee36b7c25976339701741d2c51ac
CARGO_TOML_SHA256=a118c2255bdd8df175d515ed2fe5ac10a9eeb9cef69a49cb016670cfa7fb9dbb
CARGO_LOCK_SHA256=4225d9fed3344ade722d17e533340dedd960894fdf22b0d7b9c64792b052ae77
README_SHA256=9c1db63b5fe5071fb7b6bcd7c8eba2efa4c4b4241bb58dcb3f050f240f024d4e
AUDIT_SHA256=c6633eebc04bc3e089604786870a1167ad32d63461a8905edaaa8009e000a093
FIXTURE_ELF_SHA256=d473e0e2477eb36e40cb8860020cfb389504ee5ec39b0497843980995acc30c2
