NDK_REVISION=28.2.13676358
ANDROID_API=35
NDK_SOURCE_PROPERTIES_SHA256=c00aa236fdb205e9be9edd9e2169763e48aca52735efff4e16f34205d49783b5
NDK_LIBCXX_SIZE=9236352
NDK_LIBCXX_SHA256=ab4e6c71b96b851de45a8a9bd86369e7dbc2130a44b3b4520564be94847910f2
NDK_LIBC_SHA256=7fac00920a0b1a4a8da0797beb21eb08db6bde966cc8def5e4d885da8955e7bb
NDK_TIME_HEADER_SHA256=44242cef16840d526520f5e78ec913c9526b342e99fd7d0494b5e40e51c3c8ee
NDK_LOCALE_HEADER_SHA256=fa3096e8941e13b1ca81773926a7a2f4349153d41fca06c668feac3f33418a90
LIBC_IMPORT_MANIFEST_SHA256=20990dbfd74db3a2a1c7d02e479286b032b7754a4c1e71a2cadb64a81cb391f9
README_SHA256=15462e1ce48f5a99321c71183731c773db70d4efcfd4351bc2e72dc5e90c0112
AUDIT_SHA256=ba42993e1cbc720fb415adcbb9becf8deee311217df99367357e1463d809e4af
HEADER_SHA256=d58cee90040b74b365f1d1c652acdafe68084236d6f1c341240d97fa0d67218a
IMPORTS_SHA256=74fd1c181d818ed10b056da0960b1b733972bf42c1fe752dc919235f131dad3c
CALLSITES_SHA256=7ed9958fbe05dead61fc56d54b37d1b9a83ec58d946c58ddef28b5c146ba32d6
FORMATS_SHA256=ad7c8f394b0fccac9fc99d8bcb87b55a1af22cde34793fe522347bd13f4d3370
ELF_RUNNER_SHA256=35db05da3454e2ba8e39145c374c6bb438f25058b0eaa9f1572ea17ac10229c3
EXPORTS_SHA256=616850ca29e85f91e4df3d89f8a73c87337afcd37e895e8d4e0f97a4b86c13f8
FIXTURE_SHA256=dc7e39965169aa055a096c9a204f857f9a15adf76cb17e4786b1f9a877b769bd
PROVIDER_SHA256=c83a6fef103690baf7b46d4e530c0901dbfb35941adb6148f712643d172f665a
UPSTREAM_SHIM_SHA256=941708bb47b28b79a1767737151c513a6ba2cea28113fa02e88e2cad410670d6
UPSTREAM_SOURCES_SHA256=53ca32789f39eb0c88a6de13019894a59b30d3152a53be0c46fd0bcd9501dfe5
