AOSP_BIONIC_TAG=android-15.0.0_r1
AOSP_BIONIC_TAG_OBJECT=1a3d032404e7aff4e9e548573af66967effe993f
AOSP_BIONIC_COMMIT=361ba86734fb2821a6adcfdf775db8abd04e0de0
AOSP_ATEXIT_CPP_SHA256=f03ce36e31a679f4b5bf38eec188502514bcf48b0343ae3aa64a50e2d66733cf
AOSP_ATEXIT_H_SHA256=2dc5d1cdf5ddf52ebb6983684ec597afed0a108b9af61c2855b60a6c893f7da1
AOSP_CRTBEGIN_SO_SHA256=7339e128550f8f90a254fef776c8a23b96a13190e93981cb20a588a2e6342bf3
NDK_REVISION=28.2.13676358
NDK_SOURCE_PROPERTIES_SHA256=c00aa236fdb205e9be9edd9e2169763e48aca52735efff4e16f34205d49783b5
LIBC_IMPORT_MANIFEST_SHA256=20990dbfd74db3a2a1c7d02e479286b032b7754a4c1e71a2cadb64a81cb391f9
