NDK_REVISION=28.2.13676358
NDK_SOURCE_PROPERTIES_SHA256=c00aa236fdb205e9be9edd9e2169763e48aca52735efff4e16f34205d49783b5
NDK_LINUX_TIME_SHA256=5cc3fb13f6436a03d789ee03ab27ce030ea2a06ad826d392174fdd4b910f3a0d
NDK_SYSCONF_SHA256=c9a4c6ce4986afbccec24f3b1bdce86e300f48d53e0eb2999632607f9728fbe3
NDK_TIME_SHA256=44242cef16840d526520f5e78ec913c9526b342e99fd7d0494b5e40e51c3c8ee
NDK_UNISTD_SHA256=05045cfbd60c8dd1abd13fec471a6e96965d133bfb69f1269223ecd189f0fce4
OS_CONSTANTS_VALUES_SHA256=fe2f837098689a2612dd8bf6e8f4c99c053d0c16c15ba1766404b25e16983661
LIBC_IMPORT_MANIFEST_SHA256=20990dbfd74db3a2a1c7d02e479286b032b7754a4c1e71a2cadb64a81cb391f9
BIONIC_ERRNO_LOCK_SHA256=25e20280f25516ac9adbbf367708b6590dedbf7a199875d5a217ae02bbe9a3f1
BIONIC_ERRNO_SOURCE_SHA256=3be95df13ceb1f96b846864441c9a1eb17d9eee4d8166d951ba9ddb72b973382
BIONIC_ERRNO_MAPPING_SHA256=cc789f68f56260e40eb689d06b17cb3d1080a4b362e58e1ee07054575cdfa794
