MASTER=20990dbfd74db3a2a1c7d02e479286b032b7754a4c1e71a2cadb64a81cb391f9
AOSP=fc624de9aaf6dbe5767309bcb82bd10edfb146565390291ec3a07679ab461b15
NDK=c00aa236fdb205e9be9edd9e2169763e48aca52735efff4e16f34205d49783b5
HEADER=57a34ed3199f35f6d37c357f30fd420ed471cdb9d98a4939d39390d7f103a110
ASM=dcda4c06191699438b86fb830a36dc6ff4ef101bcd0befda4c44c1c66dd0e537
SOURCE=a30b45f1de64bf086532ae92387d4b3564fb24a52d8ec5e6c021d9cc11767006
ABI=5fb7f3790f285a322e2c30ca88e050642323936a8683f2f89471ebfecf666f21
DIFF=00b4fb6461c048a7291b8662b19ce1f1309dcfa6c10657c735b518e045abc81a
RUNNER=3e2a5856b4745201d6851a961478231e6f401d354cffd420f6925d779a12cb39
EXPORTS=c5bc5c39b66ce448fd4a7208136b92a96af2428af9dcee393ceb532e1d31e3bb
FIXTURE=930b8820ec12f17b881636171c45de8df55b63f46349f16cadfc38d7e3df3514
README=4e038ebd16d7006046fae4db7006cb413fb3ceeb35880ea86b60976cd66025f5
IMPORTS=ba12263b40a4d52baf2a3f90e47e6c6c0f9d879af6bf04fe8492288090cc7b16
