ICU_PROJECT=platform/external/icu
ICU_REVISION=f17caeafcf20bd38074a9963c31df3629b70b5f5
ICU_VERSION_MAJOR=76
ICU_DATA_FILE=icudt76l.dat
ICU_DATA_SIZE=29094000
ICU_DATA_SHA256=c5450087565eb20ca37d70af5ef53a99a4c8e2e3da17c9140582b685f06d980f
ICU_UVERNUM_SHA256=dd8038453c55bcc1b7a2a7825dd995447363e962abc81171f1f10a142ca9161a
ICU_URENAME_SHA256=1bdc114c2c72e721fcb328f412e272825ebc6f3bf8e296c04ac20e16edf67363
ICU_UCONFIG_LOCAL_SHA256=5b45963069b688f3af1dc36eefaf125ad6dd7be54e71737ab10dbcbf2e914cea

DARWIN_ICU_NATIVES_CC_SHA256=5b15f23e38d8650c445b972c962bbd959e4a493dc45317a24e401c1086783d32
DARWIN_ICU_NATIVES_H_SHA256=b2b96802cd2b2ef89247a575534ad0661d2d197f9ee6f5574afc81a163516a1c
DARWIN_LIBCORE_NATIVES_CC_SHA256=fe509a0ce626708fe4f6dde95fb7b6d9a3ccf4bb0de86607d9261cdcfefab20d
DARWIN_LIBCORE_NATIVES_H_SHA256=c01bef404e07288e011efc1ca40ad5c3e2be7872654180503909e35df7a97d3a
DARWIN_LIBCORE_UNICODE_NATIVES_CC_SHA256=dae29fb6fb2f317f6ee1ff799c335deb06f68f47932728fd8a78b1f968092782
ADAPTER_ICU76_UNDEFINED_COUNT=52
ADAPTER_ICU76_UNDEFINED_MANIFEST_SHA256=d2bb85315d0f330b654e557e5ef80894d259f9be8c5339b712195e64a8874a8c

ICU_COMMON_MEMBER_COUNT=201
ICU_I18N_MEMBER_COUNT=254
ICU_STUBDATA_MEMBER_COUNT=1
ICU_INIT_MEMBER_COUNT=2
EXPECTED_SMOKE_PREFIX='ICU runtime adapters: library=76.'
