ANDROID_TAG=android-16.0.0_r1
ICU_PROJECT=platform/external/icu
ICU_REVISION=f17caeafcf20bd38074a9963c31df3629b70b5f5
ICU_SUBTREE=.

ROOT_ANDROID_BP_SHA256=07e845ee0ed5660e0e89e64021143856ed9b069ae0a9a97f8acd55a6136f8266
ANDROID_ICU4C_ANDROID_BP_SHA256=93be5ee25c9f309f1b0c620cb5c87e34e128635efefa4d493aeea363cf3d6d4b
SOURCE_ANDROID_BP_SHA256=1826e1ac5b7abaf04fbd160d8cac518f0d7a0040ba34c6b7554bbde66e3fd457
COMMON_ANDROID_BP_SHA256=6a7eb3eb9761f22adc4227af51e4cbd4f8759d26dde6aef50b2cfec5e85638c9
I18N_ANDROID_BP_SHA256=ff906f484c04992bef6b4c1895dc4435f5f65376707bdcc8c7e53014e572996e
STUBDATA_ANDROID_BP_SHA256=8270c4d784ea9446ed58ce506722f3d8d491ef284826188e285ad16dc44fd064
ANDROID_ICU_INIT_ANDROID_BP_SHA256=98f2a3ed79d1e71a14634b66de73d7e6efbc3f64abd9b3696981e6cf34dad2f8
UCONFIG_LOCAL_SHA256=5b45963069b688f3af1dc36eefaf125ad6dd7be54e71737ab10dbcbf2e914cea

COMMON_SOURCE_COUNT=201
COMMON_SOURCE_MANIFEST_SHA256=7d3cf418cb255da8434de3c2d03b33106c01bfb2b15e52c08360e532f038323b
I18N_SOURCE_COUNT=254
I18N_SOURCE_MANIFEST_SHA256=96230cdd989ba4f95d4a8013fc087e63ba34063aed964c385a62726ea6706b98
STUBDATA_SOURCE_COUNT=1
STUBDATA_SOURCE_MANIFEST_SHA256=97b5996259aa8f2c0af124bba3e41f810f40c42a136854386b38df31742c4cfa
ANDROID_ICU_INIT_SOURCE_COUNT=2
ANDROID_ICU_INIT_SOURCE_MANIFEST_SHA256=3877c01a1bc611d74d07571fc94351d5ebd6c92eb89d67e5215253c4c468eef1

ICU_DATA_FILE=icudt76l.dat
ICU_DATA_SIZE=29094000
ICU_DATA_SHA256=c5450087565eb20ca37d70af5ef53a99a4c8e2e3da17c9140582b685f06d980f
