ART_PROJECT=platform/art
ART_REVISION=ed6c006bd06ae060bd9698fd2cb25c4865512ec3
ART_TAG=android-16.0.0_r1
NATIVE_LOADER_CPP_SHA256=cb7e74e163427c8a04c6113d7f3c53dc2b789befbfbcd19ffdea57da5c6da01d
NATIVE_LOADER_NAMESPACE_CPP_SHA256=fd9826e8c5c67f512b95466f9c0c955458f37c5f72210e7ecf2b6f4cda29a191
NATIVE_BRIDGE_CPP_SHA256=2cf281c38fb09fa24bfa2a58fa38114adb00bf8059d00e03e559c043593efcef
JAVA_VM_EXT_CPP_SHA256=9df185cc3b9dca4a41ed7b5a6e8c1efbfd3abb8d5329cd458ee4a660e90acb3f
NATIVE_BRIDGE_H_SHA256=81df946fd09fbe2fd0f2f62fa468ff2644c94402d2bec4448730d2cb5e8a4847
NATIVE_LOADER_H_SHA256=99716ae91a60b4380f001508fc4c041882f3f82f10b5b85b01af8a129b6979f5
LOCKED_SOURCE_COUNT=6

