FRAMEWORKS_BASE_PROJECT=platform/frameworks/base
FRAMEWORKS_BASE_REVISION=99b01a65cc4c104933788b3143285ab6bae65827
ANDROID_BP_SHA256=3f86f0f0b804a4b4df0245f1c8bc9c0f461bcb6e62ed41c86e6b3fee0f8656b2
LOG_CPP_SHA256=f005e7b0fabc2f09c377ec8db5ab1895480a279c76202a050044ede644cc9bce
LOG_H_SHA256=64f8948789b2ba30f3e89f28cdbbf41546717a471b9b503da94382390be73403
CORE_JNI_HELPERS_SHA256=434429b82ba1aa40153adb964e941a5a1ac394bca52437d4bf6d619749a3d98b
JNI_WRAPPERS_SHA256=73ddffcdf1d52b93159cdcd7ab50b2527660898541c05494498599b407fbee94
ANDROID_RUNTIME_H_SHA256=6d518a63b8a6918f5428b02e7b2e05e252b89e55d3660a32d86813a7f462f714
HOST_RUNTIME_CPP_SHA256=68f47a8c48de50531a871d83f8891306ab698f928b81f7761d2b680bd1bd06b7
ANDROID_RUNTIME_CPP_SHA256=c6123999af24acaaa5ea29a673e9c60e1d8b08d7ea34321328fe38e3b79a16cd
LOG_JAVA_SHA256=5c56ee1b4a0b8b59624a20e3bb31b7f41bf6b3171dfce6a1c21d1cab09a205c1
OWNER_MODULE=libandroid_runtime
OWNER_SOURCE=android_util_Log.cpp
NATIVE_METHOD_COUNT=3
NATIVE_METHOD_MANIFEST_SHA256=841d94c619215e6cc3a7d577827ef609bb20d710870c52c35577bb230de6a68f

SYSTEM_LOGGING_REVISION=d78b713380007d3c0dde14712cbcbec27f491ad9
LIBLOG_ANDROID_BP_SHA256=cb95bc9f49bd420d1448906541d31ce9f66996668aeee5d14693f64915af8199
LIBLOG_PUBLIC_HEADER_SHA256=a88a797a352663075686bc6e3bf76675e1606367eaf12efd70f75706b84a595c
ANDROID_LOG_IMPORT_COUNT=4
ANDROID_LOG_IMPORTS_SHA256=9455bea8875c81c515752246e063ef3f55dd8517541509ce937563ff3bd65c40
LOGGER_ENTRY_MAX_PAYLOAD=4068

SYSTEM_CORE_REVISION=68be0c2c0006a0740d0b1809abe4717308f90d15
LIBUTILS_LOG_H_SHA256=74f0f6c731593ec8c2bcd05e71c74372b469236977136af113ac8a15bdfbf939
LIBUTILS_STRING8_H_SHA256=c763629bd69fe6959a9c5b1cdb5cf12ffb5fadbb230aa68b126c913de5d0afbb
LIBUTILS_MISC_H_SHA256=aed1fcf2ac76073e219c09a3b5919bc253b7b7d656cf0c57eb62154b44a7e0b7
LIBSYSTEM_GRAPHICS_H_SHA256=3ad78e6b394e080fb034e1ae4ff6f893e2ecf6c093235990b3d9e8d0daf8250d
LIBBASE_REVISION=0ac7ea4a65d981166d6e5617e1e4ef0572f774e5
LIBBASE_MACROS_H_SHA256=9e5fa1f156269bae41e19a6b217563904e41d7de5b8429874fd6cbadaf919171
LIBNATIVEHELPER_REVISION=5c36ece5ac42b20f0e384d9e57400f2f22aad9fb
JNI_HELP_H_SHA256=610f4efca3586ffc3af31360789b5702d71533dab085771d94ae6be857493940
JNI_PLATFORM_HELP_H_SHA256=57ef3faa2a46d68ec7059d62d62fa4929f8884458f9e1b8889c01c60abba1c25
JNI_H_SHA256=2a3cea5e4306872202592406593f6465f07b848d75ed03ad07e2936479867f0a
