# Android 16.0.0_r1 libhwui_static Darwin host build identity.
FRAMEWORKS_BASE_PROJECT=platform/frameworks/base
FRAMEWORKS_BASE_REVISION=99b01a65cc4c104933788b3143285ab6bae65827
HWUI_SUBTREE=libs/hwui
HWUI_ANDROID_BP_SHA256=60170e591b44d15ba41a9201268be6f04e53aec14ed8421814b3e9346ebe0b09
HWUI_SOURCE_COUNT=80
HWUI_SOURCE_MANIFEST_SHA256=b254e2537f98cb7c984dfd2c1d70d94cfb428cae75470137587bf9218431bf31
APEX_COMMON_SOURCE_COUNT=5
APEX_COMMON_SOURCE_MANIFEST_SHA256=9dbfacf7585689f5f0ffcdde6bb0183df015f0881ba7324410b1d31606f31b29
HWUI_SYSPROP_SHA256=1829d5f3b68958584543c9790ab6a72df166c7bcff9f57758d5c9019ede22883

# The generated TU/header are byte-for-byte products of the pinned upstream
# sysprop_cpp invocation documented beside this lock.
SYSPROP_PROJECT=platform/system/tools/sysprop
SYSPROP_REVISION=5612a6cb5b56b654f6cd4f1c955606b732a62710
SYSPROP_ANDROID_BP_SHA256=f9c6fd71f84c742110f50f70eb470f9d1e04b9667ba3714018342565718729ac
SYSPROP_PROTO_SHA256=21b24fdcafe786328f8e067c800a0efc8d3e3379dbfb08dd4cb3cee1e2495be5
SYSPROP_COMMON_CPP_SHA256=f004617dd70e940ab80df8ebc2e5147ff7be0d33824e0350e1265da50c179b3b
SYSPROP_CODE_WRITER_CPP_SHA256=74f1a731e677c4e2ea5fad7eeb9e44f3f40de0c8f1eef3a1ad1b19cede055580
SYSPROP_CPP_GEN_CPP_SHA256=5ebc6598ff52d6de6def68502fd8fc850b85c694b76cfff0531e489b339ef8c9
SYSPROP_CPP_MAIN_CPP_SHA256=0a050facc42c1a9b838b0926766ae4eedd2a4149550dd7143efe54054c2acd2d
SYSPROP_COMMON_H_SHA256=4ec4d48c620ff79e35fdc82ce0b9407b0df8f8cf620ccda7ea5ea54c02e7bc5f
SYSPROP_CODE_WRITER_H_SHA256=dbbcb4bd06fb82b8ba9cbb2ad0aa967d97fd20d97c6cb2c3c1ab130dd8368894
SYSPROP_CPP_GEN_H_SHA256=c92c04c42b0ab46b5446d05d564ad8d882563af2002a7e1c46d21ea00306a2b1
GENERATED_HWUI_PROPERTIES_CPP_SHA256=c6defc1078f70575b5a2bf4b2f3c2447c6369bf8b61741c8bc485f2703b75660
GENERATED_HWUI_PROPERTIES_H_SHA256=5b18035d6e4c67f717df5f4a5c9e4683db42733a0438423418eeefbdec99a75d

# Android @CriticalNative ABI remains a separate JNI compile gate, but this
# module gate pins the exact patch that must be used by the later JNI module.
CRITICAL_JNI_PATCH_SHA256=b1bd6343e46cb40eccd55cff73239e949e1fc98c1db3f3d97f3089ecab8d11a0
# Tracked Darwin animation pulse extension applied only to the staged HWUI
# source tree; the pinned upstream checkout remains pristine.
ANIMATION_PULSE_PATCH_SHA256=9caabedaaf3e968fc14009af153f55e8f138fc1a4139f230490776c31e9dc3cb

# Exact module-level force-load closure found after the 81-TU archive gate.
FRAMEWORKS_NATIVE_PROJECT=platform/frameworks/native
FRAMEWORKS_NATIVE_REVISION=2827a4a16b0340ecd07c2d5a6c89991799b362bb
LIBHARDWARE_PROJECT=platform/hardware/libhardware
LIBHARDWARE_REVISION=cd2b68d71a1dd9a45668ddd9a507000ccd7ff114
LIBHARDWARE_HARDWARE_H_SHA256=05cc2f0108d6c87e36384380559943d34acd104e3c2ade9aeba4415cfb23aee8
HOSTGRAPHICS_ANDROID_BP_SHA256=991037588c05bface8353344f0fa927917e4ccdf4fefecfb05ed7662fedf299b
SKIA_REVISION=bcb0f77c44783b1800ba37641ba7ecab04f05e07
SKIA_CUSTOM_EMPTY_SHA256=1f6791ec05a1303f1a9cc0d27b744e8bfaaef5a87abe5e47d73498befa19c367
SKIA_SHARING_PROC_SHA256=fc92fa175b0ab2b659482af8dae4d2757f7b1067db3a2c240c6d0c56d67afa22
