LIBCORE_PROJECT=platform/libcore
LIBCORE_REVISION=080fac8bb8670bc7fbc895050caf4b13c4d6cd12
NATIVE_CODE_BP_SHA256=4ae6363326cc377635e89fc53e0f85ebbb6d26fe0f9f4f97c6c60dac7e83633f
NATIVE_ANDROID_BP_SHA256=4fddad4da3ba88d6eec3a170290989ea0492fd55cb232f87e135a5750c6fa4cb
REGISTER_CPP_SHA256=d436120b3963994418d9b9ed58ad1f7003f1406667f2949adb189f963ef7194a
MONITOR_CPP_SHA256=bb50b6b7b2b84b3a48192597867caf0a5f91dca7a4d20caa57993051cb10c2fd
MONITOR_H_SHA256=f0003b936eb334b7a7a8de4b1241f88b0f5a88ff128a822a4706f33660f6a1ad
REGISTRAR_CPP_SHA256=b63c6e9f9fab5d0c71e34b3469340b60460b3e055abf2921321910ab11884a13
MANAGED_CLASS_SHA256=447dbd23e1031788418c18e145c7393db541b5ee0f2b3e074d481b5239b055c5
IO_BRIDGE_SHA256=3fa776a2a31027fbcb94491bdf48b47390cad91edca1ee171859d0a186ca7ced
LIBANDROIDIO_SOURCE_COUNT=1
LIBANDROIDIO_SOURCE_LIST_SHA256=e4664f387d17410dc390d5b9e985a1a9e65f2bd089543fe8beb88b7985987a62
REGISTRAR_METHOD_COUNT=1
