NDK_REVISION=28.2.13676358
NDK_API=35
NDK_SOURCE_PROPERTIES_SHA256=c00aa236fdb205e9be9edd9e2169763e48aca52735efff4e16f34205d49783b5
PCS_ASSEMBLY_SHA256=7c1f6a453aaf8c412b7111d1f8e8555ae2646c7bb7da958fab236d647db2ac1a
PCS_CPP_SHA256=dd5139a3780bf2879d402a17bd24157649345859c5ad7fb42f9720f26708c3ca
ANDROID_ELF_FIXTURE_SHA256=645bacdf292c085d5df6d4bb2e8d44c9f464bb094544b417fe439f17f36e4d60
REGISTER_DIRECT_DIGEST=987e76e6061a8279
SPILLED_BIDIRECTIONAL_DIGEST=3be1962d22394099
ANDROID_SPILL_BYTES=80
DARWIN_SPILL_BYTES=48
