LIBCORE_PROJECT=platform/libcore
LIBCORE_REVISION=080fac8bb8670bc7fbc895050caf4b13c4d6cd12
LIBCORE_LINUX_CPP=luni/src/main/native/libcore_io_Linux.cpp
LIBCORE_LINUX_CPP_SHA256=73bed1ed0960306b0f91453a29d5901bd4163a802fe11e4451676298954a57b0
LIBCORE_LINUX_METHOD_COUNT=135
LIBCORE_LINUX_METHOD_MANIFEST_SHA256=8c9e02a72d722d53e2d7c920f9f2a761c7d80977d76783e79014474fc5e1b2d7
LIBCORE_DARWIN_SUPPORTED_REGULAR=19
LIBCORE_DARWIN_SUPPORTED_CRITICAL=7
