NDK_REVISION=28.2.13676358
NDK_RELEASE_NAME=r28c
ANDROID_API=35
NDK_LIBCXX_SHARED_SIZE=9236352
NDK_LIBCXX_SHARED_SHA256=ab4e6c71b96b851de45a8a9bd86369e7dbc2130a44b3b4520564be94847910f2
NDK_PTHREAD_TYPES_H_SHA256=1b727fc1200b6aae864bfd0d153516edd763a503603b49f3a00bebffb6016e35
NDK_PTHREAD_H_SHA256=99658fe9042919bc91ed3ed4c9033c0c69196f826baa42ba854f7804dcec695d
LIBCXX_PTHREAD_IMPORT_COUNT=24
SUPPORTED_PTHREAD_IMPORT_COUNT=11
UNSUPPORTED_PTHREAD_IMPORT_COUNT=13

BIONIC_PROJECT=platform/bionic
BIONIC_REVISION=361ba86734fb2821a6adcfdf775db8abd04e0de0
BIONIC_PTHREAD_ONCE_CPP_SHA256=a9ba254c04bd65b18d8f00cdf3f9c451a3c2c87a9a275ad74f0dda50fdd25716
BIONIC_PTHREAD_MUTEX_CPP_SHA256=6a04da1ba9dd8bbfe237c46cc405e6efae802906e859d0da28520768786da08d
BIONIC_PTHREAD_KEY_CPP_SHA256=193a975bb4ae41bd3d6a0527f860ba9e7d35903bd4329c20eca175338db508af
BIONIC_PTHREAD_SELF_CPP_SHA256=ad0eff28eb260887a6945ae2a093aafc00c245785d93deb31eb07c52aaa4b982
LOCKED_BIONIC_SOURCE_COUNT=4

ANDROID_ARM64_PTHREAD_T_SIZE=8
ANDROID_ARM64_PTHREAD_KEY_SIZE=4
ANDROID_ARM64_PTHREAD_ONCE_SIZE=4
ANDROID_ARM64_PTHREAD_MUTEX_SIZE=40
ANDROID_PTHREAD_KEY_VALID_MASK=0x80000000
ANDROID_PTHREAD_KEY_USER_SLOTS=128
ANDROID_PTHREAD_ONCE_COMPLETE=2
ANDROID_PTHREAD_MUTEX_DESTROYED=0xffff

FIXTURE_C_SHA256=ec12963c26499fe56a47f094ed3f0b21126e59975dfaa28dc605e776842cb7d6
FIXTURE_EXPORTS_SHA256=6f881ad4fc35812d98a98af0da387673838ba9acf59553ee0f70412666f427f9
FIXTURE_ELF_SHA256=9e8d2a2f60b8dd3bcf3a86957224c562dc1429409f37ce4cce392f0c7b81e711
