SDKEXTENSIONS_PROJECT=platform/packages/modules/SdkExtensions
SDKEXTENSIONS_REVISION=3be4c2d8dc0f722045fbd0537ebcde6529a0c903
SDKEXTENSIONS_SOURCE=java/android/os/ext/SdkExtensions.java
SDKEXTENSIONS_SOURCE_SHA256=c9f1bdc6a2ab5d85586e7e100121a1138bab7c171293d9cdd3ca885afd147af4
SDKEXTENSIONS_PATCH_SHA256=6dbcfb64860fca6e1ee656a3a1b7a531da1eaf0c99d4e77a0ff98acbbdb3bfba
PATCHED_SDKEXTENSIONS_SHA256=c65d249b91605bc7c78d570674b817f0591442ab27b9d457b088bbbd9740a8fd
