LIBCORE_PROJECT=platform/libcore
LIBCORE_REVISION=080fac8bb8670bc7fbc895050caf4b13c4d6cd12
ANDROID_BP_SHA256=3c38ef17fe99d0e75e55a005ed4beb6af9608361cfe2d694de945eb492f68b9e
ONLOAD_CPP_SHA256=2c6fe99395f4a9ae3d31d8d9c691bbc435abb8475542ce159b39e5254bb95670
FILECHANNELIMPL_C_SHA256=4395362cb78a47491ab374a74aa19f699b99ca00f00b69b80692b592455c8255
FILEDISPATCHERIMPL_C_SHA256=435d71d47d6a1e675453b08c61305b23590fc53b1530f7dbd1b41607aebcb3d7
NATIVETHREAD_C_SHA256=6bb10ef00a33bce4ab1c11ebf785acb355fc6e5e54a1b58089140ae77a8c1449
FILECHANNELIMPL_JAVA_SHA256=42c61460d846e5474d28a71f760610239fb825d41489eb84d165eef77386ee5b
FILEDISPATCHERIMPL_JAVA_SHA256=b22f3b113fe08ff29a1f7908c0697f427a58532eb986f07366ac06c81d4a3e0b
NATIVETHREAD_JAVA_SHA256=726e57095c8976e6dc08b00f6f56846cc383cc3efa0e4fb1e372f951e3d29c3e
IOUTIL_C_SHA256=1e1321480ebd729c7d4e7bb87373778969ee34f676a779583b469f8b7e4ee307
JNI_UTIL_C_SHA256=ba2bce59bf8acebf78d74cdbee89c706d9b669d4fc4e1c95684a0260436daa7a
JNI_UTIL_MD_C_SHA256=7d679fbac7ed2030692f5e1099897978850cd306b3f02c5ece9f1868b42de52a
JNI_UTIL_H_SHA256=47650fa575d8dec72c53ff1e7c35225a7b06cd847c15c4ff2f5d79c21c6ffae8
CLASSFILE_CONSTANTS_H_SHA256=860ab5d3892474de3ecded9eb10deec78993987dce1eb5f6b711f9d031927397
JVM_H_SHA256=7f4ecd9ba97b79d07ed715c3d131a9c1c14b2f5974286445570ac7b6bf2fe542
JVM_MD_H_SHA256=9b5c1f6cb23370a69c2e05d6f9e6a63738afa4cef654e4068d045193eaa604c8
JLONG_H_SHA256=615acf5c8420f6c8f9a705723f84c766b4c207c4482191546c5b657a88caa712
JLONG_MD_H_SHA256=0288abc078d459dbdc1087b69c60c517c00d88f3464feea494478a19233edbb2
NIO_H_SHA256=f5860a3f8b6b2d4e01a2edf4f6f0ec5868664e129d88ab7a96ec1ee7cd6ba7c5
NIO_UTIL_H_SHA256=dd2c8a4aaf5c3e073a942be49e855335637516eb296f856ce81fc6e2271748dc
JAVA_LANG_LONG_H_SHA256=5a2a5930ec157c6e02f9fd23a649afe72886bb2157f4fcb510aab88cf7c0bfd3
JAVA_LANG_INTEGER_H_SHA256=f8be1dc0cad8f4800a709657a94f65cdb5fd9ebfe5553bf8708bb6abdfb33274
SUN_NIO_CH_FILECHANNELIMPL_H_SHA256=d81b521609495192e87d9f5af9fb468bcc215dff4cbaf07b527e658d9dd4d6db
SUN_NIO_CH_FILEDISPATCHERIMPL_H_SHA256=3e1ab5f7d804d53cbe5fe1459c61f8905dd32fa1955c61acfa7e2bb98f1a46ea
SUN_NIO_CH_IOSTATUS_H_SHA256=cc066d0744dcf9668c80d69389530132adf754037b58e9d8de29d05886bb92f9
TARGET_SOURCE_COUNT=3
TARGET_SOURCE_MANIFEST_SHA256=019c43c29cf830538c6167cd773b3920b1f876735700a9c6c151dcf8fff0f5c6
FILECHANNEL_METHOD_COUNT=5
FILEDISPATCHER_METHOD_COUNT=14
NATIVETHREAD_METHOD_COUNT=2
METHOD_MANIFEST_SHA256=3a8f3add5967c3df7bf6caaef43d48197142aeff16f5b2ccd647a23c2cfc97b9
