# Darwin ART Android 16 HWUI GPU handoff identity.
# The upstream source remains immutable; the GPU behavior is an opt-in patch
# applied to a disposable registrar tree by build-android16-android-graphics-jni.sh.
FRAMEWORKS_BASE_PROJECT=platform/frameworks/base
FRAMEWORKS_BASE_TAG=android-16.0.0_r1
FRAMEWORKS_BASE_REVISION=99b01a65cc4c104933788b3143285ab6bae65827
FRAMEWORKS_BASE_SUBTREE=libs/hwui
LAYOUTLIB_LOADER_SHA256=e0030bc560c5c0fd66ed5e71872103039617036bef9db970817e9d72aaaff7d3
GPU_LAYOUTLIB_PATCH_SHA256=a992a452cee414727935e6252a6611825fc4e864475a1999436afe496fe31fe2
GPU_FEATURE_DEFINE=DARWIN_ART_HWUI_GPU
GPU_FEATURE_ENVIRONMENT=DARWIN_ART_HWUI_GPU
