OPENJDKJVMTI_PROJECT=platform/art
OPENJDKJVMTI_REVISION=9fac16b7c1e3599509612e9f9567283a00b16ac1
OPENJDKJVMTI_TREE=06fa8609a299e0797abaacd0bbabe42a8bec3528
DARWIN_MONOTONIC_TIMER_PATCH_SHA256=464904d772e21fc8d2a5159083085549273a05e6b951d1fc21803b4c64f5266b
DARWIN_MALLOC_SIZE_PATCH_SHA256=9265f22eb9e588b4fd38fe7788677cf69c99bb97a1d272a355b9f4bef49ae297
DARWIN_IN_MEMORY_DEX_PATCH_SHA256=107f7b34e2be6347d9fb0d45468480f15fc68e73bdf5d3078c904eee4e45bf55
