LIBCORE_PROJECT=platform/libcore
LIBCORE_REVISION=080fac8bb8670bc7fbc895050caf4b13c4d6cd12
ART_PROJECT=platform/art
ART_REVISION=ed6c006bd06ae060bd9698fd2cb25c4865512ec3
BORINGSSL_PROJECT=platform/external/boringssl
BORINGSSL_REVISION=ecc1358826150d6a1851c517c325b0e6c0e1b8be
NATIVE_ANDROID_BP_SHA256=3c38ef17fe99d0e75e55a005ed4beb6af9608361cfe2d694de945eb492f68b9e
NATIVE_CODE_BP_SHA256=4ae6363326cc377635e89fc53e0f85ebbb6d26fe0f9f4f97c6c60dac7e83633f
SYSTEM_C_SHA256=d42cc02cafcab7dda072ed1c34c304df76f48c255079c55f08d8769afc7ef059
SYSTEM_JAVA_SHA256=2e6beed122da807ea8b2ce3ad68c3062962887a03687e36e505b1beb5a4dcf2a
JDK_INTERNAL_MISC_VM_CPP_SHA256=95400ae30129dd2ed65446e1d5186dddb15bedf3267ea419f98695042e48ef7b
METHOD_HANDLE_CPP_SHA256=136bba6254f72f8ebcfe364ae83b2931aecb25d3b09ae34043f9bb3a050e2a12
VAR_HANDLE_CPP_SHA256=e6cb5a694edf5851df8e4951513210910e3fec2470c573bca49baadda2ea02e8
ART_SYSTEM_CC_SHA256=c62622c06717c4bda65d3b462624408d82442aecdb16f42497480823fc0407d1
BORINGSSL_CRYPTO_H_SHA256=fd81854137e9fe43a453cc2b2f41f3f51a7f8333f30e2e6abf9cf86a3a0ec322
BORINGSSL_CMAKE_SHA256=df201a9ac29f1da8efd8276b9902f28fe41c18cb7470200f71f51ea7f53318a6
BORINGSSL_DARWIN_PATCH_SHA256=5dc43e5d453d3f5f3bb7b6f1298e9ac39998356492721d66df0c1f74b4fd8be7
NATIVE_BN_CPP_SHA256=04cef4774e945972dd02fcc347546cd6f628e32dea3d2a33f66894bcabc3bd82
JNI_EXCEPTION_H_SHA256=6a88c708e37de3b919e911397249f574ecf07346f1ef47c72557930bc7a37e7e
JNI_EXCEPTION_CPP_SHA256=c0e805d3333304b48fbb76eb50b730f667e2fbe38a618e48b67fcddda7ed2021
LIBCORE_ICU_CPP_SHA256=d9dd762221935b0f13ee7d046a28d06c799a5ab855a0d6fe6f8aa090d23a0956
ICU_UTILITIES_H_SHA256=e37d32405081fa104e34eada9399515a6bd7775143a70a0a1b58314b397a6fef
SCOPED_ICU_ULOC_H_SHA256=fc2401976faeae962c62f840b2894b4d55feca56ff3b393710c07d7b914e2f7d
ZLIB_H_SHA256=9fddc625028f43db3b278cf3af562b29c00fadd91cb893b2223120a330d5bb8f
JNI_UTIL_C_SHA256=ba2bce59bf8acebf78d74cdbee89c706d9b669d4fc4e1c95684a0260436daa7a
JNI_UTIL_MD_C_SHA256=7d679fbac7ed2030692f5e1099897978850cd306b3f02c5ece9f1868b42de52a
JNI_UTIL_H_SHA256=47650fa575d8dec72c53ff1e7c35225a7b06cd847c15c4ff2f5d79c21c6ffae8
JLONG_H_SHA256=615acf5c8420f6c8f9a705723f84c766b4c207c4482191546c5b657a88caa712
JLONG_MD_H_SHA256=0288abc078d459dbdc1087b69c60c517c00d88f3464feea494478a19233edbb2
JVM_H_SHA256=7f4ecd9ba97b79d07ed715c3d131a9c1c14b2f5974286445570ac7b6bf2fe542
JVM_MD_H_SHA256=9b5c1f6cb23370a69c2e05d6f9e6a63738afa4cef654e4068d045193eaa604c8
CLASSFILE_CONSTANTS_H_SHA256=860ab5d3892474de3ecded9eb10deec78993987dce1eb5f6b711f9d031927397
IO_UTIL_H_SHA256=4676cd55837c5ffac21cc7f863deaa17064741e8e5c76703695f61ba1900f597
IO_UTIL_MD_H_SHA256=cd2f94734f77c345d0fa2fc124440d5926043a9fe5d9102a80847c1d79a4fd4e
DARWIN_PATCH_SHA256=405d47892775951b59b58942270f52ebcd6dfa82b9d33280770cba22c912b267
PATCHED_SYSTEM_C_SHA256=3c97a5eacefc5140c29066536df765e38bbfb614eda2bff5e52c8259341f17f1
ANDROID_LIBRARY_NAME_PATCH_SHA256=a107dc43284d2683b2f4ecaf6753f609122905c0d357e708e8daa4d8d6480964
PATCHED_JVM_MD_H_SHA256=029c9ccca99e687cbd0b07029307b8b055d5f932d6466b1068e5191988189d6d
LIBOPENJDK_SOURCE_COUNT=59
LIBCORE_SYSTEM_SOURCE_COUNT=7
LIBCORE_SYSTEM_METHOD_COUNT=8
LIBCORE_SYSTEM_METHOD_MANIFEST_SHA256=02a7f0dc41a279bb5e776c581867bb7cb5ad6f67cdb48204561994237f6d2ca6
ART_SYSTEM_METHOD_COUNT=9
ART_SYSTEM_METHOD_MANIFEST_SHA256=4b5cc38f80a956b3e0335a70c8ca0fbd61ed96b48e12212533288f6d14fb7d91
JAVA_SYSTEM_NATIVE_COUNT=17
JAVA_SYSTEM_NATIVE_MANIFEST_SHA256=a1995adb249ba617894e5f32ed48e44da8d4d2f6f21553be419f9586acc120a0
NATIVE_BN_METHOD_COUNT=7
NATIVE_BN_METHOD_MANIFEST_SHA256=56f875fa2bf30b6436230cf9c6c6bc7d946fb4238e8005214bea91857d060cbb
LIBCORE_ICU_METHOD_COUNT=10
LIBCORE_ICU_METHOD_MANIFEST_SHA256=1f3836ef734b9f614dd83a5e9c26a2c0ab3572577bd7dcad8ee5faaecaaf84ec
