ICU_PROJECT=platform/external/icu
ICU_REVISION=f17caeafcf20bd38074a9963c31df3629b70b5f5
ICU_VERSION_MAJOR=76
ICU_DATA_FILE=icudt76l.dat
ICU_DATA_SIZE=29094000
ICU_DATA_SHA256=c5450087565eb20ca37d70af5ef53a99a4c8e2e3da17c9140582b685f06d980f
ICU_UVERNUM_SHA256=dd8038453c55bcc1b7a2a7825dd995447363e962abc81171f1f10a142ca9161a
ICU_URENAME_SHA256=1bdc114c2c72e721fcb328f412e272825ebc6f3bf8e296c04ac20e16edf67363
ICU_UCONFIG_LOCAL_SHA256=5b45963069b688f3af1dc36eefaf125ad6dd7be54e71737ab10dbcbf2e914cea

DARWIN_ICU_NATIVES_CC_SHA256=5b15f23e38d8650c445b972c962bbd959e4a493dc45317a24e401c1086783d32
DARWIN_ICU_NATIVES_H_SHA256=b2b96802cd2b2ef89247a575534ad0661d2d197f9ee6f5574afc81a163516a1c
DARWIN_LIBCORE_NATIVES_CC_SHA256=b849791c251113acf0817e350e9af936a5d0c0434e9f8eb99655b8cdef9294d5
DARWIN_LIBCORE_NATIVES_H_SHA256=44f0e5ce06fe70a9947de8c05146b42a6092b872902665d7e7d543158d7655a2
DARWIN_LIBCORE_UNICODE_NATIVES_CC_SHA256=308d514015745df49df800c0fa6923e3d51871f1bd6fc01e86a436b4447aa100
ADAPTER_ICU76_UNDEFINED_COUNT=50
ADAPTER_ICU76_UNDEFINED_MANIFEST_SHA256=cca83814368647a0e4db3129ca803d75baeafa0da16f9bab9eeefde6c0c96b77

ICU_COMMON_MEMBER_COUNT=201
ICU_I18N_MEMBER_COUNT=254
ICU_STUBDATA_MEMBER_COUNT=1
ICU_INIT_MEMBER_COUNT=2
EXPECTED_SMOKE_PREFIX='ICU runtime adapters: library=76.'
