# Android 16.0.0_r1 resource JNI slice from libandroid_runtime.
FRAMEWORKS_BASE_PROJECT=platform/frameworks/base
FRAMEWORKS_BASE_REVISION=99b01a65cc4c104933788b3143285ab6bae65827
RESOURCE_JNI_SOURCE_COUNT=4
RESOURCE_JNI_SOURCE_LIST_SHA256=3716f189000eab9009bdc29d92910f152c94ee238e32fed6a3e5849fa2411493

ANDROID_BP_SHA256=3f86f0f0b804a4b4df0245f1c8bc9c0f461bcb6e62ed41c86e6b3fee0f8656b2
ANDROID_RUNTIME_CPP_SHA256=c6123999af24acaaa5ea29a673e9c60e1d8b08d7ea34321328fe38e3b79a16cd
RESOURCE_REGISTRAR_ORDER_SHA256=5cb61ddba58a531febfa1a9c498be4462fb76469015aafa9318104dd0d74c4ef
APK_ASSETS_CPP_SHA256=ed5a1e24e4629dee0e21d8ab79e12e6638441ebdb684aaee2820329cdedff578
APK_ASSETS_H_SHA256=b91f6796b7c4d2f0fb48459c0712d2fc11631ddab32d639cc4c8eda57cc02ef8
ASSET_MANAGER_CPP_SHA256=7eb595e938137946a358dd5bb431a3e3dbacdbcff36cc2b7898f98ab6a9b8f16
STRING_BLOCK_CPP_SHA256=43f90676bae3258fab90745aadd6f508346a0653a00d21b1ad06db5bcbff57fa
XML_BLOCK_CPP_SHA256=e275254aedaf7b1fc8a589ddb4a27e36c3ae493f2fd8f55c877fcd11d7d5e035
CORE_JNI_HELPERS_SHA256=434429b82ba1aa40153adb964e941a5a1ac394bca52437d4bf6d619749a3d98b
JNI_WRAPPERS_SHA256=73ddffcdf1d52b93159cdcd7ab50b2527660898541c05494498599b407fbee94
ANDROID_RUNTIME_H_SHA256=6d518a63b8a6918f5428b02e7b2e05e252b89e55d3660a32d86813a7f462f714
ANDROID_UTIL_ASSET_MANAGER_H_SHA256=3367feafe4a8e6f5713b7c06e5acd7f1cd7646d725d01b6717fb23041164596c

ASSET_MANAGER_METHOD_COUNT=57
APK_ASSETS_METHOD_COUNT=12
STRING_BLOCK_METHOD_COUNT=5
XML_BLOCK_METHOD_COUNT=22

CRITICAL_JNI_PATCH_SHA256=9259c27e9637a5c70572276cf3544e3279a355c66630d9927c85e40d89ead721
ASSET_FD_PATCH_SHA256=9c0500efd78114884b1e923ee5375dd1b4052b2754a3d670096a3748d115e9d4
CORE_JNI_HELPERS_PATCHED_SHA256=99c988f2ef0bede5c77c48e4c0947d77ce1bac3e5fff209ab5d3728a8bc86b13
UNDEFINED_SYMBOL_COUNT=174
UNDEFINED_SYMBOLS_SHA256=10646dcb5670db8442624d95b5b99768696fb9e09f98d9eacd259c4006a45091
EXPECTED_PROVIDER_BLOCKER=__ZN7android14AndroidRuntime9getJNIEnvEv
