# Android ART/device Java-layout libnativehelper, distinct from layoutlib's
# frameworks/base/libs/nativehelper_jvm host-JDK variant.
LIBNATIVEHELPER_PROJECT=platform/libnativehelper
LIBNATIVEHELPER_REVISION=5c36ece5ac42b20f0e384d9e57400f2f22aad9fb
DEVICE_SOURCE_COUNT=7
DEVICE_SOURCE_LIST_SHA256=ec4423e944e50f23c0e991723e7f679ed6797624d4f9cbcac2a164a4c9662efd
ANDROID_BP_SHA256=eac19666c19e0b4263c697a7db0dc966ae1b377c9957a06b4d1950adc333ebcb
DL_HELP_SHA256=549829df68089a241a1e1af40c6612faa280124434011c0c1449387e3d9fdfae
EXPANDABLE_STRING_SHA256=544dff4e24d875b4ede25db0d07a852d3c5a74944dfde88e6d15796004d626fd
JNI_HELP_SHA256=097dd81bca400f813b21958ed6e5c83531f8b4d81231e698fb5933d74bed3a90
JNI_INVOCATION_SHA256=35ea3ecaab16f608698b9dd435f41bf69a46ef3465c2dffd37e4b1b6f69f7034
JNI_PLATFORM_HELP_SHA256=367964ae42890793af119c79b7dd1ffca5488b1e915f0a05794167e5a938a7e7
JNI_CONSTANTS_SHA256=4ddfeaf0452197d765702a858489be1f4366b745cbc1e4764e1f4fbc9366f1b0
JNI_CONSTANTS_H_SHA256=7069ae799c681e45bbd41bd09a3231dec33f0564cbf3de262c288de8c2c99944
FILE_DESCRIPTOR_JNI_SHA256=4f6989757d5d116a5e45ba0daeba4726e149c58107e9146de80b95a5e98955c3

FRAMEWORKS_BASE_PROJECT=platform/frameworks/base
FRAMEWORKS_BASE_REVISION=99b01a65cc4c104933788b3143285ab6bae65827
HOST_ANDROID_BP_SHA256=9cfe177148733631b03d50a3a120fd840366c49f6a319fa0e3daa3f3660cb51b
HOST_JNI_CONSTANTS_SHA256=c2af5792a1f82a22694353c82f28e3ccae556c61f3f9d9adb19727660a827e51
HOST_FILE_DESCRIPTOR_JNI_SHA256=5ab995671dee8397d07818133600e8e04891869243aef94d2d9915755937044e
