# Android 16.0.0_r1 graphics source identity. The subtree archive is fetched
# directly by commit and contains no Git metadata or object history.
FRAMEWORKS_BASE_PROJECT=platform/frameworks/base
FRAMEWORKS_BASE_TAG=android-16.0.0_r1
FRAMEWORKS_BASE_REVISION=99b01a65cc4c104933788b3143285ab6bae65827
FRAMEWORKS_BASE_SUBTREE=libs/hwui

# Gitiles regenerates archive metadata, so the gzip/tar byte stream is not
# stable between requests. Identity is established by the immutable commit URL
# plus SHA-256 of the build manifest and direct gate sources after extraction.

# Files that define the first upstream Canvas/SkiaCanvas/Paint gate.
ANDROID_BP_SHA256=60170e591b44d15ba41a9201268be6f04e53aec14ed8421814b3e9346ebe0b09
SKIA_CANVAS_SHA256=374ed12c6d33e91bb3b74a09eb20d605f9fd80efa01c0648156fc58726a3a5c3
CANVAS_CORE_SHA256=2fcc642ea5adc5a3455613723ab31cfba36b26bfe9c92af8b3747d71156ae72e
CANVAS_JNI_SHA256=fd6ef5833102b8b9edab9dc82a3893e7f9f8cab0538536672b31613d8b0dedc4
PAINT_JNI_SHA256=f5c23d5572d033960a1334c7e2d927bf2fca75b3e23600e07546316b044d2e1f

# Exact Android 16.0.0_r1 projects named by the upstream host module closure.
# These entries make dependency acquisition revision-locked before any source
# from those projects is materialized.
SKIA_REVISION=bcb0f77c44783b1800ba37641ba7ecab04f05e07
MINIKIN_REVISION=1e1d5d137d487df875d7db69b5ff24e7d0291612
HARFBUZZ_NG_REVISION=e489c416b6f8d2a9a2e0e85b781d1e4a0c431401
FREETYPE_REVISION=d968d2541f7158e18ab22680bfa08a538019bf6a
FRAMEWORKS_NATIVE_REVISION=2827a4a16b0340ecd07c2d5a6c89991799b362bb
SYSTEM_CORE_REVISION=68be0c2c0006a0740d0b1809abe4717308f90d15
SYSTEM_LOGGING_REVISION=d78b713380007d3c0dde14712cbcbec27f491ad9
LIBNATIVEHELPER_REVISION=5c36ece5ac42b20f0e384d9e57400f2f22aad9fb
ICU_REVISION=f17caeafcf20bd38074a9963c31df3629b70b5f5
LIBBASE_REVISION=0ac7ea4a65d981166d6e5617e1e4ef0572f774e5
INCREMENTAL_DELIVERY_REVISION=c999e3e207ec7633a172d773dda162746b6eaf18
FMTLIB_REVISION=b94c6ae0bc963c4f38bce355fe74bec30eaf0be2
GOOGLETEST_REVISION=ed43ae9f2f62df2b77e2400da414c126e7203e7a
VULKAN_HEADERS_REVISION=7e80b474147eb0c6a9464c2e867ae6ba277a3102
