NDK_REVISION=28.2.13676358
NDK_RELEASE_NAME=r28c
ANDROID_API=35
NDK_LIBCXX_SHARED_SIZE=9236352
NDK_LIBCXX_SHARED_SHA256=ab4e6c71b96b851de45a8a9bd86369e7dbc2130a44b3b4520564be94847910f2
NDK_PTHREAD_TYPES_H_SHA256=1b727fc1200b6aae864bfd0d153516edd763a503603b49f3a00bebffb6016e35
NDK_PTHREAD_H_SHA256=99658fe9042919bc91ed3ed4c9033c0c69196f826baa42ba854f7804dcec695d
LIBCXX_PTHREAD_IMPORT_COUNT=24
SUPPORTED_PTHREAD_IMPORT_COUNT=19
UNSUPPORTED_PTHREAD_IMPORT_COUNT=5

BIONIC_PROJECT=platform/bionic
BIONIC_REVISION=361ba86734fb2821a6adcfdf775db8abd04e0de0
BIONIC_PTHREAD_ONCE_CPP_SHA256=a9ba254c04bd65b18d8f00cdf3f9c451a3c2c87a9a275ad74f0dda50fdd25716
BIONIC_PTHREAD_MUTEX_CPP_SHA256=6a04da1ba9dd8bbfe237c46cc405e6efae802906e859d0da28520768786da08d
BIONIC_PTHREAD_KEY_CPP_SHA256=193a975bb4ae41bd3d6a0527f860ba9e7d35903bd4329c20eca175338db508af
BIONIC_PTHREAD_SELF_CPP_SHA256=ad0eff28eb260887a6945ae2a093aafc00c245785d93deb31eb07c52aaa4b982
BIONIC_PTHREAD_COND_CPP_SHA256=779e5992e65a5419251ebc64794e42537d16939cdbd337e3a2ad11d30b8ca79d
BIONIC_PTHREAD_RWLOCK_CPP_SHA256=25266015ff2091e77ceafd4e758b817269f0448761fb6a5b43db0e27b84cd6bf
LOCKED_BIONIC_SOURCE_COUNT=6

ANDROID_ARM64_PTHREAD_T_SIZE=8
ANDROID_ARM64_PTHREAD_KEY_SIZE=4
ANDROID_ARM64_PTHREAD_ONCE_SIZE=4
ANDROID_ARM64_PTHREAD_MUTEX_SIZE=40
ANDROID_ARM64_PTHREAD_COND_SIZE=48
ANDROID_ARM64_PTHREAD_RWLOCK_SIZE=56
ANDROID_PTHREAD_COND_SHARED_MASK=0x0001
ANDROID_PTHREAD_COND_CLOCK_MASK=0x0002
ANDROID_PTHREAD_COND_COUNTER_STEP=0x0004
ANDROID_PTHREAD_COND_DESTROYED=0xdeadc04d
ANDROID_PTHREAD_RWLOCK_PENDING_READERS=0x00000001
ANDROID_PTHREAD_RWLOCK_PENDING_WRITERS=0x00000002
ANDROID_PTHREAD_RWLOCK_READER_STEP=0x00000004
ANDROID_PTHREAD_RWLOCK_WRITER_OWNED=0x80000000
ANDROID_PTHREAD_RWLOCK_MAX_READERS=536870911
ANDROID_PTHREAD_KEY_VALID_MASK=0x80000000
ANDROID_PTHREAD_KEY_USER_SLOTS=128
ANDROID_PTHREAD_ONCE_COMPLETE=2
ANDROID_PTHREAD_MUTEX_DESTROYED=0xffff

FIXTURE_C_SHA256=3f7646776b3485615f3cddc6be06200708f4b7c931737c2963b614deb4764884
FIXTURE_EXPORTS_SHA256=2c5e9e90bbebd5e1a3d63659ebfa6442e4c7a6203f98d7a9ef03ce8aff6a05e6
COND_STRESS_SHA256=1c57b491a69800c5c4125795fbd6df28419b57e1fd6791244e041458c742aa1a
RWLOCK_STRESS_SHA256=e55045255f2d13ed5c97fdede7537ab636fb0bf8070eb62e9287dff3543a4a47
FIXTURE_ELF_SHA256=8cbb491228da069bd40afc0826e6c303adcd86948006ea1aaa41bea64f7d4f2c
