# Android 16.0.0_r1 android_graphics_jni host source and registrar identity.
FRAMEWORKS_BASE_PROJECT=platform/frameworks/base
FRAMEWORKS_BASE_REVISION=99b01a65cc4c104933788b3143285ab6bae65827
HWUI_ANDROID_BP_SHA256=60170e591b44d15ba41a9201268be6f04e53aec14ed8421814b3e9346ebe0b09
ANDROID_GRAPHICS_JNI_SOURCE_COUNT=60
ANDROID_GRAPHICS_JNI_SOURCE_MANIFEST_SHA256=434581968eb52317d224a7b3bf17737517b2fc1e0e98b314d633529369bd3494
DARWIN_SHARED_LIB_SHA256=fe069fb93e015bbbc02898fcecdcf1dd2d7f2955af5cf7c1587201db706ade93

LAYOUTLIB_LOADER_SHA256=e0030bc560c5c0fd66ed5e71872103039617036bef9db970817e9d72aaaff7d3
LAYOUTLIB_MAP_ENTRY_COUNT=51
LAYOUTLIB_MAP_ENTRY_MANIFEST_SHA256=45ec6a85b50868bc698da5bd6badcc392a0e496bf965af097e8f5c92c1fcf071
JNI_RUNTIME_SHA256=a1deef6bf22426e512b3808e9d5e1f0582537fce18ff424530e053da272141f4
FILTERED_RUNTIME_REGISTRATION_COUNT=51
FILTERED_RUNTIME_ORDERED_REGISTRATION_SHA256=a97208183448349ecfb592c2b279addd532f98144ed5108c435d082eff0b124e
FILTERED_RUNTIME_ORDERED_CLASS_CSV_SHA256=b28cb71409666c9924a158be0eb07f82030723291bc1c05372f4df47703fde32

CRITICAL_JNI_PATCH_SHA256=b1bd6343e46cb40eccd55cff73239e949e1fc98c1db3f3d97f3089ecab8d11a0
GRAPHICS_JNI_HELPERS_UNPATCHED_SHA256=3f3608ae351163ff9b3657d4b40fcb725f5ea97a48f8f7eda1d43b13c6c9d4be
GRAPHICS_JNI_HELPERS_PATCHED_SHA256=575154122524dd244697216be9801e36681787cb595901f7e2efdd36fbaaa8f2
PATH_ITERATOR_UNPATCHED_SHA256=56f613646f507632e26f6dc2cec4fd5fca49a5be0c2a06c1497491ede5c9f88b
PATH_ITERATOR_PATCHED_SHA256=faddb1e67a804615cbf6e55f36cf5b2e980034060abe489b9d149f9e63ee12fa

# Direct android_graphics_jni shared-module source/header blockers not yet in
# the small local materialization. They are accepted only at these revisions.
LIBJPEG_TURBO_PROJECT=platform/external/libjpeg-turbo
LIBJPEG_TURBO_REVISION=6cedbd6ff13946bef76a015693d02723b0d3226e
LIBJPEG_TURBO_ANDROID_BP_SHA256=42685ce51cc58ae26b897c4625ac54a904602ca728d295c867544130c29b137b
LIBJPEG_TURBO_PUBLIC_HEADER_SHA256=1ea81459ea1b63e662c1546adf6d6882f5e14760b0e05d4fc77f7739a2c2d182
LIBJPEG_TURBO_MANGLER_HEADER_SHA256=d3c1e796bf763dc12de12611d4c46d88065eae4ee240763e065b3e27e0defad7
LIBJPEG_TURBO_CONFIG_HEADER_SHA256=4970b0d896830b5bd72e969690488ce2f7fdd6cd021d7ff74241cb5195056fbd
LIBJPEG_TURBO_MORECFG_HEADER_SHA256=fce3a180e48bb49a5f8f5965a840b34774e7f194a8b3ba9159c7d5d39b347835
LIBJPEG_TURBO_ERROR_HEADER_SHA256=cac7d2a363027412fcc06a993623135fb644c70c250a1f8fc5bf0741255212e4

LIBULTRAHDR_PROJECT=platform/external/libultrahdr
LIBULTRAHDR_REVISION=8ca5f9daff887eb2fd412bb66e00f850f582a3f5
LIBULTRAHDR_ANDROID_BP_SHA256=95ab4a4fcb746e4b02f1d631a661dd41e91bf6f60bdd56df44c80d22d3aa7d28
LIBULTRAHDR_JPEGR_HEADER_SHA256=1d516e86e4103a3edb85d02354b24e31fc94c86a874f7defe9f07b4eb8c434ec
LIBULTRAHDR_API_HEADER_SHA256=0d29e65bf0bc40d04a87f0ad9a3c9adace8a045d0e0533835ae97f4343bc5ff9

FRAMEWORKS_NATIVE_PROJECT=platform/frameworks/native
FRAMEWORKS_NATIVE_REVISION=2827a4a16b0340ecd07c2d5a6c89991799b362bb
FRAMEWORKS_NATIVE_GUI_TRACE_HEADER_SHA256=a5942a7159120c6d7c583386a37be262c1323aa399677d3ba9090b4f285c8ab4

FRAMEWORKS_AV_PROJECT=platform/frameworks/av
FRAMEWORKS_AV_REVISION=4b2111885ff934799e70eddae2527a9848c3be29
FRAMEWORKS_AV_NDK_IMAGE_HEADER_SHA256=db4b1fffecace1dca8343f433bef0021148f52b8bf4f474fc8a5402e73f1f7a3

LIBHARDWARE_PROJECT=platform/hardware/libhardware
LIBHARDWARE_REVISION=cd2b68d71a1dd9a45668ddd9a507000ccd7ff114
LIBHARDWARE_HARDWARE_HEADER_SHA256=05cc2f0108d6c87e36384380559943d34acd104e3c2ade9aeba4415cfb23aee8
