NDK_REVISION=28.2.13676358
NDK_SOURCE_PROPERTIES_SHA256=c00aa236fdb205e9be9edd9e2169763e48aca52735efff4e16f34205d49783b5
FIXTURE_SOURCE_SHA256=cfba0d46b8f486ba2c72871a3a855c3ba7ad416ca5dc13bb468efd78ea4a7d7e
FIXTURE_ELF_SHA256=13a2796a8218402722cf33843fcc6bfffb9d4ed43b3dbd546a2e8b5093f24eb4
FIXTURE_ELF_SIZE=4576
