LIBCORE_PROJECT=platform/libcore
LIBCORE_REVISION=080fac8bb8670bc7fbc895050caf4b13c4d6cd12
NATIVE_ANDROID_BP_SHA256=3c38ef17fe99d0e75e55a005ed4beb6af9608361cfe2d694de945eb492f68b9e
ONLOAD_CPP_SHA256=2c6fe99395f4a9ae3d31d8d9c691bbc435abb8475542ce159b39e5254bb95670
UNIX_NATIVE_DISPATCHER_C_SHA256=eb16ac84317b1dc6ed9e7aa8f27f28fcf984cb53ce24406d39e2e7a9a750600b
UNIX_NATIVE_DISPATCHER_H_SHA256=8586faebae593526081ee6418333d39a4c484c5678862d9c1ef9d1f7016b8ccc
UNIX_NATIVE_DISPATCHER_JAVA_SHA256=e118883f07e448b06daa83044ffe8f8deb0dcd0b2ffe535cd5da62333306a473
JNI_UTIL_C_SHA256=ba2bce59bf8acebf78d74cdbee89c706d9b669d4fc4e1c95684a0260436daa7a
JNI_UTIL_MD_C_SHA256=7d679fbac7ed2030692f5e1099897978850cd306b3f02c5ece9f1868b42de52a
JNI_UTIL_H_SHA256=47650fa575d8dec72c53ff1e7c35225a7b06cd847c15c4ff2f5d79c21c6ffae8
JLONG_H_SHA256=615acf5c8420f6c8f9a705723f84c766b4c207c4482191546c5b657a88caa712
JLONG_MD_H_SHA256=0288abc078d459dbdc1087b69c60c517c00d88f3464feea494478a19233edbb2
JVM_H_SHA256=7f4ecd9ba97b79d07ed715c3d131a9c1c14b2f5974286445570ac7b6bf2fe542
JVM_MD_H_SHA256=9b5c1f6cb23370a69c2e05d6f9e6a63738afa4cef654e4068d045193eaa604c8
IO_UTIL_H_SHA256=4676cd55837c5ffac21cc7f863deaa17064741e8e5c76703695f61ba1900f597
CLASSFILE_CONSTANTS_H_SHA256=860ab5d3892474de3ecded9eb10deec78993987dce1eb5f6b711f9d031927397
UNIX_PROCESS_C_SHA256=273ad2693f94d75da7869a5c329082b3ca1daa5c8c449ac163f0565d68660425
DARWIN_UNIX_PROCESS_PATCH_SHA256=ce895b1095da1b7d06d27472339df1995fcf2cbfbd244c93ae622a5f9bcad0e0
STRICT_MATH_C_SHA256=00669a3b5ee3fa038fc5cd4b2f7e2e89929a9dfefa506e4dd68e893840b10252
DARWIN_STRICT_MATH_PATCH_SHA256=694b0dcd07854e447d66aaa383a9a56ad29602525994ec752bd44150ba6cea5c
FDLIBM_REVISION=2e70335919bce0de03d619c57d4b7a98f848fd52
FDLIBM_ANDROID_BP_SHA256=bdd52f15615780aca727daffd81129c16034df51e59fc877e8819de12b6ef9db
FDLIBM_SOURCE_COUNT=80
DARWIN_PATCH_SHA256=1a00439e0d15e30705acc4e3cb6e978c88ccc8bef29c4f46b5c54ba9c10de376
PATCHED_UNIX_NATIVE_DISPATCHER_C_SHA256=9f0527d3d307b78583826da5e25766358005d7e0cdb82d557189f631b99af713
LIBOPENJDK_SOURCE_COUNT=59
UNIX_NATIVE_DISPATCHER_SOURCE_COUNT=1
UNIX_NATIVE_DISPATCHER_METHOD_COUNT=47
UNIX_NATIVE_DISPATCHER_METHOD_MANIFEST_SHA256=03e7f33bcf005dbd0c333001a4c172a2ad35a268d6b8c9b58192ed6ea3cfbd58
UNIX_PROCESS_SOURCE_COUNT=1
UNIX_PROCESS_METHOD_COUNT=4
UNIX_PROCESS_METHOD_MANIFEST_SHA256=c8b4fab1cc120b0a9630bf689975f21a30aed264e94c583b2607be3305cb5adb
STRICT_MATH_SOURCE_COUNT=1
STRICT_MATH_METHOD_COUNT=20
STRICT_MATH_METHOD_MANIFEST_SHA256=f87279641faa2674f024c04d11f226bf2c7280db1f76023b42e5d457f10b77af
