LIBCORE_PROJECT=platform/libcore
LIBCORE_REVISION=080fac8bb8670bc7fbc895050caf4b13c4d6cd12
MEMORY_CPP_SHA256=80921e4ef887b9f67b36ee9a5647fa73395e90ddee40fb336669a92e3f4a9ff3
MEMORY_JAVA_SHA256=6c4aa52d64847424890019d7d64be2185d5c0fe24582d43b1c22425096d1377f
JNI_CONSTANTS_H_SHA256=2826e1dba1441443c31a42f0cdefc0b85405068a30f9d5bd0529e5f6ff7ba176
JNI_CONSTANTS_CPP_SHA256=41bc04b38cddafdb5fef02a313a3ff97090b5200c55d6487a73458872221fe0a
PORTABILITY_H_SHA256=6a9abf76885930c2906daba3da97beeb0dce1df19ac9ad2d9ae6410e9c17a765
SCOPED_BYTES_H_SHA256=9f33a83591aca0dcbbba0d7dc9eb5d075df1cb9e53d66ac7ba1eb66efd83d8fb
NATIVE_ANDROID_BP_SHA256=4fddad4da3ba88d6eec3a170290989ea0492fd55cb232f87e135a5750c6fa4cb
REGISTER_CPP_SHA256=d436120b3963994418d9b9ed58ad1f7003f1406667f2949adb189f963ef7194a
LIBCORE_METHOD_COUNT=18
LIBCORE_METHOD_MANIFEST_SHA256=45ab609b4cb5e1451aa8551ab54f1f722515a129c539e3c5a5cc509c8aa0b253

ART_PROJECT=platform/art
ART_REVISION=ed6c006bd06ae060bd9698fd2cb25c4865512ec3
ART_MEMORY_CC_SHA256=29532636c5dc3046eaa68acbd784bb583db7cc43a9db4f8575df628863af6e5d
ART_MEMORY_H_SHA256=135d9c99a26e19352e6d0b97abe85e6fcb4a5f0ef94a19f2d45a1351f478d085
ART_RUNTIME_CC_SHA256=cfd9fb7f24e211718c43f32f5d571d821a6757b126c0758d9b0827a4b48dcbd7
ART_RUNTIME_ANDROID_BP_SHA256=00e2876a52af5e0e4e9000c1fb78f1e3a7c96465000968a546a85618cefc14d7
ART_METHOD_COUNT=7
ART_METHOD_MANIFEST_SHA256=13b40f2962ca6f7ef0dc982237083329d494ebc4c462935bc1b838c15cfc7af6
COMPLETE_MANAGED_NATIVE_COUNT=25
