# Strict Android 16 GraphicsJNI/HWUI Darwin archive closure identity.
ARCHIVE_COUNT=32
ARCHIVE_MEMBER_TOTAL=1659
GLOBAL_DEFINITION_COUNT=42177
GLOBAL_DEFINITIONS_SHA256=f7ec0648c9a996f33b59cee923f6231242e90398111f94410a7c51d7332d72a8
RELOCATABLE_UNDEFINED_COUNT=415
RELOCATABLE_UNDEFINED_SHA256=bc47497a4df1b62a12081c5d6af59bb54ffe986726dfb358d34e8b34dbfbe581
PROVIDER_ORDER_LEAK_COUNT=0

# The executable link resolves all 415 Darwin/framework/libc++/lz4/z imports.
# Android.bp whole-static fmt is already carried by module-complete libbase.
EXECUTABLE_PROVIDER_RESOLVED_COUNT=415
MISSING_MODULE_COUNT=0
MISSING_SYMBOL_COUNT=0
MISSING_SYMBOLS_SHA256=e3b0c44298fc1c149afbf4c8996fb92427ae41e4649b934ca495991b7852b855
MISSING_DEMANGLED_SHA256=e3b0c44298fc1c149afbf4c8996fb92427ae41e4649b934ca495991b7852b855

# Same graph for the ART runtime, replacing only the seven-member Layoutlib
# libnativehelper_jvm slot with the seven-member device libnativehelper module.
ART_RUNTIME_ARCHIVE_COUNT=32
ART_RUNTIME_ARCHIVE_MEMBER_TOTAL=1659
ART_RUNTIME_LINK_ORDER_SHA256=f4e99ec86f14a9945d93eaf97069debcf67d979a61fe1c01020ec5fe1dcc53ea
ART_RUNTIME_GLOBAL_DEFINITION_COUNT=42817
ART_RUNTIME_GLOBAL_DEFINITIONS_SHA256=364c04f06b903b372aa70ed51df0feb621e5b88023937a6b96ea0adbf4d612f2
ART_RUNTIME_RELOCATABLE_UNDEFINED_COUNT=418
ART_RUNTIME_RELOCATABLE_UNDEFINED_SHA256=61c63b9c4e31eb379b2806431bc8de004b48e2906f2e9c0aad958d3a71239553
ART_RUNTIME_PROVIDER_ORDER_LEAK_COUNT=0
ART_RUNTIME_EXECUTABLE_PROVIDER_RESOLVED_COUNT=418
ART_RUNTIME_MISSING_MODULE_COUNT=0
ART_RUNTIME_MISSING_SYMBOL_COUNT=0
ART_RUNTIME_MISSING_SYMBOLS_SHA256=e3b0c44298fc1c149afbf4c8996fb92427ae41e4649b934ca495991b7852b855
ART_RUNTIME_MISSING_DEMANGLED_SHA256=e3b0c44298fc1c149afbf4c8996fb92427ae41e4649b934ca495991b7852b855

SKIA_PROJECT=platform/external/skia
SKIA_REVISION=bcb0f77c44783b1800ba37641ba7ecab04f05e07
SKIA_ANDROID_UTILS_SOURCE_COUNT=2
SKIA_BITMAP_REGION_DECODER_SHA256=42f9d215958f1d556f863ff469104e3554bfbf533c27ae7711a568d8bb4c2ac4
SKIA_FRONT_BUFFERED_STREAM_SHA256=6c91175544cce1491ae0174affe45ea967372e6b8bac1b79941891919e6d2253
