LIBCORE_PROJECT=platform/libcore
LIBCORE_REVISION=080fac8bb8670bc7fbc895050caf4b13c4d6cd12
OS_CONSTANTS_CPP_SHA256=11ee07bcac7575e6745359c2024da6c87559c11198a94790567922661bf07458
OS_CONSTANTS_JAVA_SHA256=fb539b5ceebd52cfcd4f5e2eafebf7252b7ded3c7886eb9c22d74803cfa33dad
PORTABILITY_H_SHA256=6a9abf76885930c2906daba3da97beeb0dce1df19ac9ad2d9ae6410e9c17a765
NATIVE_ANDROID_BP_SHA256=4fddad4da3ba88d6eec3a170290989ea0492fd55cb232f87e135a5750c6fa4cb
REGISTER_CPP_SHA256=d436120b3963994418d9b9ed58ad1f7003f1406667f2949adb189f963ef7194a
CONSTANT_COUNT=568
CONSTANT_NAMES_SHA256=e568070ce2afc17f3b5d6d15a133b9bcb719e98ebe1d48bb1cd5b7fb12563c69
CONSTANT_EXPRESSIONS_SHA256=af788806a8c4c2565425a2cf7541c71630ade62f0b1f046a3f618997a8c41d0b
ANDROID_VALUES_SHA256=fe2f837098689a2612dd8bf6e8f4c99c053d0c16c15ba1766404b25e16983661
ERRNO_CONSTANT_COUNT=80
SYSCONF_CONSTANT_COUNT=90

BIONIC_PROJECT=platform/bionic
BIONIC_REVISION=09a271af557444c9a6b3f3146d6d474156fd6cdb
BIONIC_INCLUDE_TREE_FILE_COUNT=235
BIONIC_INCLUDE_TREE_SHA256=22cbf46c08bdf0e0c3f0f13b4873fdc7f2951794e7f3d06d85821fdf2a508e97
BIONIC_UAPI_TREE_FILE_COUNT=1116
BIONIC_UAPI_TREE_SHA256=d7b6ef2808213598037df37834ea05dbf85e60b7cf9bc19999f80844fb2753ad
BIONIC_ARM64_UAPI_TREE_FILE_COUNT=38
BIONIC_ARM64_UAPI_TREE_SHA256=5d6fc2f365738949db5a613cff70e8ebee05ce89050dc13669eaaf3a725b54b2
BIONIC_RESERVED_SIGNALS_H_SHA256=890dcccb0a0c4c46afaa62ce871192b27c1f2c1078586fc0ef762f3e172ef801
BIONIC_SIGRTMIN_CPP_SHA256=256cb271b24771230fef0f71ffaf934f7264a20ea480b45983ab77bf4bcb9324
BIONIC_SIGRTMAX_CPP_SHA256=92b1da02b512c92b11bfd6cd85f8b569d6f85096e341fac1a23860ade76b10ce
NDK_REVISION=28.2.13676358
NDK_SOURCE_PROPERTIES_SHA256=c00aa236fdb205e9be9edd9e2169763e48aca52735efff4e16f34205d49783b5
NDK_COMPILER_TYPES_SHA256=8a815cacf2f9a05fe591cbb9d5ae593bac7b3d36f71184ee723de979802e5aed
