# Android 16.0.0_r1 HarfBuzz source identity.
#
# Gitiles archive bytes are not stable packaging artifacts.  The gate pins the
# project revision, Android.bp bytes, the selected translation-unit manifest,
# and the complete extracted src/ content manifest instead.
HARFBUZZ_PROJECT=platform/external/harfbuzz_ng
HARFBUZZ_REVISION=e489c416b6f8d2a9a2e0e85b781d1e4a0c431401
HARFBUZZ_SOURCE_SUBTREE=src
HARFBUZZ_ANDROID_BP_SHA256=02393c97deee24420fee50100c9beccd5a998bade71b260d170fcdac9ae831f2
HARFBUZZ_HOST_SOURCE_COUNT=53
HARFBUZZ_HOST_SOURCE_MANIFEST_SHA256=c78d236c192cb2a74e09da023d17de1d5bda964ce377237b61e638d250c986a8
HARFBUZZ_SOURCE_TREE_FILE_COUNT=459
HARFBUZZ_SOURCE_TREE_MANIFEST_SHA256=f2909f7e353a1da5099eb0fb6b120ccbb4f12f149a0ecfdb128c61a30bb26130
ICU_PUBLIC_HEADER_FILE_COUNT=101
ICU_PUBLIC_HEADER_MANIFEST_SHA256=e62a63d4b6015c99773172afb13d76df7f92479996ec34f7f701cb05254c1255
