# Android 16.0.0_r1 codec foundation source identities.
IMAGE_IO_PROJECT=platform/external/image_io
IMAGE_IO_REVISION=ed236bb2d9a3a65a78ea4abca94a2c7c5dbec1b8
IMAGE_IO_ANDROID_BP_SHA256=e5f2dfbec79d61b8eb94b40f41346a9342bcd1278ef84fe4fc6778125cb0afa0
IMAGE_IO_SOURCE_COUNT=36
IMAGE_IO_SOURCE_MANIFEST_SHA256=cae39ffc2f2f8940e108afc7dc6fb5cef32544dae7332e71a05b9c44e7aec050

MODP_B64_PROJECT=platform/external/modp_b64
MODP_B64_REVISION=576d46f65ee032ef584bd9f56a9cd68eb22f2cb9
MODP_B64_ANDROID_BP_SHA256=ac255a8a07a1127e939e0e420818ff52aaca6de47d87fe97bf455175bb56330c
MODP_B64_SOURCE_SHA256=0ac8eb4634fcc40b17b41221989938bbc708c792b025d7bf9a4986d161b10bd6

LIBJPEG_TURBO_PROJECT=platform/external/libjpeg-turbo
LIBJPEG_TURBO_REVISION=6cedbd6ff13946bef76a015693d02723b0d3226e
LIBJPEG_TURBO_ANDROID_BP_SHA256=42685ce51cc58ae26b897c4625ac54a904602ca728d295c867544130c29b137b
LIBJPEG_TURBO_SOURCE_COUNT=67
LIBJPEG_TURBO_SOURCE_MANIFEST_SHA256=4bb21e18436259c84a56e66ea809423ec21cfe598b559e81b8879c61b88bee94

LIBULTRAHDR_PROJECT=platform/external/libultrahdr
LIBULTRAHDR_REVISION=8ca5f9daff887eb2fd412bb66e00f850f582a3f5
LIBULTRAHDR_ANDROID_BP_SHA256=95ab4a4fcb746e4b02f1d631a661dd41e91bf6f60bdd56df44c80d22d3aa7d28
LIBULTRAHDR_SOURCE_COUNT=10
LIBULTRAHDR_SOURCE_MANIFEST_SHA256=235e7aa821d213aefa5f872e3377e55cf3b6ed0f2588a0b31219ff33f9e06662
LIBJPEG_ENCODER_SOURCE_MANIFEST_SHA256=dbc6e548ca1cd5275a070154b7000c99addab68161588be845303cfdc223651c
LIBJPEG_DECODER_SOURCE_MANIFEST_SHA256=0332cf182dd2c390debfd613aa35ac8c5f81e868ef624063933a802f1973aad7
