ICU_PROJECT=platform/external/icu
ICU_REVISION=f17caeafcf20bd38074a9963c31df3629b70b5f5
ICU_VERSION_MAJOR=76
ICU_DATA_FILE=icudt76l.dat
ICU_DATA_SIZE=29094000
ICU_DATA_SHA256=c5450087565eb20ca37d70af5ef53a99a4c8e2e3da17c9140582b685f06d980f
ICU_UVERNUM_SHA256=dd8038453c55bcc1b7a2a7825dd995447363e962abc81171f1f10a142ca9161a
ICU_URENAME_SHA256=1bdc114c2c72e721fcb328f412e272825ebc6f3bf8e296c04ac20e16edf67363
ICU_UCONFIG_LOCAL_SHA256=5b45963069b688f3af1dc36eefaf125ad6dd7be54e71737ab10dbcbf2e914cea

DARWIN_ICU_NATIVES_CC_SHA256=dc80d6c267e58434b7bd4d0756c33b0368766905c1ce8cbe11c0f50b435338e6
DARWIN_ICU_NATIVES_H_SHA256=d215ded3bfee88ba891cdecd9dbbdbec9d0e86d2724a66a4b20cca81c9fa966c
DARWIN_LIBCORE_NATIVES_CC_SHA256=2f4a276820beae2794f55786ca9d7ac95e5171e716a57ed2ed3de4c0102b4636
DARWIN_LIBCORE_NATIVES_H_SHA256=77e02a91392b176d37ac9953ab59ef71590df03bd478cdc1e8686fbb955802d1
ADAPTER_ICU76_UNDEFINED_COUNT=50
ADAPTER_ICU76_UNDEFINED_MANIFEST_SHA256=cca83814368647a0e4db3129ca803d75baeafa0da16f9bab9eeefde6c0c96b77

ICU_COMMON_MEMBER_COUNT=201
ICU_I18N_MEMBER_COUNT=254
ICU_STUBDATA_MEMBER_COUNT=1
ICU_INIT_MEMBER_COUNT=2
EXPECTED_SMOKE_PREFIX='ICU runtime adapters: library=76.'
