# Android 16.0.0_r1 frameworks/base libs/hostgraphics module identity.
FRAMEWORKS_BASE_PROJECT=platform/frameworks/base
FRAMEWORKS_BASE_REVISION=99b01a65cc4c104933788b3143285ab6bae65827
HOSTGRAPHICS_SUBTREE=libs/hostgraphics
HOSTGRAPHICS_ANDROID_BP_SHA256=991037588c05bface8353344f0fa927917e4ccdf4fefecfb05ed7662fedf299b
HOSTGRAPHICS_SOURCE_COUNT=5
HOSTGRAPHICS_SOURCE_MANIFEST_SHA256=5e8af3cfd8a3b3371267f339887b73c9853eda43ccd1d76676abd1011277d4e0
HOSTGRAPHICS_HEADER_COUNT=9
HOSTGRAPHICS_HEADER_MANIFEST_SHA256=3dca22a15afee1d4d186d374b538f10a3f3ae3e53d4b0a305af5ca2e893f7efb

# Direct exported-header inputs not already present in the common Android 16
# frameworks/native and system/core materialization.
FRAMEWORKS_NATIVE_PROJECT=platform/frameworks/native
FRAMEWORKS_NATIVE_REVISION=2827a4a16b0340ecd07c2d5a6c89991799b362bb
NATIVEDISPLAY_DISPLAY_H_SHA256=11c3d2476981883e361a7a9983340521760ef454206055700645a567235d4d53
LIBHARDWARE_PROJECT=platform/hardware/libhardware
LIBHARDWARE_REVISION=cd2b68d71a1dd9a45668ddd9a507000ccd7ff114
LIBHARDWARE_HARDWARE_H_SHA256=05cc2f0108d6c87e36384380559943d34acd104e3c2ade9aeba4415cfb23aee8
