LIBCXX_LIBC_IMPORTS_SHA256=20990dbfd74db3a2a1c7d02e479286b032b7754a4c1e71a2cadb64a81cb391f9
ALLOCATOR_IMPORTS_SHA256=2efa2338b76ab8bc6dea3f466c6a4303ea9e409254ba17970f8ae9ec12c48d15
FILESYSTEM_IMPORTS_SHA256=7f10c0d963d74c5aefd94ebcd8684ba62e2f1f381c5f710f232b400d040a036a
TIME_IMPORTS_SHA256=1d8ff3315c77e9d7f5d368b5e91749e99d5598b2267d43997ce677265a3861b0
PTHREAD_IMPORTS_SHA256=aeb1810482f401708e3aa12387408aae04326f24a1e91f2d96a7dc0618bd02d4
PROCESS_STATE_IMPORTS_SHA256=c7928ec3e04d3b95e4143e850fd5317104cb3d3aa78f559b94adc1671ff7ff47
STDIO_IMPORTS_SHA256=5102a43c9132a417388b28df47660da522568e7a1eed2cdd6b80489b4919786a
LOCALE_IMPORTS_SHA256=05635070f62ea224eec6765272e0552fd49f8fdbc0a76161439c1ad1c5647972
NUMERIC_IMPORTS_SHA256=9ced87333a9e07c305ac1fadec774854180e808fb6703b7a8b556764eb118498
LIFECYCLE_IMPORTS_SHA256=9d5ec27decd7b014b4cf14bbe7aebd9d7a644dbe2429bc644b28372aa430941c
LEAF_PROVIDER_SOURCE_SHA256=8605eabe0a70517155e857e7651f6a37cbc84667a73dbec7e7647c7b04be2e00
ERRNO_PROVIDER_SOURCE_SHA256=3be95df13ceb1f96b846864441c9a1eb17d9eee4d8166d951ba9ddb72b973382
PHDR_PROVIDER_SOURCE_SHA256=49d83e221b516122be1950784d8c9bd475af04e6b80f8b5947802849f3b0d791
EXPECTED_IMPORT_COUNT=160
EXPECTED_OWNED_COUNT=112
