# Android 16.0.0_r1 frameworks/base host runtime ownership boundary.
FRAMEWORKS_BASE_PROJECT=platform/frameworks/base
FRAMEWORKS_BASE_REVISION=99b01a65cc4c104933788b3143285ab6bae65827
HOST_RUNTIME_CPP_SHA256=68f47a8c48de50531a871d83f8891306ab698f928b81f7761d2b680bd1bd06b7
ANDROID_RUNTIME_CPP_SHA256=c6123999af24acaaa5ea29a673e9c60e1d8b08d7ea34321328fe38e3b79a16cd
ANDROID_RUNTIME_H_SHA256=6d518a63b8a6918f5428b02e7b2e05e252b89e55d3660a32d86813a7f462f714
UPSTREAM_HOST_UNRESOLVED_COUNT=17
UPSTREAM_HOST_UNRESOLVED_SHA256=aafb69406e44afc9cd03394717316f0c910284914e50eb5dcca1324f4add54e9
DARWIN_ANDROID_RUNTIME_HOST_CPP_SHA256=e0212ce9fe2165cb8effe5c4ace7ceaaca062c658342be8288e550b0c8125d2e
DARWIN_ANDROID_RUNTIME_HOST_H_SHA256=91045bfa920744a90ce145409cabb18a3541816f8fa57d2dc6c3807d7265404d
DARWIN_ANDROID_RUNTIME_HOST_PROBE_SHA256=85f613a0ee87675abdc06e850852266622a22d4aeeb1b3362e720500902268f3
