# Android 16.0.0_r1 libziparchive_for_incfs source identity.
PROJECT=platform/system/libziparchive
REVISION=72e12bb04c91f9136a5d8a8a851de7bed7f5f766
ANDROID_BP_SHA256=600ceee6339f00130b3ae0469d3ed8e7d018d877c66555b73a1876b575835206
SOURCE_COUNT=6
SOURCE_LIST_SHA256=780e7037999b6e9c390726681c0a6f4955e5a960f846e87f9312078acde2e1aa
SOURCE_MANIFEST_SHA256=7887577cf29ebf6137abb4d490054f0b971331507ba287b953cbf581bb04a93d
ARCHIVE_MEMBER_COUNT=6
UNDEFINED_SYMBOL_COUNT=77
UNDEFINED_SYMBOLS_SHA256=9f3d99f59a2967d3e15384c94f2f3650eaf14ff695858ab56c2953ee9cc75d12
LIBBASE_POSIX_STRERROR_R_SHA256=cdf44156debb328bb25af8f5df40f3b9703ff5797f5da25e5f6fcb8503e01eff
