LIBCORE_PROJECT=platform/libcore
LIBCORE_REVISION=080fac8bb8670bc7fbc895050caf4b13c4d6cd12
NATIVE_ANDROID_BP_SHA256=3c38ef17fe99d0e75e55a005ed4beb6af9608361cfe2d694de945eb492f68b9e
ONLOAD_CPP_SHA256=2c6fe99395f4a9ae3d31d8d9c691bbc435abb8475542ce159b39e5254bb95670
UNIX_NATIVE_DISPATCHER_C_SHA256=eb16ac84317b1dc6ed9e7aa8f27f28fcf984cb53ce24406d39e2e7a9a750600b
UNIX_NATIVE_DISPATCHER_H_SHA256=8586faebae593526081ee6418333d39a4c484c5678862d9c1ef9d1f7016b8ccc
UNIX_NATIVE_DISPATCHER_JAVA_SHA256=e118883f07e448b06daa83044ffe8f8deb0dcd0b2ffe535cd5da62333306a473
JNI_UTIL_C_SHA256=ba2bce59bf8acebf78d74cdbee89c706d9b669d4fc4e1c95684a0260436daa7a
JNI_UTIL_MD_C_SHA256=7d679fbac7ed2030692f5e1099897978850cd306b3f02c5ece9f1868b42de52a
JNI_UTIL_H_SHA256=47650fa575d8dec72c53ff1e7c35225a7b06cd847c15c4ff2f5d79c21c6ffae8
JLONG_H_SHA256=615acf5c8420f6c8f9a705723f84c766b4c207c4482191546c5b657a88caa712
JLONG_MD_H_SHA256=0288abc078d459dbdc1087b69c60c517c00d88f3464feea494478a19233edbb2
DARWIN_PATCH_SHA256=1a00439e0d15e30705acc4e3cb6e978c88ccc8bef29c4f46b5c54ba9c10de376
PATCHED_UNIX_NATIVE_DISPATCHER_C_SHA256=9f0527d3d307b78583826da5e25766358005d7e0cdb82d557189f631b99af713
LIBOPENJDK_SOURCE_COUNT=59
UNIX_NATIVE_DISPATCHER_SOURCE_COUNT=1
UNIX_NATIVE_DISPATCHER_METHOD_COUNT=47
UNIX_NATIVE_DISPATCHER_METHOD_MANIFEST_SHA256=03e7f33bcf005dbd0c333001a4c172a2ad35a268d6b8c9b58192ed6ea3cfbd58
