NDK_REVISION=28.2.13676358
NDK_RELEASE_NAME=r28c
ANDROID_API=35
NDK_LIBCXX_SHARED_SIZE=9236352
NDK_LIBCXX_SHARED_SHA256=ab4e6c71b96b851de45a8a9bd86369e7dbc2130a44b3b4520564be94847910f2
NDK_PTHREAD_TYPES_H_SHA256=1b727fc1200b6aae864bfd0d153516edd763a503603b49f3a00bebffb6016e35
NDK_PTHREAD_H_SHA256=99658fe9042919bc91ed3ed4c9033c0c69196f826baa42ba854f7804dcec695d
LIBCXX_PTHREAD_IMPORT_COUNT=24
SUPPORTED_PTHREAD_IMPORT_COUNT=24
UNSUPPORTED_PTHREAD_IMPORT_COUNT=0
EXTRA_LIFECYCLE_OWNER_SYMBOL_COUNT=1

BIONIC_PROJECT=platform/bionic
BIONIC_REVISION=361ba86734fb2821a6adcfdf775db8abd04e0de0
BIONIC_PTHREAD_ONCE_CPP_SHA256=a9ba254c04bd65b18d8f00cdf3f9c451a3c2c87a9a275ad74f0dda50fdd25716
BIONIC_PTHREAD_MUTEX_CPP_SHA256=6a04da1ba9dd8bbfe237c46cc405e6efae802906e859d0da28520768786da08d
BIONIC_PTHREAD_KEY_CPP_SHA256=193a975bb4ae41bd3d6a0527f860ba9e7d35903bd4329c20eca175338db508af
BIONIC_PTHREAD_SELF_CPP_SHA256=ad0eff28eb260887a6945ae2a093aafc00c245785d93deb31eb07c52aaa4b982
BIONIC_PTHREAD_COND_CPP_SHA256=779e5992e65a5419251ebc64794e42537d16939cdbd337e3a2ad11d30b8ca79d
BIONIC_PTHREAD_RWLOCK_CPP_SHA256=25266015ff2091e77ceafd4e758b817269f0448761fb6a5b43db0e27b84cd6bf
BIONIC_PTHREAD_CREATE_CPP_SHA256=7d9492720a63c2e72bda6e490595e4ec35033156c318c4c66cb45a4b22ceee69
BIONIC_PTHREAD_JOIN_CPP_SHA256=62b6ac3f3045c5a21c414a4a71a3f92cbb215ed959a7e163ebd73c7c7f4f6d3c
BIONIC_PTHREAD_DETACH_CPP_SHA256=74d9b6f6821ffe944925050cc4c604139661de7fa15feae8a8d9dae77660b2c0
BIONIC_PTHREAD_INTERNAL_H_SHA256=ab8d99114b4cfcc2c30fecbb87c434492dc2eab931ade1655746442536c09b75
LOCKED_BIONIC_SOURCE_COUNT=10

ANDROID_ARM64_PTHREAD_T_SIZE=8
ANDROID_ARM64_PTHREAD_KEY_SIZE=4
ANDROID_ARM64_PTHREAD_ONCE_SIZE=4
ANDROID_ARM64_PTHREAD_MUTEX_SIZE=40
ANDROID_ARM64_PTHREAD_MUTEXATTR_SIZE=8
ANDROID_PTHREAD_MUTEXATTR_TYPE_MASK=0x000f
ANDROID_PTHREAD_MUTEXATTR_SHARED_MASK=0x0010
ANDROID_PTHREAD_MUTEXATTR_PROTOCOL_MASK=0x0020
ANDROID_PTHREAD_MUTEXATTR_DESTROYED=-1
ANDROID_PTHREAD_MUTEX_NORMAL=0
ANDROID_PTHREAD_MUTEX_RECURSIVE=1
ANDROID_PTHREAD_MUTEX_ERRORCHECK=2
ANDROID_ARM64_PTHREAD_COND_SIZE=48
ANDROID_ARM64_PTHREAD_RWLOCK_SIZE=56
ANDROID_PTHREAD_COND_SHARED_MASK=0x0001
ANDROID_PTHREAD_COND_CLOCK_MASK=0x0002
ANDROID_PTHREAD_COND_COUNTER_STEP=0x0004
ANDROID_PTHREAD_COND_DESTROYED=0xdeadc04d
ANDROID_PTHREAD_RWLOCK_PENDING_READERS=0x00000001
ANDROID_PTHREAD_RWLOCK_PENDING_WRITERS=0x00000002
ANDROID_PTHREAD_RWLOCK_READER_STEP=0x00000004
ANDROID_PTHREAD_RWLOCK_WRITER_OWNED=0x80000000
ANDROID_PTHREAD_RWLOCK_MAX_READERS=536870911
ANDROID_PTHREAD_KEY_VALID_MASK=0x80000000
ANDROID_PTHREAD_KEY_USER_SLOTS=128
ANDROID_PTHREAD_ONCE_COMPLETE=2
ANDROID_PTHREAD_MUTEX_DESTROYED=0xffff

FIXTURE_C_SHA256=44e0efe6dc09d035e9098d1291387276e46eae72ac163fb4bfd8fda5296123e2
FIXTURE_EXPORTS_SHA256=b51544bb8dc237735cd39f5abf2f514721b89c86e8b50b969462f43168a6df23
COND_STRESS_SHA256=1c57b491a69800c5c4125795fbd6df28419b57e1fd6791244e041458c742aa1a
RWLOCK_STRESS_SHA256=e55045255f2d13ed5c97fdede7537ab636fb0bf8070eb62e9287dff3543a4a47
MUTEX_ATTR_STRESS_SHA256=6e0d1f5bb6bbba8469b2ce5e35e4a572bb0ddfccdd80e6902298aba772b99a20
THREAD_LIFECYCLE_STRESS_SHA256=3822fb5ce4e83b1acfc99b50bd4f5fd829929c4959c98f65e8f2008486acf1c9
FIXTURE_ELF_SHA256=1fea15a3f0d60cffff28fafe75ff431a89d969eb5fddff159a6e26c27b7cb36d
