FRAMEWORKS_BASE_PROJECT=platform/frameworks/base
FRAMEWORKS_BASE_REVISION=99b01a65cc4c104933788b3143285ab6bae65827
ANDROID_BP_SHA256=3f86f0f0b804a4b4df0245f1c8bc9c0f461bcb6e62ed41c86e6b3fee0f8656b2
SOURCE_SHA256=64d90381a9ff0b3a0c359a4320662b741e4e199daa2aeb71d173ddad3a88017a
CORE_JNI_HELPERS_SHA256=434429b82ba1aa40153adb964e941a5a1ac394bca52437d4bf6d619749a3d98b
JNI_WRAPPERS_SHA256=73ddffcdf1d52b93159cdcd7ab50b2527660898541c05494498599b407fbee94
ANDROID_RUNTIME_H_SHA256=6d518a63b8a6918f5428b02e7b2e05e252b89e55d3660a32d86813a7f462f714
METHOD_COUNT=2
METHOD_MANIFEST_SHA256=3a38556ec7764f2de4af6578dfa6fc9c899dc54bb4eb5b88b8e341790de4ace0
