ANDROID_TAG=android-16.0.0_r1
ICU_PROJECT=platform/external/icu
ICU_REVISION=f17caeafcf20bd38074a9963c31df3629b70b5f5
ICU_JNI_SUBTREE=android_icu4j/libcore_bridge/src/native

ANDROID_BP_SHA256=c74ca14df1ecf06b6a4cf63997214a2c6384e90ed4ce2a74836eb331c5f35f48
CPP_SOURCE_COUNT=15
CPP_SOURCE_MANIFEST_SHA256=2f8751b53722c134a94fee5e699ce361ddc026086592b483d9bef2a90a6ec355
HEADER_SOURCE_COUNT=5
HEADER_SOURCE_MANIFEST_SHA256=395775c750bf75ab4dc42eb4807dcda6d873681f6fcc09568d233577cd83fdf8
SOURCE_TREE_MANIFEST_SHA256=09252b283331aac36544353b72b29e1410abb7e46a76f2f401ab0e4d3e8c37f8
BYTESWAP_COMPAT_SHA256=dab625ff0acbb7d8d3caa280dd3e5aa6f5a5e58e5bcf5ece62884f36b2f7d308
STDATOMIC_COMPAT_SHA256=5ffdfa8e79c45cb3f230ef949caa978de18804549e20c366bb38fa2abb590772
PUBLIC_HEADER_SHA256=1ea31c61e6c9e7dd72fcdf4c184060375521f3f2f8924973d9f1b08c1d19c74c

ARCHIVE_MEMBER_COUNT=15
ARCHIVE_MEMBER_MANIFEST_SHA256=16d35409e0ddb21e2da893ea7a30f23f161478e51be426e088a0928bf09fb1fd
GLOBAL_DEFINITION_COUNT=71
GLOBAL_DEFINITION_MANIFEST_SHA256=335288933932c13823048bcdc9f0a4e41b2d20507818042fab7d4deef26dccb5
UNDEFINED_SYMBOL_COUNT=162
UNDEFINED_SYMBOL_MANIFEST_SHA256=cf114ee0c16614f2da824cc2e4dbf0df2421cd6824d90fd74605caddeb628ccd
SAFE_JNI_ONLOAD_SYMBOL=darwin_art_icu_jni_on_load
SAFE_JNI_ONUNLOAD_SYMBOL=darwin_art_icu_jni_on_unload
