NDK_REVISION=28.2.13676358
NDK_API=35
NDK_SOURCE_PROPERTIES_SHA256=c00aa236fdb205e9be9edd9e2169763e48aca52735efff4e16f34205d49783b5
NDK_LIBCXX_SHARED_SHA256=ab4e6c71b96b851de45a8a9bd86369e7dbc2130a44b3b4520564be94847910f2
NDK_LIBCXX_NEEDED_COUNT=3
NDK_LIBCXX_NEEDED_MANIFEST_SHA256=d48408383dbf1ec8b1652c4174d4ffc715ff6611314062310253bb83433437f6
NDK_LIBCXX_VERNEED_COUNT=2
NDK_LIBCXX_VERNEED_MANIFEST_SHA256=ae1f6ccd475c93b47f0f9f8ffdc25e16ccaf8fac02bb76ad795e87199042c5e1
NDK_LIBCXX_LIBM_DYNSYM_IMPORT_COUNT=0
NDK_LIBCXX_LIBM_VERNEED_COUNT=0

NDK_LIBM_STUB_SHA256=a2971474421066ccfde7e9622b908b2bb5f902cb708ca3cc63303ac82469363d
NDK_LIBM_EXPORT_COUNT=286
NDK_LIBM_VERSIONED_EXPORT_MANIFEST_SHA256=76c984ac12c04878cb9f709058c2d8a846a2b632cc047bfcff4309c3040d6203
SAFE_SUBSET_COUNT=4
SAFE_SUBSET_MANIFEST_SHA256=6b21c1c155137a1cdd9038f7a5570cd105e7886b043940c75c0c506341f47cfe

