ART_PROJECT=platform/art
ART_REVISION=ed6c006bd06ae060bd9698fd2cb25c4865512ec3
LIBCORE_PROJECT=platform/libcore
LIBCORE_REVISION=080fac8bb8670bc7fbc895050caf4b13c4d6cd12
OPENJDKJVM_ANDROID_BP_SHA256=3c44c6a0fd701d18f178a29443cdf9393877c75ae26d9b6e1c206a468bfba468
OPENJDKJVM_CC_SHA256=13b925ea37168d1e2c6a8a79aa15ca39ea9667542acf311f1bd9f9dfa7a1eb17
DARWIN_PATCH_SHA256=a2b4601b8dac3d4d89c5ceccb16994a531afd41d2552c05bb93089f6497ccce2
PATCHED_OPENJDKJVM_CC_SHA256=9fb32ca0c58de7eaaeb5d6d49ef02987e5da02d9e66ff9ce8407d2c816d108e8
JVM_H_SHA256=7f4ecd9ba97b79d07ed715c3d131a9c1c14b2f5974286445570ac7b6bf2fe542
JVM_MD_H_SHA256=9b5c1f6cb23370a69c2e05d6f9e6a63738afa4cef654e4068d045193eaa604c8
CLASSFILE_CONSTANTS_H_SHA256=860ab5d3892474de3ecded9eb10deec78993987dce1eb5f6b711f9d031927397
OPENJDKJVM_SOURCE_COUNT=1
OPENJDKJVM_EXPORT_COUNT=55
OPENJDKJVM_EXPORT_MANIFEST_SHA256=f682664c3a72b39cf2bb041188cc001aae92c6eea4f72c12e29f2a36cfe6ce01
