LIBCORE_PROJECT=platform/libcore
LIBCORE_REVISION=080fac8bb8670bc7fbc895050caf4b13c4d6cd12
NATIVE_ANDROID_BP_SHA256=3c38ef17fe99d0e75e55a005ed4beb6af9608361cfe2d694de945eb492f68b9e
ONLOAD_CPP_SHA256=2c6fe99395f4a9ae3d31d8d9c691bbc435abb8475542ce159b39e5254bb95670
FILE_DESCRIPTOR_MD_C_SHA256=5bfc428e55a0757386fad7409e44b3466fdd840fdac94f73a641f72d112a6e02
JNI_UTIL_C_SHA256=ba2bce59bf8acebf78d74cdbee89c706d9b669d4fc4e1c95684a0260436daa7a
JNI_UTIL_MD_C_SHA256=7d679fbac7ed2030692f5e1099897978850cd306b3f02c5ece9f1868b42de52a
JNI_UTIL_H_SHA256=47650fa575d8dec72c53ff1e7c35225a7b06cd847c15c4ff2f5d79c21c6ffae8
JLONG_H_SHA256=615acf5c8420f6c8f9a705723f84c766b4c207c4482191546c5b657a88caa712
JLONG_MD_H_SHA256=0288abc078d459dbdc1087b69c60c517c00d88f3464feea494478a19233edbb2
JVM_H_SHA256=7f4ecd9ba97b79d07ed715c3d131a9c1c14b2f5974286445570ac7b6bf2fe542
JVM_MD_H_SHA256=9b5c1f6cb23370a69c2e05d6f9e6a63738afa4cef654e4068d045193eaa604c8
CLASSFILE_CONSTANTS_H_SHA256=860ab5d3892474de3ecded9eb10deec78993987dce1eb5f6b711f9d031927397
DARWIN_PATCH_SHA256=abed68da75c7ecf82a1a16d2b6ae02be19a43295bfa37d4316ac2047842d0730
PATCHED_FILE_DESCRIPTOR_MD_C_SHA256=b504c734d5ce7a1406fbcf4e0ec4923a4deebbc89ef1219121328c758c416109
LIBOPENJDK_SOURCE_COUNT=59
FILE_DESCRIPTOR_SOURCE_COUNT=1
FILE_DESCRIPTOR_METHOD_COUNT=3
FILE_DESCRIPTOR_METHOD_MANIFEST_SHA256=2ff6638df554043c649546986a295bbcb8291cd8b6e3523dd95e7d452e0ce314
