EXTERNAL_ICU_PROJECT=platform/external/icu
EXTERNAL_ICU_TAG_OBJECT=e293941d8913067665b1476c9ed607abad15ba7d
EXTERNAL_ICU_REVISION=f17caeafcf20bd38074a9963c31df3629b70b5f5
EXTERNAL_ICU_TREE=d78319c590b101e4993843d42ef1e116dddec04d
ANDROID_ICU4J_TREE=546482966c166a16009c77e224f8fc9f9553facc

SDK_SYSTEM_IMAGE_PACKAGE=system-images/android-36/google_apis_playstore_ps16k/arm64-v8a
SDK_SYSTEM_IMAGE_REVISION=6
SDK_SYSTEM_IMAGE_SIZE=2947547136
SDK_SYSTEM_IMAGE_SHA256=3dc5d638594ec40913b77f684497e992e12ecd2554447871f22d4b2f10851485
SDK_SYSTEM_IMAGE_FINGERPRINT=google/sdk_gphone16k_arm64/emu64a16k:16/BP22.250325.006/13344233:user/dev-keys

SDK_SYSTEM_IMAGE_4K_PACKAGE=system-images/android-36/google_apis_playstore/arm64-v8a
SDK_SYSTEM_IMAGE_4K_SIZE=2294284288
SDK_SYSTEM_IMAGE_4K_SHA256=2ebdd63ebcbdc24d2190d1b67e4b78b1aa900a501449ec2a34ac46b3e13f1cfb
I18N_APEX_4K_SIZE=37642240
I18N_APEX_4K_SHA256=d102f218f387f7e1740df71bbb155b81adb47c95062e0fb6d92098c6e64fcd5c

GPT_SUPER_START_LBA=4096
GPT_SUPER_SIZE_BYTES=2944401408
LP_GEOMETRY_MAGIC_BYTES=67446c61
LP_GEOMETRY_SHA256=4e31cf64275442f40e25c772a18d1fccd8b1291232e593f65e522fc7ac07df03
LP_METADATA_MAJOR=10
LP_METADATA_MINOR=0
LP_METADATA_HEADER_SHA256=7671567654a9e5b07854e5ce60c29b733b312aae20d28b2c46966cc5d276c9cb
LP_METADATA_TABLES_SHA256=bc67b449b6c0e3a560ac7707f75b26a6800af7ea3952e91484af3b52b4bb1c3e
LP_SYSTEM_PHYSICAL_OFFSET=3145728
LP_SYSTEM_SIZE_BYTES=652832768
EROFS_MAGIC_BYTES=e2e1f5e0
EROFS_BLOCK_SIZE=4096

I18N_APEX_PATH=/system/apex/com.android.i18n.apex
I18N_APEX_SIZE=37634048
I18N_APEX_SHA256=f8eeaedb2a6a1d8edbf100c2d780c00377b3006ead7e7c2b0e26324c60ef3def
I18N_APEX_PAYLOAD_SHA256=2705397d51a16b6a18f8d3d54741d03a329960b7b5ea3941915d8a8256d7a5d6
I18N_APEX_VERSION=1

CORE_ICU4J_APEX_PATH=/javalib/core-icu4j.jar
CORE_ICU4J_SIZE=3041917
CORE_ICU4J_SHA256=f649d9357d00e94dc7820cc41bea24125b8410e00c3e33ee9e7c0dba0ad9047c
CORE_ICU4J_DEX_SIZE=3022524
CORE_ICU4J_DEX_SHA256=f24634d1a56f43d88b78e3a7d2ad31cf0e2a49681fd4d9045659d7e1b5acd9e9
CORE_ICU4J_DEX_VERSION=039
CORE_ICU4J_CLASS_COUNT=1795
CORE_ICU4J_METHOD_COUNT=16316
CORE_ICU4J_ICU_MAJOR=76
CORE_ICU4J_ICU_MINOR=1
CORE_ICU4J_DATA_PATH=76b
CORE_ICU4J_ZYGOTE_COMPAT_SHA256=5c7d64abeca8534f40b0d6d55a9a94741038e2f64e6b0998fdf33c709cea3439
CORE_ICU4J_CONFIG_SHA256=a49410561076832c1c3ab8a7ca67b6723df46def080b9f8fd9f0ca14b53f9e98

ICU_DATA_PATH=/etc/icu/icudt76l.dat
ICU_DATA_SIZE=29094000
ICU_DATA_SHA256=c5450087565eb20ca37d70af5ef53a99a4c8e2e3da17c9140582b685f06d980f
