# NDK r28c, API 35, Darwin-hosted ARM64 Android ABI fixture.
NDK_REVISION=28.2.13676358
NDK_API=35
NDK_SOURCE_PROPERTIES_SHA256=c00aa236fdb205e9be9edd9e2169763e48aca52735efff4e16f34205d49783b5
NDK_DLFCN_H_SHA256=134558a19eaed3763c7f2b304b91637f67820363569571da67c3ac257f338d90
NDK_DLEXT_H_SHA256=c0d77220f274ea57f414f6b5add3a63ee705a5102a96cdaa2e41c4ed5fc62959
NDK_FIXTURE_SOURCE_SHA256=05fdd778cf40824bb4f3282c476bc3edcf4d359d00b05a7bd068f356adb9f5b2

NDK_LIBCXX_SHARED_SHA256=ab4e6c71b96b851de45a8a9bd86369e7dbc2130a44b3b4520564be94847910f2
NDK_LIBCXX_IMPORT_COUNT=161
NDK_LIBCXX_IMPORT_MANIFEST_SHA256=f1cab4abefc83909b1c5a7cf2eabfb44e0edc5f2a1fa41af3addbe5bd69fdb2a
NDK_LIBCXX_LIBC_VERSIONED_IMPORT_COUNT=160
NDK_LIBCXX_UNVERSIONED_IMPORT_COUNT=1
NDK_LIBCXX_LIBC_SO_IMPORT_COUNT=159
NDK_LIBCXX_LIBDL_SO_IMPORT_COUNT=1

NDK_LIBDL_STUB_SHA256=8ffe653ef85c82b83c84d3ae132cce9efee68900619c2f3a778a696e70664ce1
NDK_LIBDL_EXPORT_COUNT=12
NDK_LIBDL_EXPORT_MANIFEST_SHA256=24960471d7d77851cb548cf8fdfb142f3f1ad505b71d1b067eb98035eb6ed171
LOADER_LIBDL_FIRST_OWNER_COUNT=5

NDK_LIBLOG_STUB_SHA256=04159e64e248f76f0f1dbd152d19566591a26bb3b173be18e65d2c9071e41c1f
NDK_LIBLOG_EXPORT_COUNT=18
NDK_LIBLOG_EXPORT_MANIFEST_SHA256=9e4aa48ea1e46596a9dcf5b07d16daa90d6e976aae58f3e3c3084efdbdde3d0d

AOSP_SYSTEM_LOGGING_REVISION=d78b713380007d3c0dde14712cbcbec27f491ad9
AOSP_LIBLOG_MAP_SHA256=0f6863b6ac213350f96292402c0834c8fb89fa02042e960a80428304c0355019
AOSP_LIBLOG_DARWIN_ARCHIVE_SHA256=c4fc1bcdb5cbe89a443bdfe3a9ace88c44c5d19b5457c34e5b1d2fe16f38290f
AOSP_LIBLOG_DARWIN_MEMBER_COUNT=9
AOSP_LIBLOG_DARWIN_DEFINITION_COUNT=94
AOSP_LIBLOG_DARWIN_DEFINITION_MANIFEST_SHA256=56a6af81e8bdbeb27d014de283a37ec815aaff68a33b2af23a714e9351177521
