# Android 16.0.0_r1 libandroidfw Darwin host foundation inputs.
FRAMEWORKS_BASE_PROJECT=platform/frameworks/base
FRAMEWORKS_BASE_REVISION=99b01a65cc4c104933788b3143285ab6bae65827
ANDROIDFW_ANDROID_BP_SHA256=c026ccf631cd0f89b27723076228e6f4b688a2e74a99dff19330525417aef951
ANDROIDFW_SOURCE_COUNT=34
ANDROIDFW_SOURCE_LIST_SHA256=43e03da405c84fa2a8a78da1c8a37e1841927313c46eebd189ff7293358ba4b1
ANDROIDFW_SOURCE_MANIFEST_SHA256=97d595bf5d1d8dce182673521184879f1aaa687e750269721d8ead6a431b49f0
ANDROIDFW_PATHUTILS_SHA256=ef795879c6323afc0b6a04082c51f24d420f0e3f1bfba7fbb09c630bad2ba4b5

INCREMENTAL_DELIVERY_PROJECT=platform/system/incremental_delivery
INCREMENTAL_DELIVERY_REVISION=c999e3e207ec7633a172d773dda162746b6eaf18
INCFS_ANDROID_BP_SHA256=26f6f9dccd0fc75e33426933cd32261052ae3e184eee02b2c71c9022a9717c50
INCFS_MAP_PTR_SHA256=6566439ebd28018189333bfc2c7a013ef98be6ea8c29dfa6f1ee688163f0317c
INCFS_MAP_PTR_HEADER_SHA256=f67c6e7624dda4f48d493c3dafd3751359d0e8575016e2b92b652ce1882116e2

FRAMEWORKS_NATIVE_REVISION=2827a4a16b0340ecd07c2d5a6c89991799b362bb
FRAMEWORKS_NATIVE_FTL_STATIC_VECTOR_SHA256=02e2ffd7bd498a263280d62c89e7798273c44a98f57158f69c2d9250b8b3df91
SYSTEM_CORE_REVISION=68be0c2c0006a0740d0b1809abe4717308f90d15
SYSTEM_CORE_STRING8_HEADER_SHA256=c763629bd69fe6959a9c5b1cdb5cf12ffb5fadbb230aa68b126c913de5d0afbb
SYSTEM_LOGGING_REVISION=d78b713380007d3c0dde14712cbcbec27f491ad9
LIBBASE_REVISION=0ac7ea4a65d981166d6e5617e1e4ef0572f774e5
LIBBASE_RESULT_HEADER_SHA256=918dfaa2401a6b0eedb648fb2d6bd7230d9418cd619fa5cb3fa111c665991369
LIBZIPARCHIVE_REVISION=72e12bb04c91f9136a5d8a8a851de7bed7f5f766
LIBZIPARCHIVE_PUBLIC_HEADER_SHA256=28c92fa2d52d99a7fbd93f9b75e46abcfc155f8fa606fe92e2a491866bea6a7a
FMTLIB_REVISION=b94c6ae0bc963c4f38bce355fe74bec30eaf0be2
FMTLIB_FORMAT_HEADER_SHA256=d3a42544740378ad8c04a5d59f94c13121716630416ee1b37fca702a8391f660
LIBPNG_REVISION=6dd415783321a0c670387f0a5d51776b2c1f629a
ZLIB_REVISION=c1f2595cae6ef4703003a8c9ea53239a10d7a1dd

ARCHIVE_MEMBER_COUNT=36
UNDEFINED_SYMBOL_COUNT=295
UNDEFINED_SYMBOLS_SHA256=47683bddb3187f08a42825ee430acca58c92b919237cd8778f2de5a9d731346e
