LIBBASE_PROJECT=platform/system/libbase
LIBBASE_REVISION=0ac7ea4a65d981166d6e5617e1e4ef0572f774e5
LIBBASE_ANDROID_BP_SHA256=e0736e948e516bc431f759273d64d4bd8d1461396ea060531be1479fc64d5ef2
LIBBASE_DARWIN_SOURCE_COUNT=18
LIBBASE_DARWIN_SOURCE_MANIFEST_SHA256=089977a3f6f2bc454a3fc17e97d7326fa484598ca67481ef313cfcdd719e11bc

FMTLIB_PROJECT=platform/external/fmtlib
FMTLIB_REVISION=b94c6ae0bc963c4f38bce355fe74bec30eaf0be2
FMTLIB_ANDROID_BP_SHA256=ff48ddb967fcb7190994154aa49f51309a46bf70f3cb740bf824fb255cabc98d
FMTLIB_FORMAT_SOURCE_SHA256=c253dc156509a9cba330bbad3f3d7057d8de33acedbe64fc3e8c5a18bc171def
