# Android 16.0.0_r1 SurfaceFlinger core and generated-interface identity.
FRAMEWORKS_NATIVE_PROJECT=platform/frameworks/native
FRAMEWORKS_NATIVE_REVISION=2827a4a16b0340ecd07c2d5a6c89991799b362bb
FRAMEWORKS_NATIVE_SERVICES_SURFACEFLINGER_TREE=44c4ddc6720cd5aacbcc10baadf61cd4cb235eb8
FRAMEWORKS_NATIVE_LIBS_RENDERENGINE_TREE=4b306c0b837d62b8f9cde8ce55c5a27385bae4dd
FRAMEWORKS_NATIVE_LIBS_FTL_TREE=06ce418f79bf026354fe1a100ccd402f42455d8a
FRAMEWORKS_NATIVE_LIBS_BINDER_TREE=ca7dcf134125d1f392176631e825ecaa9482b48d
FRAMEWORKS_NATIVE_LIBS_GUI_TREE=838d42eea940cb4033a1d86c865f3dd6a9562539
FRAMEWORKS_NATIVE_LIBS_INPUT_TREE=209b2b51b907fe92f753a870cfa1d93c08d31b6c
FRAMEWORKS_NATIVE_AIDL_GUI_TREE=735e25c05668fcee2744ddd6bcbf89950839a2ab

HARDWARE_INTERFACES_PROJECT=platform/hardware/interfaces
HARDWARE_INTERFACES_REVISION=5688f7eb1e117ed26e642a695de300b7683acb87
HARDWARE_INTERFACES_COMMON_AIDL_TREE=4faa083341393a2724b052424ff0c72fc66896ef
HARDWARE_INTERFACES_GRAPHICS_COMMON_TREE=43cca5d14a5dae54138c3274fbe501073975b236
HARDWARE_INTERFACES_GRAPHICS_BUFFERQUEUE_TREE=e62c5f14bc1eb6dd3dc0f797ae95c59d6105b6be
HARDWARE_INTERFACES_GRAPHICS_COMPOSER_AIDL_TREE=53dc89ba78ec9c8609bc1d3ee060a20850b616b2
HARDWARE_INTERFACES_MEDIA_1_0_TREE=296eea41bc27c28f41da196e383180ecd5041443

SYSTEM_LIBHIDL_PROJECT=platform/system/libhidl
SYSTEM_LIBHIDL_REVISION=93f79786f64c02b71ba899a46c34829266f9c370
SYSTEM_LIBHIDL_TREE=2998032cc3ad1d158c2f75e593464748485051f6
SYSTEM_LIBFMQ_PROJECT=platform/system/libfmq
SYSTEM_LIBFMQ_REVISION=674a2103f2bd9bd5505c58e83af3042be2a24adf
SYSTEM_LIBFMQ_TREE=07558eb41bf16fad03941ddab8107810084feee4

PREBUILTS_BUILD_TOOLS_PROJECT=platform/prebuilts/build-tools
PREBUILTS_BUILD_TOOLS_REVISION=8c01d80d728e5bf542e7d754064994d3f1107a7d
HIDL_GEN_SHA256=99fcea69da4dfde9087fdd744854f64e47de30c74d16b9ed1ca030e4a1b03be2
ACONFIG_SHA256=82f2f99f059b60335c84e7dfc030162df1f6941ebc0e45cda87300c80a0c114b

SDK_BUILD_TOOLS_URL=https://dl.google.com/android/repository/build-tools_r36_macosx.zip
SDK_BUILD_TOOLS_ZIP_SHA1=199ae0047ee61e842f8ee0c6d3918e44fb9a1f83
AIDL_SHA256=c422770a410e509659423b290aedd5ea8997c04033df3db2b86d9d6cd1688da3
