LIBCORE_PROJECT=platform/libcore
LIBCORE_REVISION=080fac8bb8670bc7fbc895050caf4b13c4d6cd12
NATIVE_CODE_BP_SHA256=4ae6363326cc377635e89fc53e0f85ebbb6d26fe0f9f4f97c6c60dac7e83633f
NATIVE_ANDROID_BP_SHA256=3c38ef17fe99d0e75e55a005ed4beb6af9608361cfe2d694de945eb492f68b9e
ONLOAD_CPP_SHA256=2c6fe99395f4a9ae3d31d8d9c691bbc435abb8475542ce159b39e5254bb95670
UNIX_FILESYSTEM_C_SHA256=534848f6b963ae1c1aa6c888e076e7f516c4263b4795e8da2b7514d8033074e0
CANONICALIZE_C_SHA256=78ec1f4cff49e119d598df760b0d1439565775770aeeebbd337b10b40755360b
CLASSFILE_CONSTANTS_H_SHA256=860ab5d3892474de3ecded9eb10deec78993987dce1eb5f6b711f9d031927397
JNI_UTIL_C_SHA256=ba2bce59bf8acebf78d74cdbee89c706d9b669d4fc4e1c95684a0260436daa7a
JNI_UTIL_MD_C_SHA256=7d679fbac7ed2030692f5e1099897978850cd306b3f02c5ece9f1868b42de52a
IO_UTIL_MD_C_SHA256=0a112bac73bb02c9bbae12ffb06847c2c68e65a46062e43fb8444bddb58dfdcb
JNI_UTIL_H_SHA256=47650fa575d8dec72c53ff1e7c35225a7b06cd847c15c4ff2f5d79c21c6ffae8
JLONG_H_SHA256=615acf5c8420f6c8f9a705723f84c766b4c207c4482191546c5b657a88caa712
JLONG_MD_H_SHA256=0288abc078d459dbdc1087b69c60c517c00d88f3464feea494478a19233edbb2
JVM_H_SHA256=7f4ecd9ba97b79d07ed715c3d131a9c1c14b2f5974286445570ac7b6bf2fe542
JVM_MD_H_SHA256=9b5c1f6cb23370a69c2e05d6f9e6a63738afa4cef654e4068d045193eaa604c8
IO_UTIL_H_SHA256=4676cd55837c5ffac21cc7f863deaa17064741e8e5c76703695f61ba1900f597
IO_UTIL_MD_H_SHA256=cd2f94734f77c345d0fa2fc124440d5926043a9fe5d9102a80847c1d79a4fd4e
JAVA_IO_FILESYSTEM_H_SHA256=7fe50338ae2db147f74b78029b56dd53741949ec8c70f629b93e98c31ff33c1a
JAVA_IO_UNIX_FILESYSTEM_H_SHA256=b5303fea15d13510cf7d7ced7ee5c832c4386677cb9c9d2c7b04fed15b0470be
LIBOPENJDK_SOURCE_COUNT=59
UNIX_FILESYSTEM_CLOSURE_SOURCE_COUNT=5
UNIX_FILESYSTEM_CLOSURE_SOURCE_LIST_SHA256=b58c2346612d37c27dd5c693df543719e393bdbb358ee4bcebb639b6918d50f3
UNIX_FILESYSTEM_METHOD_COUNT=12
UNIX_FILESYSTEM_METHOD_MANIFEST_SHA256=1b5f8d2dfa5c4360de3a011ebc00644ab70fc7b43fa89681c02f25234ce4ba16
