NDK_REVISION=28.2.13676358
NDK_RELEASE_NAME=r28c
ANDROID_API=35
NDK_LIBDL_STUB_SIZE=12808
NDK_LIBDL_STUB_SHA256=8ffe653ef85c82b83c84d3ae132cce9efee68900619c2f3a778a696e70664ce1
NDK_LINK_H_SHA256=69f6d96c5f5caa6ec07ec47aba2f6bd54fbd20ed437819371b1bb72dfd2feade

BIONIC_PROJECT=platform/bionic
BIONIC_REVISION=361ba86734fb2821a6adcfdf775db8abd04e0de0
BIONIC_LINKER_CPP_SHA256=d19c5ace78827e3c12b3238778beacb51fe789768251726df3b4cc56b04ae62b
BIONIC_DLFCN_CPP_SHA256=e4e850bd7cc7a4469b2264716183ffcee7312cad1909ef54deccd9ea4a878d3f
BIONIC_LINK_H_SHA256=9304120aa2cf9dc0aec88130b6462ed3d5150f540d5973320048bd9df022d3fa
BIONIC_LIBDL_CPP_SHA256=57a9079aa63c342ef8061c51b3c92291ee5f9612c668fbd821f0fe56cad2f82d
LOCKED_BIONIC_SOURCE_COUNT=4

ANDROID_ELF64_PHDR_SIZE=56
ANDROID_DL_PHDR_INFO_SIZE=64
ANDROID_DL_PHDR_INFO_ADDS_OFFSET=32
TARGET_C_SHA256=1d4e3aee89a4bf1bdec5645b1b73d5cadbdfd9ffc3a010bee93dd213d7d4cb8f
TARGET_MAP_SHA256=0245c95595ebe3530a1eea20ae4387e27d7a2e18e74d01e9a986c724db95295a
HELPER_C_SHA256=d1154b43cee3b2f0c300a52808237cea11fc2020815e8452048902dd7c9e6f14
HELPER_MAP_SHA256=faa90b03d9f395a47a9bd2466804bb822bd33582ce2de915645466c8a30eaa04
TARGET_ELF_SHA256=12a5a75ad2cdda918c6495de3dfd900e8f7bb427d96c6f3b2a11cbec1858cc61
HELPER_ELF_SHA256=fc76b2dced7aa9096b67703ce3c670c0eff82d41539fbb0ebb64bee4e7a17dc9
TARGET_RUN_SYMBOL_VALUE=0x4484
HELPER_MARKER_SYMBOL_VALUE=0x427c
