# Android 16.0.0_r1 third-party graphics foundations. Gitiles archive byte
# streams are unstable; identity is the peeled commit plus extracted file hashes.
ANDROID_TAG=android-16.0.0_r1

ZLIB_PROJECT=platform/external/zlib
ZLIB_REVISION=c1f2595cae6ef4703003a8c9ea53239a10d7a1dd
ZLIB_SUBTREE=.
ZLIB_ANDROID_BP_SHA256=fce9e195a5bba285da06a244d5ac1a448c4ed33d46d99e075085b4728d7d7a86
ZLIB_PUBLIC_HEADER_SHA256=9fddc625028f43db3b278cf3af562b29c00fadd91cb893b2223120a330d5bb8f

LIBPNG_PROJECT=platform/external/libpng
LIBPNG_REVISION=6dd415783321a0c670387f0a5d51776b2c1f629a
LIBPNG_SUBTREE=.
LIBPNG_ANDROID_BP_SHA256=08db0094a40129f761e24ed29309aeb065d943505c3378bf5cf4606cfab777f8
LIBPNG_PUBLIC_HEADER_SHA256=17bbbaf18dd953eb70316a9c12ce3ec96edbae6290d06dd480f1b25e2475931a

FREETYPE_PROJECT=platform/external/freetype
FREETYPE_REVISION=d968d2541f7158e18ab22680bfa08a538019bf6a
FREETYPE_SUBTREE=.
FREETYPE_ANDROID_BP_SHA256=16983ad80a26a6a0e87232cc226b7a57fb8f08e5968b0ef2207713896a742af7
FREETYPE_PUBLIC_HEADER_SHA256=f8405ec80687d9e6c5fddb301288c370fe702f159a98b6152e9d32b3f68c2d46

# Test input from the separately revision-locked Android 16 Skia source.
ROBOTO_REGULAR_SHA256=466989fd178ca6ed13641893b7003e5d6ec36e42c2a816dee71f87b775ea097f
