SKIA_PROJECT=platform/external/skia
SKIA_REVISION=bcb0f77c44783b1800ba37641ba7ecab04f05e07
SKIA_BUILD_GN_SHA256=4485d6db39c678711d097a8adcc7eb9a88c9f91e8c0ed02fae83a392584a1a4a
SKIA_GNI_SHA256=b4f75860e252d7724bd0873b06a8113dbcb3d62b07ebe4fbf26f50bb14e3100e
SKIA_UTILS_GNI_SHA256=7e472a15572c8f3ff70cde8becc2ad402871db641d5556d755797f0493490cb6
SKIA_FEATURES_SHA256=08e33e0039d665dbf322e80a10f0fea1bfe43b45a2a92a085ec3dbf619d45d5f
SKIA_CUSTOM_EMPTY_SHA256=1f6791ec05a1303f1a9cc0d27b744e8bfaaef5a87abe5e47d73498befa19c367
SKIA_SHARING_PROC_SHA256=fc92fa175b0ab2b659482af8dae4d2757f7b1067db3a2c240c6d0c56d67afa22
SKIA_BITMAP_REGION_DECODER_SHA256=42f9d215958f1d556f863ff469104e3554bfbf533c27ae7711a568d8bb4c2ac4
SKIA_FRONT_BUFFERED_STREAM_SHA256=6c91175544cce1491ae0174affe45ea967372e6b8bac1b79941891919e6d2253
WEBP_PROJECT=platform/external/webp
WEBP_REVISION=7698c1d3a5cbecdf336510eeb3366d1de752454a
WEBP_ANDROID_BP_SHA256=8c4db5ab538a816906cd9ce86394c17d005962db952aba14c48f4ccdf0018ed9
WEBP_DECODE_HEADER_SHA256=300db34c56d965ee8304f0f0e947ba226403362833ce5d956c6d5f9814a5297f
ANDROID_UTILS_SYMBOL_MANIFEST_SHA256=bdd992e2f00f147da4ebcbef02b43596e4d5a97bae225048434e8b4bd7e012cd
EXPECTED_SKIA_ARCHIVE_MEMBER_COUNT=652
FORBIDDEN_HOST_PROVIDER_AUDIT_SHA256=6dd8b9069c2b6328cc21ded1334948ac526bd37364ae835bec4cc6a8d3dac79f
DARWIN_CORETEXT_PATCH_SHA256=79f7c29721814650a09182e431940a5c7f62ac819e6d34f392af1a1d50671f69
EXPECTED_SMOKE='Skia HWUI force-load: emptyFamilies=1 sharing=yes androidUtils=yes'
