ART_PROJECT=platform/art
ART_REVISION=ed6c006bd06ae060bd9698fd2cb25c4865512ec3
ART_TAG=android-16.0.0_r1
JNI_INTERNAL_CC_SHA256=e34497154c1aabcb1162817a2d980d4afaebe6b47b963ce8438d3e09b7d7b312
CLASS_LINKER_CC_SHA256=17b7b002b230136f5f40d49cfad0316b9dbcda52dc5a5f2a5ad9629680289b88
JNI_ENTRYPOINTS_CC_SHA256=fb633411b7197f0cb17df2636cf8a05bde28dd11d14dd3bbf45718b99b0d12ca
NATIVE_BRIDGE_CC_SHA256=2cf281c38fb09fa24bfa2a58fa38114adb00bf8059d00e03e559c043593efcef
NATIVE_BRIDGE_H_SHA256=81df946fd09fbe2fd0f2f62fa468ff2644c94402d2bec4448730d2cb5e8a4847
LOCKED_ART_SOURCE_COUNT=5

NDK_REVISION=28.2.13676358
ANDROID_API=35
FIXTURE_C_SHA256=4caf3e073719fa822c045be1cc3bb1716d6f167cce5ad4343d07ec1efa12226a
FIXTURE_CHILD_C_SHA256=2bb47f5147cf6f104b7d9772de5b8af09d57a605e9ffd5d5df4db2366f9729cf
FIXTURE_GRANDCHILD_C_SHA256=25122a6bc3434962b666a32af3fc0e34ed294aeddf7d257653a354ee89c0d1f8
FIXTURE_HOST_PROVIDER_C_SHA256=467d7c12926d07382717a6c17f1b5149c4bf2edef8f37ef6058cd4035990cdb9
FIXTURE_CHILD_MAP_SHA256=6e6393222eea982fdeab46f7b2ce18675b52fe392d40cb316d72d1f68e467646
FIXTURE_GRANDCHILD_MAP_SHA256=e231936312f45eaf0b371ab5a50f4a3e3e7b583a49314015d0127407de71ec61
FIXTURE_JAVA_SHA256=1a844b939fbfb07263c955d945074ca93d93f0a3aaf4e7405e3a032dce00852b
FIXTURE_ELF_SHA256=fe638aa0bfbe7079a4953372b8df1363a660472bf93303c000afd3d735f85b00
FIXTURE_CHILD_ELF_SHA256=1bb3d8ab85bfb2ef7aa97c9330ae18600dd6c18eda4897847482f168ee97e914
FIXTURE_GRANDCHILD_ELF_SHA256=21e1052a13f8fa6ae870aeb2740d98ef0ec08c30680944c4e2b1097783f9c7c8
GENERIC_ROOT_C_SHA256=2928914d7232c61f0695d1c143d0dc8128c7bdf746083fe6ec2ddc3d9be99439
GENERIC_CHILD_C_SHA256=278c61c0681b1e276f986d050f25fd156ebcfcb3189b7a3fb64ccb8fcffa999d
GENERIC_GRANDCHILD_C_SHA256=4c636ec7e53e875fc99f1829d61604030b854e149fddbdcb0e64d830e1e00003
GENERIC_ROOT_MAP_SHA256=576a83c608a4fe31340aa67ae3b902638d813bb56602ad8a4f9e3ba320785a32
GENERIC_CHILD_MAP_SHA256=5bdc9aaea150c49576ddea06b6220755b26ff3a9f3210d08399689eaaf59dff3
GENERIC_GRANDCHILD_MAP_SHA256=5cc8fcf39463b64cb43d01cb82fdf4a8b46d6834491335d5d61f8eee0dfd66bc
GENERIC_ROOT_ELF_SHA256=0beeb10f7a25c53f7dcc7d044d73fe2f99cf738a1d2685cc8935dd8cef07a1b5
GENERIC_CHILD_ELF_SHA256=51b050b26f4dfd700daa8203b70ed7a55da89055320033ce40bef88e378e9d17
GENERIC_GRANDCHILD_ELF_SHA256=fd819546601d432a1ca330af7bcbb84d2f085972f295babe90dc6c89257edc38
FIXTURE_EXEC_OFFSET=0x000dcc
FIXTURE_EXEC_BEGIN=0x4dcc
FIXTURE_EXEC_END=0x5aa0
FIXTURE_NATIVE_ADD=0x5748
FIXTURE_NATIVE_SPILL=0x5788
FIXTURE_ADD_DESCRIPTOR='(IJI)J'
FIXTURE_ADD_SHORTY=JIJI
FIXTURE_SPILL_DESCRIPTOR='(ZBCSIJLjava/lang/Object;FDFDFDFDFFD)J'
FIXTURE_SPILL_SHORTY=JZBCSIJLFDFDFDFDFFD
FIXTURE_SPILL_DIGEST=8e94c8925db0acf8

NATIVE_BRIDGE_CRITICAL_CALL_VERSION=7
NATIVE_BRIDGE_POINTER_OWNER_VERSION=8
JNI_CALL_REGULAR=1
JNI_CALL_CRITICAL_NATIVE=2
