LIBCORE_PROJECT=platform/libcore
LIBCORE_REVISION=080fac8bb8670bc7fbc895050caf4b13c4d6cd12
ART_PROJECT=platform/art
ART_REVISION=ed6c006bd06ae060bd9698fd2cb25c4865512ec3
BORINGSSL_PROJECT=platform/external/boringssl
BORINGSSL_REVISION=ecc1358826150d6a1851c517c325b0e6c0e1b8be
NATIVE_ANDROID_BP_SHA256=3c38ef17fe99d0e75e55a005ed4beb6af9608361cfe2d694de945eb492f68b9e
NATIVE_CODE_BP_SHA256=4ae6363326cc377635e89fc53e0f85ebbb6d26fe0f9f4f97c6c60dac7e83633f
SYSTEM_C_SHA256=d42cc02cafcab7dda072ed1c34c304df76f48c255079c55f08d8769afc7ef059
SYSTEM_JAVA_SHA256=2e6beed122da807ea8b2ce3ad68c3062962887a03687e36e505b1beb5a4dcf2a
ART_SYSTEM_CC_SHA256=c62622c06717c4bda65d3b462624408d82442aecdb16f42497480823fc0407d1
BORINGSSL_CRYPTO_H_SHA256=fd81854137e9fe43a453cc2b2f41f3f51a7f8333f30e2e6abf9cf86a3a0ec322
ZLIB_H_SHA256=9fddc625028f43db3b278cf3af562b29c00fadd91cb893b2223120a330d5bb8f
JNI_UTIL_C_SHA256=ba2bce59bf8acebf78d74cdbee89c706d9b669d4fc4e1c95684a0260436daa7a
JNI_UTIL_MD_C_SHA256=7d679fbac7ed2030692f5e1099897978850cd306b3f02c5ece9f1868b42de52a
JNI_UTIL_H_SHA256=47650fa575d8dec72c53ff1e7c35225a7b06cd847c15c4ff2f5d79c21c6ffae8
JLONG_H_SHA256=615acf5c8420f6c8f9a705723f84c766b4c207c4482191546c5b657a88caa712
JLONG_MD_H_SHA256=0288abc078d459dbdc1087b69c60c517c00d88f3464feea494478a19233edbb2
JVM_H_SHA256=7f4ecd9ba97b79d07ed715c3d131a9c1c14b2f5974286445570ac7b6bf2fe542
JVM_MD_H_SHA256=9b5c1f6cb23370a69c2e05d6f9e6a63738afa4cef654e4068d045193eaa604c8
CLASSFILE_CONSTANTS_H_SHA256=860ab5d3892474de3ecded9eb10deec78993987dce1eb5f6b711f9d031927397
IO_UTIL_H_SHA256=4676cd55837c5ffac21cc7f863deaa17064741e8e5c76703695f61ba1900f597
IO_UTIL_MD_H_SHA256=cd2f94734f77c345d0fa2fc124440d5926043a9fe5d9102a80847c1d79a4fd4e
DARWIN_PATCH_SHA256=9da818ea39bed9eeb710541604d2566e05d5a7e7bc45e15c96f0b7e68b537505
PATCHED_SYSTEM_C_SHA256=ffbc7a64fcf8283a56a8c9a81eb13513f5b336e2def491b782c3dc9b16aa3ef0
LIBOPENJDK_SOURCE_COUNT=59
LIBCORE_SYSTEM_SOURCE_COUNT=1
LIBCORE_SYSTEM_METHOD_COUNT=8
LIBCORE_SYSTEM_METHOD_MANIFEST_SHA256=02a7f0dc41a279bb5e776c581867bb7cb5ad6f67cdb48204561994237f6d2ca6
ART_SYSTEM_METHOD_COUNT=9
ART_SYSTEM_METHOD_MANIFEST_SHA256=4b5cc38f80a956b3e0335a70c8ca0fbd61ed96b48e12212533288f6d14fb7d91
JAVA_SYSTEM_NATIVE_COUNT=17
JAVA_SYSTEM_NATIVE_MANIFEST_SHA256=a1995adb249ba617894e5f32ed48e44da8d4d2f6f21553be419f9586acc120a0
