ANDROID_RELEASE=16.0.0_r4
LIBNATIVEHELPER_COMMIT=2d584ec2da2c5271ed1576593c6590d652806f0d
ANDROID16_JNI_HEADER_URL=https://android.googlesource.com/platform/libnativehelper/+/2d584ec2da2c5271ed1576593c6590d652806f0d/include_jni/jni.h?format=TEXT
ANDROID16_JNI_HEADER_SHA256=2a3cea5e4306872202592406593f6465f07b848d75ed03ad07e2936479867f0a
ANDROID16_NATIVE_NAMES_SHA256=e76f0ad11042906f80059018f85e26fd71b64513134d2d667e8214082c294dca
ANDROID16_INVOKE_NAMES_SHA256=31be5e070ce9de35ee1fc0202b2a98148f6d8e5ad878d7234d8edc75450836df
NDK_REVISION=28.2.13676358
NDK_RELEASE_NAME=r28c
NDK_JNI_HEADER_SHA256=5df9074457c041b372f2c68ff646d6e8600cd673a223885e8df21c44c94ec667
