BIONIC_PROJECT=platform/bionic
BIONIC_REVISION=361ba86734fb2821a6adcfdf775db8abd04e0de0
BIONIC_SOURCE_COUNT=23
NDK_REVISION=28.2.13676358
ANDROID_API=35
LIBC_IMPORT_MANIFEST_SHA256=20990dbfd74db3a2a1c7d02e479286b032b7754a4c1e71a2cadb64a81cb391f9
NDK_SOURCE_PROPERTIES_SHA256=c00aa236fdb205e9be9edd9e2169763e48aca52735efff4e16f34205d49783b5
NDK_STDLIB_H_SHA256=fcd32a00a088e638ccaf902a9a5a4ceced2ded475048a25240ad55517fdfcbb4
NDK_API35_ARM64_LIBC_SHA256=7fac00920a0b1a4a8da0797beb21eb08db6bde966cc8def5e4d885da8955e7bb
BIONIC_ERRNO_LOCK_SHA256=25e20280f25516ac9adbbf367708b6590dedbf7a199875d5a217ae02bbe9a3f1
BIONIC_ERRNO_SOURCE_SHA256=3be95df13ceb1f96b846864441c9a1eb17d9eee4d8166d951ba9ddb72b973382
BIONIC_ERRNO_MAPPING_SHA256=cc789f68f56260e40eb689d06b17cb3d1080a4b362e58e1ee07054575cdfa794
UPSTREAM_SOURCES_SHA256=835f3d8cb55a6e91cefd54415616bf724b84a93471866ec8ebbec808ac5d78f9
DEMAND_SHA256=2cfd6b4b37153089237e006d88ca9eb465ec7c349089b7f13a27176a99c395ce
IMPORTS_SHA256=51f8b0a67cfb69b259aa10232c6e1cbfe04a8a9977277b806ffef6611d6d988d
COMPAT_SHA256=2e0a894c1a82674c2e2ea230508e964b6b6357acb191df1019692d7d7a96094b
THREAD_PRIVATE_SHA256=77812fb5bcdca7e0a7c062119401d8969b1ffc2a6eb637c9df2a53c0ddcaee32
HEADER_SHA256=24357caf426cc69667aa2d0808413846382ddc7c03b40c590a48fbe5af636ab9
PROVIDER_SHA256=6fcd0f71b2cecbc333b8d78c146d8991ba25293e05081dd25e05ed215a49d3c3
LOCK_ADAPTER_SHA256=e1767db417785a0229138be19f1a75f7fb04cd1e1f90fd5556c3fa508531f8eb
MAIN_SHA256=ce2ce710e38d561a16b47a68a016ff4ba1a8fda2c52b2623662ecd16ef9cd867
FIXTURE_SHA256=5c6af84c172d042ff0b3d5c5ec5e3a9741e65d24961b82ead57311de22c900af
ABI_SHA256=fe281e7d614ab5af692a7db0645644d7496cf6988e109377b0b23aff7c5d65f2
DIFFERENTIAL_SHA256=28a2f4bbe6686a4ebfdc66a9ad645ae3c779f6a0b0e7d4344badb71efdd54a44
EXPORTS_SHA256=712d39c6c956f2836c523fa11c09c4d2c86ab66ed3d209cd8f2417880cd94ee6
BUILD_RS_SHA256=9e6acf0c600c3e879b83f3f31fd18c8bc45f394690c121609f5947878202ac77
CARGO_TOML_SHA256=c1f8cb9cc4e48f72b3f0752467795a380d3c0486d554b31a3872b5faff0f49eb
CARGO_LOCK_SHA256=fd0bb7ee067ff47d884e34c3946925171d3a16769cd13450336cd4609fb6a0f8
README_SHA256=b75dfdc1a6af3a54e7d1c8916d2c4e4fba51e886dd88d80ce0a4b5530525b732
FIXTURE_ELF_SHA256=e424d242eb0af34a336707755890f3d73b8b10e461df4dd09f947fa29ef556b0
