NDK_REVISION=28.2.13676358
ANDROID_API=35
NDK_SOURCE_PROPERTIES_SHA256=c00aa236fdb205e9be9edd9e2169763e48aca52735efff4e16f34205d49783b5
SOCKET_TREE=e758d6e2ce4696738cb485b6e49c6bbca63e582a
DNS_TREE=b7b10338b64f0dce93c631e47b1e201d974fce31
ERRNO_TREE=1deacf6925d0fd3e70dec8edb7d6dcd1b41d124d
SOCKET_SOURCE_SHA256=6928d7478b3654ec63fdbbc9c577a57328d1909f85b8668c3166e777f3f14d95
DNS_SOURCE_SHA256=34de0c033018e94e3c106105e9d51401fd8372f6c668858ccc2d3e1ff2e6558d
ERRNO_SOURCE_SHA256=3be95df13ceb1f96b846864441c9a1eb17d9eee4d8166d951ba9ddb72b973382
README_SHA256=623a0b23697f3146470a1038106895f322c0340e8f0f8a330d1aac987843b388
AUDIT_SHA256=919fbd9873ade781fe342b15903988dcd53ecbdec47875ec1760bbc281708373
FIXTURE_SHA256=8a80f91933c2f9852110ac86f0b263f3618df404dac7c86d19c89dbaa95ae1fc
RUNNER_SHA256=fc4bc21fb076d996e1038410979292baf030e65341f8f2136001b6112636528e
EXPORTS_SHA256=f88a38f000e09d7cbeb9bd1a1fd2271b12c677f88cfeb7f8eed7175164081e42
IMPORTS_SHA256=0f55ab693cd56fce56bf23d215fffb8bff26550165969f7ee48f826eeb0e58f3
BOUNDARY_SHA256=aa219eafd0da3fd43bde6a20472582a806128244ebecda537f0c1837d4c3ba0c
