NDK_REVISION=28.2.13676358
ANDROID_API=35
NDK_SOURCE_PROPERTIES_SHA256=c00aa236fdb205e9be9edd9e2169763e48aca52735efff4e16f34205d49783b5
SOCKET_TREE=e758d6e2ce4696738cb485b6e49c6bbca63e582a
DNS_TREE=7502c18130d7f99be5aebdb3b01fc7dbf6a8f7e0
ERRNO_TREE=d7b1409208f0f7d3f059056bc1566abdd6aa0f9c
SOCKET_SOURCE_SHA256=6928d7478b3654ec63fdbbc9c577a57328d1909f85b8668c3166e777f3f14d95
DNS_SOURCE_SHA256=5914ae83e58f8e90097ff6c25ddfe0a25497259c05e5cc2760fbf76157ee7cf8
ERRNO_SOURCE_SHA256=3be95df13ceb1f96b846864441c9a1eb17d9eee4d8166d951ba9ddb72b973382
README_SHA256=623a0b23697f3146470a1038106895f322c0340e8f0f8a330d1aac987843b388
AUDIT_SHA256=5b438cf3ba60a5d67474736603e19d6b851df6381940e00521908fd5e21fbcf3
FIXTURE_SHA256=95b69edc5b3d9d8daca5ec536af10231fc4915e227bb736789f2f6d893db454d
RUNNER_SHA256=fc4bc21fb076d996e1038410979292baf030e65341f8f2136001b6112636528e
EXPORTS_SHA256=f88a38f000e09d7cbeb9bd1a1fd2271b12c677f88cfeb7f8eed7175164081e42
IMPORTS_SHA256=eae1ad2e806a09dd7e3169bd91dca84843f397ca122ea0db165e709f6f2d0798
BOUNDARY_SHA256=aa219eafd0da3fd43bde6a20472582a806128244ebecda537f0c1837d4c3ba0c
