NDK_REVISION=28.2.13676358
LIBCXX_SHA256=ab4e6c71b96b851de45a8a9bd86369e7dbc2130a44b3b4520564be94847910f2
CONSUMER_SOURCE_SHA256=2ac77c47ea877c42a4a06be8cfb7b902950fd9c16f7544ce872b4062302acc74
CONSUMER_IMPORTS_SHA256=9d4cad37d1c9e4e182c7245b352e727bfd16f5eb6120747bcefd006474263515
CONSUMER_ELF_SHA256=dc56c6b03e3285721a137aa7cd660944529b74b4f93e797fd7e6160fd0350f32
CONSUMER_EXPECTED_RESULT=189
LIBCXX_EXPECTED_SIZE=9236352
LIBCXX_EXPECTED_IMPORTS=160
LIBCXX_EXPECTED_WEAK_IMPORTS=1
LIBCXX_EXPECTED_RELOCATIONS=4267
