NDK_REVISION=28.2.13676358
LIBCXX_SHA256=ab4e6c71b96b851de45a8a9bd86369e7dbc2130a44b3b4520564be94847910f2
CONSUMER_SOURCE_SHA256=a682882ff5c4ec73cf8d7a8700687d164a6bd291a4446ec21fc4d1199187fc83
CONSUMER_IMPORTS_SHA256=a51af1c15b92b6abc1624588885c7aab7cd4b0e755790962348f452ede07f36e
CONSUMER_ELF_SHA256=9e721a284e11b3cfd82232afad56baee75ea2627bbe1dbf3a31e98f540edcc0a
CONSUMER_EXPECTED_RESULT=189
LIBCXX_EXPECTED_SIZE=9236352
LIBCXX_EXPECTED_IMPORTS=160
LIBCXX_EXPECTED_WEAK_IMPORTS=1
LIBCXX_EXPECTED_RELOCATIONS=4267
