LLVM_PROJECT=toolchain/llvm-project
LLVM_REVISION=97a699bf4812a18fb657c2779f5296a4ab2694d2
SOURCE_COUNT=3
NDK_REVISION=28.2.13676358
ANDROID_API=35
NDK_SOURCE_PROPERTIES_SHA256=c00aa236fdb205e9be9edd9e2169763e48aca52735efff4e16f34205d49783b5
NDK_LIBCXX_SIZE=9236352
NDK_LIBCXX_SHA256=ab4e6c71b96b851de45a8a9bd86369e7dbc2130a44b3b4520564be94847910f2
NDK_UNISTD_SHA256=93edad5ae9a3e85fd152603932077df2f5178aa27ae7d79b0f4f307fb38c6bc1
NDK_FUTEX_SHA256=4a8e26e65922f668a2fece4b8e11fcc273252c3871078bd484e591b4d8f41403
LIBC_IMPORT_MANIFEST_SHA256=20990dbfd74db3a2a1c7d02e479286b032b7754a4c1e71a2cadb64a81cb391f9
README_SHA256=3973f30be1e6e598edb8f34a321e95d2a881d3921506259cfce8d6501ae13123
AUDIT_SHA256=92155cb7dc946311d1b7aa5e6ad92c5f93e160c34412e57d34ca51bc246a840a
HEADER_SHA256=7ad046564ecbff280240cbdd0d52c77a62550988f185ce7d798becc392b9e88c
IMPORTS_SHA256=4cae6b04269e6ffd356e3e27d830ed63262a7df27652715b726a1c2330d8ca53
CALLSITES_SHA256=5a7b5425d75ae02b100c1427dc1d52b6c21733760bf5f040c75a0bd4ca279d19
UNSUPPORTED_SHA256=1849566c84a3340778fc11ab54e0098651005d2f1a7c17043af84a05ef12d729
UPSTREAM_SOURCES_SHA256=fa0df73d8580d628c2a4b4ce58272451056a9d00e8295a6ea1c5e2ef5e51400d
ABI_SHA256=1169e6576148943d2b3dd234365f6251a3778423407edb6e76fffb53b450afa9
ELF_RUNNER_SHA256=4c57fe1c3d58980846441107d750e8582fcb74348c77bff91c170426d3ce37b1
EXPORTS_SHA256=d4cfe3d257781a7bbd93cd5bd1549e3804a53f85c6260fb17c85f3a4b0957088
FIXTURE_SHA256=1d301099f298cf70e8b2ea1ff0f6d5f734d3fb108c9481330fce44a8c812dd28
ENTRY_SHA256=79f11625b6de62c470150a3f2501bf0a6fc899a9d61b44d4b6b43288fd320d59
PROVIDER_SHA256=cec6748da9cf7c2f5d5e1283e50400680647263f241d36a184f1d791ddc0e5cf
