LLVM_PROJECT=toolchain/llvm-project
LLVM_REVISION=97a699bf4812a18fb657c2779f5296a4ab2694d2
SOURCE_COUNT=3
NDK_REVISION=28.2.13676358
ANDROID_API=35
NDK_SOURCE_PROPERTIES_SHA256=c00aa236fdb205e9be9edd9e2169763e48aca52735efff4e16f34205d49783b5
NDK_LIBCXX_SIZE=9236352
NDK_LIBCXX_SHA256=ab4e6c71b96b851de45a8a9bd86369e7dbc2130a44b3b4520564be94847910f2
NDK_UNISTD_SHA256=93edad5ae9a3e85fd152603932077df2f5178aa27ae7d79b0f4f307fb38c6bc1
NDK_FUTEX_SHA256=4a8e26e65922f668a2fece4b8e11fcc273252c3871078bd484e591b4d8f41403
LIBC_IMPORT_MANIFEST_SHA256=20990dbfd74db3a2a1c7d02e479286b032b7754a4c1e71a2cadb64a81cb391f9
README_SHA256=37a92888abeba4a24ac8a7d2861bc4a5fd3b2287a230a722de826f58d0bfbcc1
AUDIT_SHA256=9d40194e6a033fbb9da1e71f81db13447fe0a86fa1fa7e99479220c0763a7412
HEADER_SHA256=d86822ce019194a0d843c1c97426193f3125928dbd345be4f35be499bf6aecd1
IMPORTS_SHA256=4cae6b04269e6ffd356e3e27d830ed63262a7df27652715b726a1c2330d8ca53
CALLSITES_SHA256=5a7b5425d75ae02b100c1427dc1d52b6c21733760bf5f040c75a0bd4ca279d19
UNSUPPORTED_SHA256=c71b5cededcf1cf97d8c62482cb83328f0b02fc4fec8059cb627e7ef383fe750
UPSTREAM_SOURCES_SHA256=fa0df73d8580d628c2a4b4ce58272451056a9d00e8295a6ea1c5e2ef5e51400d
ABI_SHA256=1169e6576148943d2b3dd234365f6251a3778423407edb6e76fffb53b450afa9
ELF_RUNNER_SHA256=5699beb8ffe80c0bda014ce84c45972feb5b77fdb000cac4a7870e1ce922bc4c
EXPORTS_SHA256=33859f9de0cdc389445058c38654371eedf286421b76954aa324153b4c4ea22f
FIXTURE_SHA256=5bd3ea0f4cb38caa07a29dcf6eda2b37ad7b367170dd2b1fd538d9b822511afe
ENTRY_SHA256=79f11625b6de62c470150a3f2501bf0a6fc899a9d61b44d4b6b43288fd320d59
PROVIDER_SHA256=8be4176443234165e4f6600eeef9a8e77fac57e77edc632984afd7279ac5317a
