LLVM_PROJECT=toolchain/llvm-project
LLVM_REVISION=97a699bf4812a18fb657c2779f5296a4ab2694d2
SOURCE_COUNT=3
NDK_REVISION=28.2.13676358
ANDROID_API=35
NDK_SOURCE_PROPERTIES_SHA256=c00aa236fdb205e9be9edd9e2169763e48aca52735efff4e16f34205d49783b5
NDK_LIBCXX_SIZE=9236352
NDK_LIBCXX_SHA256=ab4e6c71b96b851de45a8a9bd86369e7dbc2130a44b3b4520564be94847910f2
NDK_UNISTD_SHA256=93edad5ae9a3e85fd152603932077df2f5178aa27ae7d79b0f4f307fb38c6bc1
NDK_FUTEX_SHA256=4a8e26e65922f668a2fece4b8e11fcc273252c3871078bd484e591b4d8f41403
LIBC_IMPORT_MANIFEST_SHA256=20990dbfd74db3a2a1c7d02e479286b032b7754a4c1e71a2cadb64a81cb391f9
README_SHA256=d41200475bc1aca1e8e00ecd889e113c74dbaf8d63c41d2110a45f389541a6c9
AUDIT_SHA256=dd9bbfe8eb7141049e385d2199f946e84157d7485df8ab61e75fc17cd9c3c73b
HEADER_SHA256=4cdda06d3b0ffaf72bbd0892c001235c5b7e4dcca03740c4c80ad23b422763f1
IMPORTS_SHA256=4cae6b04269e6ffd356e3e27d830ed63262a7df27652715b726a1c2330d8ca53
CALLSITES_SHA256=5a7b5425d75ae02b100c1427dc1d52b6c21733760bf5f040c75a0bd4ca279d19
UNSUPPORTED_SHA256=c71b5cededcf1cf97d8c62482cb83328f0b02fc4fec8059cb627e7ef383fe750
UPSTREAM_SOURCES_SHA256=fa0df73d8580d628c2a4b4ce58272451056a9d00e8295a6ea1c5e2ef5e51400d
ABI_SHA256=1169e6576148943d2b3dd234365f6251a3778423407edb6e76fffb53b450afa9
ELF_RUNNER_SHA256=76f1d55bf2ed97e3bfdbae0e10c11fcfc86cde906df20428aa82028eb405e123
EXPORTS_SHA256=8cec13ddfa3f65ec6a7848dc1d929905e82b65914347b30cbeaa6f21720c038b
FIXTURE_SHA256=3d85a8f57dd8033d0c91273bbedb0702c8dd0f7c3e31a584c4bec15bb2208b87
ENTRY_SHA256=79f11625b6de62c470150a3f2501bf0a6fc899a9d61b44d4b6b43288fd320d59
PROVIDER_SHA256=2173d0bad34f3c7c0b9e4980367dd0ce421e80378d3318f9b8cafbeceaf84824
