BIONIC_PROJECT=platform/bionic
BIONIC_REVISION=09a271af557444c9a6b3f3146d6d474156fd6cdb
BIONIC_ERRNO_CPP_SHA256=ce2e53ef0fa186ae7532ca6bd5ccea29395f930368ee874fd0a72efa75f3b9ff
BIONIC_ERRNO_HEADER_SHA256=ef670f614574cb46d5958fc0ca6e58f695c84890d516d48fb621bd0db0015beb
BIONIC_TLS_HEADER_SHA256=59eba40a16df322e63b18a431f4014de29b005185af069652fc429e537fbced8
NDK_REVISION=28.2.13676358
NDK_SOURCE_PROPERTIES_SHA256=c00aa236fdb205e9be9edd9e2169763e48aca52735efff4e16f34205d49783b5
NDK_ERRNO_HEADER_SHA256=ef670f614574cb46d5958fc0ca6e58f695c84890d516d48fb621bd0db0015beb
OS_CONSTANTS_LOCK_SHA256=9b1629df577ee5f7e3974d9e4fbc38d309057dffbb77c848fc6bcf7f3180b021
OS_CONSTANTS_VALUES_SHA256=fe2f837098689a2612dd8bf6e8f4c99c053d0c16c15ba1766404b25e16983661
OS_CONSTANTS_CPP_SHA256=6bc14e1bc5219ab993cbcecc3f7295ef05368ac89f2cce1f9e3a26475e19195b
OS_CONSTANTS_BUILD_GATE_SHA256=01c033c470af65df8494553eb564cb454720665516fe5af6354a9c41fdf4bebe
DARWIN_ANDROID_MANIFEST_SHA256=a830ac84055d6d5a71c3fb126183fd682cfa5f73d20e0527c07a103fec55dbaf
GENERATED_MAPPING_SHA256=cc789f68f56260e40eb689d06b17cb3d1080a4b362e58e1ee07054575cdfa794
