NDK_REVISION=28.2.13676358
NDK_SOURCE_PROPERTIES_SHA256=c00aa236fdb205e9be9edd9e2169763e48aca52735efff4e16f34205d49783b5
NDK_SYS_MMAN_SHA256=8809af56769142345890cbae521b3be27af0e680363b7bc0a922ab78dd8c51e0
NDK_LINUX_MMAN_SHA256=4b0475196c55b9e443727ede2e7a44720189dbf16d6cceb0f8f1f7aba8d6c679
NDK_MMAN_COMMON_SHA256=2935a2f2a04d9255455226c9f9133031df942e426aecf2df351253d75cfc835f
NDK_MMAN_ARCH_SHA256=b744a58b50a59826ee93a4228130346adc8ea6d2afcee901e3fc21e4641ad3de
NDK_ARM64_MMAN_SHA256=25db699ca36e550bf3be8d7154490499a73e05756003dfad58aa5ce189dfb351
DARWIN_MMAN_SHA256=07adbf7f11a601e6461ca508a2deca037103008600608f8dbe93a4b0887d46e9
LIBC_IMPORT_MANIFEST_SHA256=20990dbfd74db3a2a1c7d02e479286b032b7754a4c1e71a2cadb64a81cb391f9
NDK_API35_ARM64_LIBC_SHA256=7fac00920a0b1a4a8da0797beb21eb08db6bde966cc8def5e4d885da8955e7bb
BIONIC_ERRNO_LOCK_SHA256=25e20280f25516ac9adbbf367708b6590dedbf7a199875d5a217ae02bbe9a3f1
BIONIC_ERRNO_SOURCE_SHA256=3be95df13ceb1f96b846864441c9a1eb17d9eee4d8166d951ba9ddb72b973382
BIONIC_ERRNO_MAPPING_SHA256=cc789f68f56260e40eb689d06b17cb3d1080a4b362e58e1ee07054575cdfa794
