README_SHA256=e65c94734a31394a09dda9f04653b0d097cc34bd18b8acf944590dd49977760f
AUDIT_SHA256=57bf006d3f0bb783d7822c0b9d9350a78e7b30fc73d5d4d960923c7a909de52a
FIXTURE_SHA256=971e3e56c810766a738de3313e2077d4c9c2b4afeb09eea5cae7250e74115933
JAVA_SHA256=89ebb5ac6d3c546e052ab91a7ad0136a0f799a0f7892217e30be91cb10b0c23c
EXPORTS_SHA256=576a83c608a4fe31340aa67ae3b902638d813bb56602ad8a4f9e3ba320785a32
ROUTES_SHA256=a72522cc0691701b9d71520614eeede9ca3eea6e6bb3bbc41c81fc5260466012
LIFECYCLE_SHA256=e8a1565201acde04683764460d033d1e3f475641869db1fb9dade1c307ece0a0
REQUIRED_BROKER_ABI_SHA256=60952f8d60d4749d1b44965af493aff11a771ad93582fd76776ad78f106e5409
SHARED_SCOPE_SHA256=f47a03612be4925bfecc826db18886144abd6f586afdc6da06178c7202d115b2
SOCKET_TREE=e758d6e2ce4696738cb485b6e49c6bbca63e582a
DNS_TREE=b7b10338b64f0dce93c631e47b1e201d974fce31
ERRNO_TREE=1deacf6925d0fd3e70dec8edb7d6dcd1b41d124d
NETWORK_ACCEPTANCE_TREE=045fe6c590dd9a117fa27328ed46198c18302334
BROKER_TREE=1149a7c0eb4f7177aec3ffbf2da982cfe41a76da
NDK_REVISION=28.2.13676358
ANDROID_API=35
