README_SHA256=029629cbd8290531a6c3db6231773785f7fc8e77a022cb2e8ea526cf98c5da4b
AUDIT_SHA256=1430492d42b1f8daa23cff119e09be21d15464a755536d66cb743857c434a88e
FIXTURE_SHA256=f0d393f383c619397059bcd2b4866f718ab1eea960c7014ad58f807f8472ea17
JAVA_SHA256=89ebb5ac6d3c546e052ab91a7ad0136a0f799a0f7892217e30be91cb10b0c23c
EXPORTS_SHA256=576a83c608a4fe31340aa67ae3b902638d813bb56602ad8a4f9e3ba320785a32
ROUTES_SHA256=a72522cc0691701b9d71520614eeede9ca3eea6e6bb3bbc41c81fc5260466012
LIFECYCLE_SHA256=e8a1565201acde04683764460d033d1e3f475641869db1fb9dade1c307ece0a0
REQUIRED_BROKER_ABI_SHA256=60952f8d60d4749d1b44965af493aff11a771ad93582fd76776ad78f106e5409
SHARED_SCOPE_SHA256=af97590273db2069b50817b6e63ab9b40d96ae7347f4af158951e3cfe911ca93
SOCKET_TREE=e758d6e2ce4696738cb485b6e49c6bbca63e582a
DNS_TREE=b7b10338b64f0dce93c631e47b1e201d974fce31
ERRNO_TREE=1deacf6925d0fd3e70dec8edb7d6dcd1b41d124d
NETWORK_ACCEPTANCE_TREE=045fe6c590dd9a117fa27328ed46198c18302334
BROKER_TREE=c621d2eafb283dc2befa4531c724e2f6685834b9
NDK_REVISION=28.2.13676358
ANDROID_API=35
