README_SHA256=029629cbd8290531a6c3db6231773785f7fc8e77a022cb2e8ea526cf98c5da4b
AUDIT_SHA256=40e39490ce03abf6b061c67503231525eda848363e00e16d5bae07504580045b
FIXTURE_SHA256=f0d393f383c619397059bcd2b4866f718ab1eea960c7014ad58f807f8472ea17
JAVA_SHA256=89ebb5ac6d3c546e052ab91a7ad0136a0f799a0f7892217e30be91cb10b0c23c
EXPORTS_SHA256=576a83c608a4fe31340aa67ae3b902638d813bb56602ad8a4f9e3ba320785a32
ROUTES_SHA256=a72522cc0691701b9d71520614eeede9ca3eea6e6bb3bbc41c81fc5260466012
LIFECYCLE_SHA256=e8a1565201acde04683764460d033d1e3f475641869db1fb9dade1c307ece0a0
REQUIRED_BROKER_ABI_SHA256=60952f8d60d4749d1b44965af493aff11a771ad93582fd76776ad78f106e5409
SHARED_SCOPE_SHA256=6a63a2989edd92e84baabc90cf1a8b3613b66302a6d28a3b0abd73cf19b786f4
SOCKET_TREE=e758d6e2ce4696738cb485b6e49c6bbca63e582a
DNS_TREE=7502c18130d7f99be5aebdb3b01fc7dbf6a8f7e0
ERRNO_TREE=d7b1409208f0f7d3f059056bc1566abdd6aa0f9c
NETWORK_ACCEPTANCE_TREE=a95bda7109a24d136b839c64818a5a9d40e7c34c
BROKER_TREE=5fdb03a4c452df88285dbc87397d16619970c76a
NDK_REVISION=28.2.13676358
ANDROID_API=35
