BIONIC_PROJECT=platform/bionic
BIONIC_REVISION=361ba86734fb2821a6adcfdf775db8abd04e0de0
NDK_REVISION=28.2.13676358
ANDROID_API=35
NDK_SOURCE_PROPERTIES_SHA256=c00aa236fdb205e9be9edd9e2169763e48aca52735efff4e16f34205d49783b5
NDK_NETDB_SHA256=d0ef196b65897ee0970a419a09cd7f7ac9632afe66775dc23babf51f08a4dfde
NDK_SYS_SOCKET_SHA256=30eb5a88eec2c22cf0b1d47a77124acbc5b0e69b6f0f714953deb5b35018e1fe
NDK_NETINET_IN_SHA256=79c2542f82cd962e4179417e4a8648ad97bb36c0430338bb70145881baf8cc03
README_SHA256=65471c4329e940d0d27e030a48a3c3e40cf32412560a164e78ca0fb6f97cc8cd
AUDIT_SHA256=50bd8294a9369feeb549557d593fc242a3bbf878645ec9068361cdd816add24e
HEADER_SHA256=2e318a76c63072878793ff465a36594231572c57ab353a18d4ff665db3aa260f
PROVIDER_SHA256=4f858e7bf0bfb88fe88baa211d8e1c68da400d861f467de7fb5919bcaf4c5ac3
FIXTURE_SHA256=eb0071ca1a2b0bac0e2e106b7545f2e740ba71f93f2a2375d0b475ea4a54eb6f
RUNNER_SHA256=0e27ed52efbdea7c526c35e010cd49156d571330455747b1eabdee28a53aced8
EXPORTS_SHA256=044bcbfa0968ac7d4d8fa90af4a51e06a137cfe40e68fc01b177ad4d89aef949
IMPORTS_SHA256=39c99ff06ba7c08f532af202e03128b2d43190d8ab8405ee5788e87ebee18f24
UNSUPPORTED_SHA256=b5195a998b9fd575f83d47566ea68821c05e440c817e80f456d1674df000ec0a
UPSTREAM_SOURCES_SHA256=40aef719496a6b0f09dc7a7aaee1c707a2316b26a71bab506f22a0ad76b6e43e
