BIONIC_PROJECT=platform/bionic
BIONIC_REVISION=361ba86734fb2821a6adcfdf775db8abd04e0de0
NDK_REVISION=28.2.13676358
ANDROID_API=35
NDK_SOURCE_PROPERTIES_SHA256=c00aa236fdb205e9be9edd9e2169763e48aca52735efff4e16f34205d49783b5
NDK_NETDB_SHA256=d0ef196b65897ee0970a419a09cd7f7ac9632afe66775dc23babf51f08a4dfde
NDK_SYS_SOCKET_SHA256=30eb5a88eec2c22cf0b1d47a77124acbc5b0e69b6f0f714953deb5b35018e1fe
NDK_NETINET_IN_SHA256=79c2542f82cd962e4179417e4a8648ad97bb36c0430338bb70145881baf8cc03
README_SHA256=8daf8c344bb079849be240442ff2c4a9265480491c9ca378a76f018ec91fd9ce
AUDIT_SHA256=af28dcc6085ad1d4017e78fa11016dcd8da2324e85cfe44fc76e664296fc3735
HEADER_SHA256=52aeeadd07324d1be05af10de957b92b474262003a62f2e61eb05b2efc1ca0c9
PROVIDER_SHA256=b9ad20f495fa95583a979e0e84a8d3a5675351ef5438eda763a2a9f084e78f18
FIXTURE_SHA256=5c045b8db843b8511658d5c87c06683e1ec0924f7e0a4d3e37828b56fe7735c7
RUNNER_SHA256=bb1b7c1e8cab8c8cb9c67b617dcb36b5722f487d5f1825e8bf5b59140bd6d013
EXPORTS_SHA256=8e827ed7b1ed615f5086908fdd8324d6bd8510f0cb7e506ea1f40b6c1be2ea82
IMPORTS_SHA256=55442cf5bbdf8a3ead78941106e9e3fdc6b08587642b8dc38537120c13b8d422
UNSUPPORTED_SHA256=29f579016d0a448c9e9850cac4a84c28bffe543186ef492bee1553695f09542c
UPSTREAM_SOURCES_SHA256=40aef719496a6b0f09dc7a7aaee1c707a2316b26a71bab506f22a0ad76b6e43e
