BIONIC_PROJECT=platform/bionic
BIONIC_REVISION=361ba86734fb2821a6adcfdf775db8abd04e0de0
NDK_REVISION=28.2.13676358
ANDROID_API=35
NDK_SOURCE_PROPERTIES_SHA256=c00aa236fdb205e9be9edd9e2169763e48aca52735efff4e16f34205d49783b5
NDK_NETDB_SHA256=d0ef196b65897ee0970a419a09cd7f7ac9632afe66775dc23babf51f08a4dfde
NDK_SYS_SOCKET_SHA256=30eb5a88eec2c22cf0b1d47a77124acbc5b0e69b6f0f714953deb5b35018e1fe
NDK_NETINET_IN_SHA256=79c2542f82cd962e4179417e4a8648ad97bb36c0430338bb70145881baf8cc03
README_SHA256=0678cb9d2121a43d40c84b0af681e6f132e7bc818499e4893084af2626d733d5
AUDIT_SHA256=e9fe55f722135836a3e6ac98873b27db89f5809c193dd5cef9fc53d2c3617d60
HEADER_SHA256=dece43cefa78c89ddd25e87f460dfcc6e23e339baac5611eef1f32ba864955c1
PROVIDER_SHA256=34de0c033018e94e3c106105e9d51401fd8372f6c668858ccc2d3e1ff2e6558d
FIXTURE_SHA256=dfe8e55505c1654834aa9d2b0d151731612268e8d2b7c4527d03fab46ec9fc7a
RUNNER_SHA256=275b95bbc33cd6fbb1e4cedc9b31b8956f44034e4f7105dc2e32e0bbd2bf9db8
EXPORTS_SHA256=31b7cad0e8011e305d68d36128301489fcf1291a42edeb9373f22c7a976f2146
IMPORTS_SHA256=062c397a957f26f2c5e0e09a43cc1baab5dc59f9459d937f4ec198cd83127a7d
UNSUPPORTED_SHA256=29f579016d0a448c9e9850cac4a84c28bffe543186ef492bee1553695f09542c
UPSTREAM_SOURCES_SHA256=40aef719496a6b0f09dc7a7aaee1c707a2316b26a71bab506f22a0ad76b6e43e
