ANDROID_TAG=android-16.0.0_r1
ART_REVISION=ed6c006bd06ae060bd9698fd2cb25c4865512ec3
BUILD_REVISION=874fa586c48ae230ebfcff0df1b9c1b004fa8f7c
NATIVE_LOADER_CPP_SHA256=cb7e74e163427c8a04c6113d7f3c53dc2b789befbfbcd19ffdea57da5c6da01d
NATIVE_LOADER_NAMESPACE_CPP_SHA256=fd9826e8c5c67f512b95466f9c0c955458f37c5f72210e7ecf2b6f4cda29a191
ZIP_ALIGN_CPP_SHA256=2935d02394abd186b719deb18b93deaee1c4c0a2a9f759d6b7e69e3fa8135dcb
ZIP_ALIGN_MAIN_CPP_SHA256=d48eb2f942887d4393e50b22b98f78bba81fa5cefb5b614bdc2bc580dc1c43e6
