BIONIC_PROJECT=platform/bionic
BIONIC_REVISION=361ba86734fb2821a6adcfdf775db8abd04e0de0
NDK_REVISION=28.2.13676358
ANDROID_API=35
NDK_SOURCE_PROPERTIES_SHA256=c00aa236fdb205e9be9edd9e2169763e48aca52735efff4e16f34205d49783b5
NDK_SYS_SOCKET_SHA256=30eb5a88eec2c22cf0b1d47a77124acbc5b0e69b6f0f714953deb5b35018e1fe
NDK_LINUX_SOCKET_SHA256=f33473ad35ee59bbf126da5832065c36cb38053a02d7f4c5bf198ace754b1dad
NDK_ASM_SOCKET_SHA256=074f626d0ec3077e6834f064ab0298c0c082045fdc215423b33cd4bb896cedef
NDK_NETINET_IN_SHA256=79c2542f82cd962e4179417e4a8648ad97bb36c0430338bb70145881baf8cc03
NDK_NETINET_TCP_SHA256=7c58703d49c3c95c0c728354700a69b2beeb0b77e6eee153ccaf65f8ee13e8a0
NDK_POLL_SHA256=d9f6ec13b36b01b90aeadc6844a5b5d9c6e4282eff3758179f383fb81477f53a
NDK_SYS_UIO_SHA256=0d32fc6ab4fbd157ebd7a7ec963b86bf904e0942db17f849b7303a5a6ce746f4
README_SHA256=b2c7df63bf450a5efea16049c5928000ad4850ff4dec73cb480d03af0b2b9703
AUDIT_SHA256=203dae2297ec82e30e7491eb6494a369e01df6ab7b441666542e3e62f2112e35
HEADER_SHA256=8e759f4796153e525c140ca4e2c0a3f1ec3da80dea1ece634203ef6edaa90e77
PROVIDER_SHA256=6928d7478b3654ec63fdbbc9c577a57328d1909f85b8668c3166e777f3f14d95
FIXTURE_SHA256=a5321c6ecd6de9ef7402a451c24587576587aa4e75c91d8cf88bc1c2e8f003d1
RUNNER_SHA256=da450dbb45c8181f61fee6dfedd7a2115a3a23b8702894770350128b79d1ff62
EXPORTS_SHA256=a42fb386d39f685fd670d4006feb395e8729eb0c3ab28d83d8ec3caf5901b6a6
IMPORTS_SHA256=6069bb168264f1516e10a0af2e27ae48b0e47067306c7211d95ed2801a01908b
UNSUPPORTED_SHA256=cc304410a774a1c7b64171b83cda629706396707b06fe68874a0d737a3b8e041
UPSTREAM_SOURCES_SHA256=cd7848c9e764f1c7c85e4d8bd19ce6535cff99a6d3ede052557616e36c0cd150
