BIONIC_PROJECT=platform/bionic
BIONIC_REVISION=8a1fb29c6da5ec9572fb96c39a692f47d97fcc0e
BIONIC_SOURCE_COUNT=1
NDK_REVISION=28.2.13676358
ANDROID_API=35
LIBC_IMPORT_MANIFEST_SHA256=20990dbfd74db3a2a1c7d02e479286b032b7754a4c1e71a2cadb64a81cb391f9
NDK_SOURCE_PROPERTIES_SHA256=c00aa236fdb205e9be9edd9e2169763e48aca52735efff4e16f34205d49783b5
NDK_LIBC_SHA256=7fac00920a0b1a4a8da0797beb21eb08db6bde966cc8def5e4d885da8955e7bb
NDK_LIBCXX_SHA256=ab4e6c71b96b851de45a8a9bd86369e7dbc2130a44b3b4520564be94847910f2
NDK_SYSLOG_HEADER_SHA256=bf9635089d4a9a129a92908192f59c41f573729b7187f33775d2f73c8a749e43
NDK_ANDROID_LOG_HEADER_SHA256=e26a91bba6f8dddfa0911bd6ae76aa24769ac26dc415f5064fa41ca6717c5d3f
AOSP_LIBLOG_SHA256=c4fc1bcdb5cbe89a443bdfe3a9ace88c44c5d19b5457c34e5b1d2fe16f38290f
FORMAT_LOCK_SHA256=82963fe67c14b9284065e47a0c77b6ec8bf9ef25cbc51423a8380543606f71b9
FORMAT_PROVIDER_SHA256=b49cf02fbe77731ebf46fe0cc1b7739ff156a49d8e89f168d56a0efe3cc651aa
FORMAT_ENTRY_SHA256=fe7a1a2faff8d90b9b99713c17cbdaf6b476e6640954e60bda6bae2077a32974
ALLOCATOR_PROVIDER_SHA256=eccf1615ada16a0dd43b2d16c96668240790068562631bc56e224de8c216853b
ERRNO_PROVIDER_SHA256=3be95df13ceb1f96b846864441c9a1eb17d9eee4d8166d951ba9ddb72b973382
README_SHA256=cef66304c3735b2c1d3ad38331a53bedc3614cc97475a37c023dc98742aa53a3
AUDIT_SHA256=ab7125af2dab9089c05d0a3a903b9fa138d21b9255525298cf2362d47d48fa53
HEADER_SHA256=46fd02c1036baa82905d2094035c4377e1128270facac088b2c041ba4470d57f
IMPORTS_SHA256=ee3cf4c797d962693f2abe42ba5bdf66955eec689c22f3293cda123991d2e862
EXTENSION_BOUNDARY_SHA256=73ae87617b3408cd6aa57d68397f06be98b80e2afe5037388583686cef3b457f
ABI_SHA256=c27406bf8a90dee68808ffc8e003e0558f22ea5c06dc3e46afe4da7e3418b8a0
ELF_RUNNER_SHA256=f36d0e06f5b7305c062733a0a23ead1ed648b52d9fb11f64c65f74a245ee6e85
EXPORTS_SHA256=d880392f3e63784af68a37e49e016a70d085a9d73b3aeb438d4ee45864b6b291
FIXTURE_SHA256=5874f6d69a388bcca2dfbde30dc49435f565a7678d5ce2aa18034f913fc8d69f
ENTRY_SHA256=68d3c35298b4a3090fde7b87c9d27bab48166b2a202d7afe6015c10873a2a43b
PROVIDER_SHA256=97786c127c0b8ed98f3577abdd9596df080761d517fd5ce1372e1b33bad49026
UPSTREAM_SOURCES_SHA256=dc1830416672f7c1699d985006d0545a57a282561f1a35980213792abe3d92d6
