AUDIT_SHA256=049fbcb0bef4e089e822e295e1673bd114f49d4b19073a0a47be7caf5689a692
UPSTREAM_SOURCES_SHA256=1ba2beeef8409968a6e49a2eabc4547b2880da30f1ddbe2220d9ee0496da3c94
DEMAND_SHA256=0f60aa8ef21cc5d75a0c29c0495be36c0e7374b134dd851b04af96de58c0d8e3
IMPORTS_SHA256=76380f2d7bd822f0dd5ac63b4022050e05e589fa2048b54d43cf5bd6c0f07331
CORPUS_SHA256=5a94ba6b5a34df52ae54b890e7346d376b072a6e05b903080bb863bcb8fbfbb3
HEADER_SHA256=e6982ac1c6ded93c78e739ec13c51c823233d43375415f3b741fd84a4efd79ec
SCANF_SHA256=edd10e12075a5fe3415231a72c0eb0000da7353b0d188aaf47d34eb34b4c02cf
ENTRY_SHA256=aa17b541868477cc4da6de204dfc50cf910daade0a1b10d9a52a035587b379e2
MAIN_SHA256=725ccfebe2a49e854817f2a7b2dc4602e0f7786f35a0ed20d824e6ad59bcd47d
FIXTURE_SHA256=1825ab3f2b9b23d0642341cb0401feaf1b227eb16c8d5d3fe260d2647a45e2b7
EXPORTS_SHA256=1f9134730c5f89ce8bdbb0f389b6444327321465c2b4a2b693f51df59b543a12
BUILD_RS_SHA256=71d4c84bf9d483442d2f3e2843aaaf2c6c915f289199f41dfbbb910b06103e86
CARGO_TOML_SHA256=8e2f8af2ccad9be78cc66b840329cd28e77536d883980f8a57d30f742b19ae71
CARGO_LOCK_SHA256=6345614e16359dd744f6876fc661b0f061c102c9e4b204f7f8e388cea37a680b
README_SHA256=1072d89ee122ffc94076ec49f900423d26124c6d62389def1ff9d5c91514095b
NDK_SOURCE_PROPERTIES_SHA256=c00aa236fdb205e9be9edd9e2169763e48aca52735efff4e16f34205d49783b5
NDK_LIBCXX_SHA256=ab4e6c71b96b851de45a8a9bd86369e7dbc2130a44b3b4520564be94847910f2
NDK_LOCALE_SHA256=70077dc806cc77ae3b87e42fdab110d74a2bfa8a654d462e7baa73479a1f6874
NDK_FALLBACK_SHA256=d874bc3012d631ea35a91d54129c55a286bd1af1efa4aff534cfd04c7e436caf
