AUDIT_SHA256=ab50cd78a8de7fe486dafd271fe07a881fca800dd7df6b5d822cf6a94928db30
UPSTREAM_SOURCES_SHA256=1ba2beeef8409968a6e49a2eabc4547b2880da30f1ddbe2220d9ee0496da3c94
DEMAND_SHA256=43131244974026f995af5b942faecf0e0d86e14492a1af45494757340237b519
IMPORTS_SHA256=5bd6542723307e1da75e49be711e7d8659fa6bb10518d19f0ebc3d50ee51b407
CORPUS_SHA256=5a94ba6b5a34df52ae54b890e7346d376b072a6e05b903080bb863bcb8fbfbb3
HEADER_SHA256=6892973dd83cc52b4db53dfabe5d45b806a112ad49c9be3287c52c1658465b25
SCANF_SHA256=93895a121c8dd8543b3061b310bb5593a7dc71d0f1f23c9a9a8ddcba9e80868f
ENTRY_SHA256=a12a53a34ce5bb006fd02d49a548177c1270a6abb167bceaf3d83971ced4beeb
MAIN_SHA256=008f5160658aca3d9bed58f1404cf6446e01039e9065eb68e21ece4427ddd03b
FIXTURE_SHA256=91ad973192683b78a763a6516f1ac7950e3bc8557b83f98a326f7d8630fc8003
EXPORTS_SHA256=1f9134730c5f89ce8bdbb0f389b6444327321465c2b4a2b693f51df59b543a12
BUILD_RS_SHA256=7691e0469a7003d0ec90ff501bc1d934af476f51c2c4c839fdb142b4e9e95675
CARGO_TOML_SHA256=526e9f8d1946f8ae9f9ca7adc4ffeaa8096c5edde875dcfc33c658ec308554ec
CARGO_LOCK_SHA256=ea2dcb7e63fab397364fb4ca194fbbcd195581a3bda30f2716a09fc993e5c8b9
README_SHA256=35f1fb4cebfe0823f8651d151f7baea4b0185a23fa6182ffe8281c95851a6b1d
NDK_SOURCE_PROPERTIES_SHA256=c00aa236fdb205e9be9edd9e2169763e48aca52735efff4e16f34205d49783b5
NDK_LIBCXX_SHA256=ab4e6c71b96b851de45a8a9bd86369e7dbc2130a44b3b4520564be94847910f2
NDK_LOCALE_SHA256=70077dc806cc77ae3b87e42fdab110d74a2bfa8a654d462e7baa73479a1f6874
NDK_FALLBACK_SHA256=d874bc3012d631ea35a91d54129c55a286bd1af1efa4aff534cfd04c7e436caf
