BIONIC_PROJECT=platform/bionic
BIONIC_REVISION=361ba86734fb2821a6adcfdf775db8abd04e0de0
BIONIC_SOURCE_COUNT=2
NDK_REVISION=28.2.13676358
ANDROID_API=35
LIBC_IMPORT_MANIFEST_SHA256=20990dbfd74db3a2a1c7d02e479286b032b7754a4c1e71a2cadb64a81cb391f9
NDK_SOURCE_PROPERTIES_SHA256=c00aa236fdb205e9be9edd9e2169763e48aca52735efff4e16f34205d49783b5
NDK_STDLIB_H_SHA256=fcd32a00a088e638ccaf902a9a5a4ceced2ded475048a25240ad55517fdfcbb4
NDK_ABORT_MESSAGE_H_SHA256=b83561bf7938ab7f51731dfcdfd1b08d50083d9da27661c9ee95371846a0cfbc
NDK_SIGNAL_H_SHA256=a25959c16fa69fb7923465fd171971ac1eda32ec5243a7edf0b33ff9847f44d9
NDK_API35_ARM64_LIBC_SHA256=7fac00920a0b1a4a8da0797beb21eb08db6bde966cc8def5e4d885da8955e7bb
DARWIN_SIGNAL_H_SHA256=319fbc4555c1d39c95d8a5e3034956bfe8e0e1bd9142df95ab71ad3ac8bb1f54
BIONIC_ERRNO_LOCK_SHA256=25e20280f25516ac9adbbf367708b6590dedbf7a199875d5a217ae02bbe9a3f1
BIONIC_ERRNO_SOURCE_SHA256=3be95df13ceb1f96b846864441c9a1eb17d9eee4d8166d951ba9ddb72b973382
BIONIC_ERRNO_MAPPING_SHA256=cc789f68f56260e40eb689d06b17cb3d1080a4b362e58e1ee07054575cdfa794
UPSTREAM_SOURCES_SHA256=4bf40919e226e952239507b7c09c084da0eb73d06c8188293832e2024228dfbb
IMPORTS_SHA256=64ebb884bce8d6584958aaff25e2ce8ad0cdb7b2f3a3dc6c7ae6d24b0d381e82
HEADER_SHA256=0370c8b931dba453a46db451ad2bc8827293716d0727fd944897884e9a0e3045
PROVIDER_SHA256=f55fd16da57e32e5ba6aa25a2145f0ea6c7e7dd0e8a4698643c06ff70b85e0f2
MAIN_SHA256=5ebcf7687ba2dd0daec45ca3dff699f5485b52abf819dcd56364de782e12724a
FIXTURE_SHA256=794f10df548b85abff85a256bb721cd75fad46f023380f143df5144ea2a8e089
ABI_SHA256=21024a138dcc7915f127a4bcdda1bf47962b7085f82854415c1afdf879f60f6c
DIFFERENTIAL_SHA256=7e78179551b1eae7cbb6a6faa3bb21afbca425f2d6245498a9c9f0af86486511
DEATH_SUPPORT_SHA256=777ac7d481462a34055578c34c1896a2376a514a596d9b3560413e49c62fa523
EXPORTS_SHA256=3df1f8956927252a123290b2840975e08a193ab5bfce6741314c5edfe57dc37f
BUILD_RS_SHA256=f46268e45348873bbef227fcbc5326836c48ed9be229ede21c1ba21756af84c2
CARGO_TOML_SHA256=a338c7ba69a0a0203de392219b1860de7fb1d277867b2fdd196f0c242252718b
CARGO_LOCK_SHA256=16adcfc99d3f6bba4a3bccdf107c871bcd0a5a2225f52811ecb763917dbcc3ee
README_SHA256=695d7ea15c00b3cf07f924095ede581e13b8f04299f7ced7245058c9b9d56902
FIXTURE_ELF_SHA256=3dbbb03219df58dd31e8424c99bb1fced7db22048a2dbaea39f15f9e357f3ad7
