NDK_REVISION=28.2.13676358
LIBCXX_SHA256=ab4e6c71b96b851de45a8a9bd86369e7dbc2130a44b3b4520564be94847910f2
LIBUNWIND_ARCHIVE_SHA256=cee1176cb585dbd90891470f8c40ae913922515edb225698d819290fc0132787
CONSUMER_SOURCE_SHA256=b4b5f14db00087332c405629a5ff93cdad0c8908b81a4024424de76dde1ca3b8
PLAIN_ELF_SHA256=5016c7d34104ec8656037f48b75172bc4693e657206a6a963c7b537f136d1d57
STATIC_UNWIND_ELF_SHA256=45f5456e19ac724dd99f57fa38d59eba1df1e66c3c89277fe68258b4c764bfc5
STATIC_UNWIND_IMPORTS_SHA256=f0afd9b90396681f7b59b19d472de5375206019b8b19e3d09dca1ab293c0633c
EXPECTED_RESULT=73
EXPECTED_STATIC_UNWIND_SIZE=46144
EXPECTED_STATIC_UNWIND_RELOCATIONS=57
