NDK_REVISION=28.2.13676358
LIBCXX_SHA256=ab4e6c71b96b851de45a8a9bd86369e7dbc2130a44b3b4520564be94847910f2
LIBUNWIND_ARCHIVE_SHA256=cee1176cb585dbd90891470f8c40ae913922515edb225698d819290fc0132787
CONSUMER_SOURCE_SHA256=2d3c93c7dfe245d295bf642ce768637080b4916fdcfbd844358be5fa9aeca7b5
PLAIN_ELF_SHA256=95d572f413cfa647f6bc38905aa8f7e8426cc51a2fa14da43778760e7ff202f9
STATIC_UNWIND_ELF_SHA256=6007260f6129724e26569273a929e9b993925224b65b31945cdb7236c0c05fdb
STATIC_UNWIND_IMPORTS_SHA256=f0afd9b90396681f7b59b19d472de5375206019b8b19e3d09dca1ab293c0633c
EXPECTED_RESULT=73
EXPECTED_STATIC_UNWIND_SIZE=46360
EXPECTED_STATIC_UNWIND_RELOCATIONS=58
