NDK_REVISION=28.2.13676358
NDK_RELEASE_NAME=r28c
NDK_LIBCXX_SHARED_SIZE=9236352
NDK_LIBCXX_SHARED_SHA256=ab4e6c71b96b851de45a8a9bd86369e7dbc2130a44b3b4520564be94847910f2
BIONIC_REVISION=361ba86734fb2821a6adcfdf775db8abd04e0de0
BIONIC_MALLOC_TEST_SHA256=8df5bcf6656f2edff9db1689b2e71da286835ab78d20640f48d1067b6f6d2e15
BIONIC_MALLOC_COMMON_SHA256=1076a246d48d87c5b8d2317eae887d96b4ec357951988b45cd75a3c6b4704bee
BIONIC_MALLOC_HEADER_SHA256=221a716240b985350747d0b37655b54e96015835b023ef066ee827557cc5f8c6
BIONIC_STDLIB_HEADER_SHA256=ebb60c4599fd2a00db9ba0d4a383165414f6190a6bd95cbd22a8f33833a2f100
