NDK_REVISION=28.2.13676358
NDK_RELEASE_NAME=r28c
NDK_LIBCXX_SHARED_SIZE=9236352
NDK_LIBCXX_SHARED_SHA256=ab4e6c71b96b851de45a8a9bd86369e7dbc2130a44b3b4520564be94847910f2
BIONIC_REVISION=361ba86734fb2821a6adcfdf775db8abd04e0de0
BIONIC_STRING_HEADER_SHA256=31fb9f42625e1254fd051a0c9cb220a42baf667c982509c55c75ff50a7236393
BIONIC_WCHAR_HEADER_SHA256=464b84edb6afb6a605825616d42255e2257abf1c54343dc9787783018affb8b5
BIONIC_STRING_TEST_SHA256=1cbd7d1fd47fcc526327032951f9ea353f7371de2e3d9fa28f08e86ae216a0f4
BIONIC_WCHAR_TEST_SHA256=c4f441a07968cc042e9c46294212cf808ec6bbb9f874c6934e57326f94895eab

