# This file is automatically @generated by Cargo.
# It is not intended for manual editing.
version = 4

[[package]]
name = "bionic-fs-facade"
version = "0.1.0"
dependencies = [
 "darwin-art-elf-loader",
 "darwin-art-fs-broker",
 "darwin-art-prefix",
]

[[package]]
name = "darwin-art-elf-loader"
version = "0.1.0"

[[package]]
name = "darwin-art-fs-broker"
version = "0.1.0"

[[package]]
name = "darwin-art-prefix"
version = "0.1.0"
