NDK_REVISION=28.2.13676358
LLVM_PROJECT=toolchain/llvm-project
LLVM_REVISION=97a699bf4812a18fb657c2779f5296a4ab2694d2
LLVM_RANDOM_SOURCE_SIZE=4992
LLVM_RANDOM_SOURCE_SHA256=c288b5d9d4cdf253bd867a5572c7aca9a1c93398680b915518f4ae111d82bfed
NDK_SOURCE_PROPERTIES_SHA256=c00aa236fdb205e9be9edd9e2169763e48aca52735efff4e16f34205d49783b5
NDK_ANDROID_ARM64_FCNTL_SHA256=033e0650290b368ffa97c2f72c1fa670b17462a29cda067bc8cc95423d1e117d
NDK_LINUX_FCNTL_SHA256=3ef61aa14e5d57320b5e6bd66aaaa7dd4ee5db75e6dff1a933151e73b159612f
NDK_SYS_STAT_SHA256=38eb041b4b73e05ce6e58fa051dceb10a44de72eb3e1004f79d7b4e747306d17
NDK_SYS_STATVFS_SHA256=705c895fece20a9c519c0b1e001b04c617790129e04e494f2065c8f60f06db4d
NDK_DIRENT_SHA256=aa30766e4aad6d1cc8c46826342df83b75f0a8c900e7a21c998ca0bbc0f2df4f
NDK_UNISTD_SHA256=05045cfbd60c8dd1abd13fec471a6e96965d133bfb69f1269223ecd189f0fce4
NDK_STDLIB_SHA256=fcd32a00a088e638ccaf902a9a5a4ceced2ded475048a25240ad55517fdfcbb4
NDK_STDIO_SHA256=7a41778a1c931aaf6db391d1b9752ad29865878a942bc385d6f5378afaa75dd5
FS_BROKER_CARGO_SHA256=05248a133c047696f085c08fbbf195b2b1dc6adf58ac56014c704cff0af2abc3
FS_BROKER_SOURCE_SHA256=00024b376de4c7bc5ccd943ad9f5044f1bb25fe6fe92be2e6b129243488f08f0
PREFIX_CARGO_SHA256=4d462c468924d6669c54453224c7e28a9d93b30b55bb0208dcd542f020004da9
PREFIX_SOURCE_SHA256=cb020c50b9b9de64d9083eb9636ef3155c26b13934db74aa60ea3de24729c07f
BIONIC_ERRNO_LOCK_SHA256=25e20280f25516ac9adbbf367708b6590dedbf7a199875d5a217ae02bbe9a3f1
BIONIC_ERRNO_SOURCE_SHA256=3be95df13ceb1f96b846864441c9a1eb17d9eee4d8166d951ba9ddb72b973382
BIONIC_ERRNO_MAPPING_SHA256=cc789f68f56260e40eb689d06b17cb3d1080a4b362e58e1ee07054575cdfa794
OS_CONSTANTS_VALUES_SHA256=fe2f837098689a2612dd8bf6e8f4c99c053d0c16c15ba1766404b25e16983661
LIBC_IMPORT_MANIFEST_SHA256=20990dbfd74db3a2a1c7d02e479286b032b7754a4c1e71a2cadb64a81cb391f9
IOCTL_FACADE_HEADER_SHA256=c74bc77baa2283659379c1c83701cae30cbad932f39f2f081e6feff75873b3ef
SYNTHETIC_DEVICES_SHA256=b855f9bc850d9b483cb5d9f0357c62b592982716e73910eef64c294ec4cdb9ad
