AOSP_ART_PROJECT=platform/art
AOSP_ART_REVISION=ed6c006bd06ae060bd9698fd2cb25c4865512ec3
AOSP_ART_TAG=android-16.0.0_r1
LOCKED_SOURCE_COUNT=5
JAVA_VM_EXT_CPP_SHA256=9df185cc3b9dca4a41ed7b5a6e8c1efbfd3abb8d5329cd458ee4a660e90acb3f
NATIVE_LOADER_CPP_SHA256=cb7e74e163427c8a04c6113d7f3c53dc2b789befbfbcd19ffdea57da5c6da01d
LIBRARY_NAMESPACES_CPP_SHA256=f6aaad71fdd4bf5f3967a4b4c6da064b1f3fe82531fb25ff5b5a81cfa46b3666
LIBRARY_NAMESPACES_H_SHA256=050964b4af62e47939343a26b869c040dd50fb75d41ed84d8c6e0de3d2f84c08
NATIVE_BRIDGE_CPP_SHA256=2cf281c38fb09fa24bfa2a58fa38114adb00bf8059d00e03e559c043593efcef
