NDK_REVISION=28.2.13676358
NDK_SOURCE_PROPERTIES_SHA256=c00aa236fdb205e9be9edd9e2169763e48aca52735efff4e16f34205d49783b5
NDK_SYSTEM_PROPERTIES_SHA256=77da41a7362f099bab18cbec539125c4fe78eb25e7f8cf591f0c02329a2bc920
NDK_AUXV_SHA256=1b219d0faea1c68a66da165526331a174ec02cd09fd46dd02c93b58b1e26ae84
NDK_ARM64_HWCAP_SHA256=d359c663ba6a4b5a26fa0019e3bc325bf1ad140ace61d6b8294f43f057ae7c54
NDK_STDLIB_SHA256=fcd32a00a088e638ccaf902a9a5a4ceced2ded475048a25240ad55517fdfcbb4
NDK_SYS_AUXV_SHA256=aa315f873777f888e19c39c15bc1bd918c6bc74ad73000b91e96a4bdfdfcf0ab
LIBC_IMPORT_MANIFEST_SHA256=20990dbfd74db3a2a1c7d02e479286b032b7754a4c1e71a2cadb64a81cb391f9
BIONIC_ERRNO_LOCK_SHA256=25e20280f25516ac9adbbf367708b6590dedbf7a199875d5a217ae02bbe9a3f1
BIONIC_ERRNO_SOURCE_SHA256=3be95df13ceb1f96b846864441c9a1eb17d9eee4d8166d951ba9ddb72b973382
BIONIC_ERRNO_MAPPING_SHA256=cc789f68f56260e40eb689d06b17cb3d1080a4b362e58e1ee07054575cdfa794
