BIONIC_PROJECT=platform/bionic
AUDIT_SHA256=6d3c8c1cc7f6e17f664985864cc33e515196ec483f744fa14da150244b8e3e16
BIONIC_REVISION=361ba86734fb2821a6adcfdf775db8abd04e0de0
BIONIC_UPSTREAM_SOURCES_SHA256=82a7cc3e292f192e5723ee2db205720367fcac200742322ab1d1be46e1b7bce1
NDK_REVISION=28.2.13676358
ANDROID_API=35
NDK_SOURCE_PROPERTIES_SHA256=c00aa236fdb205e9be9edd9e2169763e48aca52735efff4e16f34205d49783b5
NDK_ARM64_LIBCXX_SHARED_SIZE=9236352
NDK_ARM64_LIBCXX_SHARED_SHA256=ab4e6c71b96b851de45a8a9bd86369e7dbc2130a44b3b4520564be94847910f2
LIBC_IMPORT_MANIFEST_SHA256=20990dbfd74db3a2a1c7d02e479286b032b7754a4c1e71a2cadb64a81cb391f9
DEMAND_SHA256=6ef720761f4126fe03ba7b19404fce9074cbeecc438fdb0d92059619024f77a1
IMPORTS_SHA256=5b543ea1b4fe1451d6aee8832ab9029b5987e5855ecd36827849281ce722ec3b
HEADER_SHA256=e86d12b48ec0f8ba52f6260c59a340cba7e4dc1e6a38537e10267549ae9a02cb
PROVIDER_SHA256=18062931d33424fbc7cb251d71bbc43384b61dd068a39f7c2967fcd179c9c827
ENTRY_SHA256=0746be6f98a3cb1037cada5a6ccac8f0ff207799bfaf5991a260fd52d316104d
MAIN_SHA256=9169f3a01d7201deb309968b21cefea0609da489472cd17495116c3d8b5e136e
FIXTURE_SHA256=5d1c0bfbe7c6f3c7662eb6d477a68a422b01e341b491265aaa936f272b9c85c0
ABI_SHA256=118dd23a7ba160ce5cf441cee9a2805374f71261e2d5f3ef48d2ad7ba6a07aa4
DIFFERENTIAL_SHA256=bca245c3d9a80717feb7de4d18e83f113341407b0f73830404742c55f2074cc0
EXPORTS_SHA256=06233a6f2fec486fafcb542b8f41fda0a21695c5eb9bbb804be8c9999bd4816b
BUILD_RS_SHA256=0f917d22bb3fd7a8c7b2f9c30cce885e8c7b6fe8c87fb819e411da3ac965cb71
CARGO_TOML_SHA256=6568a887f8545f995dba0cc9c62548a0db0b93a55ba80454c32880f62dc7c690
CARGO_LOCK_SHA256=2ca820c33467cabd8de01ef7b54f8d95c5d369fc271e68eb40296cf7f02176f6
README_SHA256=340a94cd465e6ae9a62d96848aa7e746931ad504afaacbfeecc098b0bad8ed3e
