# Core runtime inputs come from the Android 16 / API 36 ARM64 ps16k Google APIs
# Play Store system image. core-icu4j is a revision-locked AOSP runtime prebuilt
# converted to DEX locally. All JARs stay ignored; this manifest makes version
# drift visible.
ANDROID_RELEASE=16
ANDROID_SDK=36
ANDROID_ABI=arm64-v8a
ANDROID_PAGE_SIZE=16384
CORE_OJ_SIZE=5924492
CORE_OJ_SHA256=56c90b6040e16f058cde9e892cb698f81d074a850c6582673bed1ddd60b8f7ff
CORE_OJ_DEX_VERSION=039
CORE_OJ_CLASSES=4188
CORE_OJ_METHODS=41526
CORE_LIBART_SIZE=626597
CORE_LIBART_SHA256=199dca2c6e183b6e6c6106984cf04927d14a4882d96c7deb47de13f5d0724b0c
CORE_LIBART_DEX_VERSION=039
CORE_LIBART_CLASSES=543
CORE_LIBART_METHODS=5453
FRAMEWORK_SIZE=46579528
FRAMEWORK_SHA256=ae3d578e3c4cd28ad822d0bc7b35fa308800f440472f54f2aff8aa5c1e22cd91
FRAMEWORK_DEX_COUNT=5
CORE_ICU4J_SOURCE_SIZE=2992455
CORE_ICU4J_DEX_VERSION=039
CORE_ICU4J_CLASSES=1596
CORE_ICU4J_METHODS=14990
