# AOSP source is materialized without Git metadata.
ART_REVISION=ed6c006bd06ae060bd9698fd2cb25c4865512ec3
ART_TAG=android-16.0.0_r1
LIBCORE_REVISION=080fac8bb8670bc7fbc895050caf4b13c4d6cd12
LIBCORE_OPENJDK_NATIVE_ANDROID_BP_SHA256=3c38ef17fe99d0e75e55a005ed4beb6af9608361cfe2d694de945eb492f68b9e
LIBCORE_OPENJDK_MATH_SHA256=e38f01b7429ca942c2882ae6e7c2e9b08bbac9939de1976b4790e77304463941
ICU_REVISION=e293941d8913067665b1476c9ed607abad15ba7d
RUNTIME_PREBUILTS_REVISION=787e83297efd3fefdae953acfdc9b73ec1bed280
SKIA_REVISION=bcb0f77c44783b1800ba37641ba7ecab04f05e07
SKIA_BUILD_GN_SHA256=4485d6db39c678711d097a8adcc7eb9a88c9f91e8c0ed02fae83a392584a1a4a
SKIA_GN_DARWIN_ARM64_SHA256=76c4542d5ad22fc944a5d50f4db5f2ad2ff3792ac48afb08d4415f0da41ce570
SKIA_NINJA_DARWIN_ARM64_SHA256=6c03e94e3ee141301a7e5151227508ac8cec05c12d79ed9240062a86a0e2d14f
SYSTEM_CORE_REVISION=68be0c2c0006a0740d0b1809abe4717308f90d15
LIBCUTILS_TRACE_HEADER_SHA256=118278d32f4301d05e67223f03004025d143dc78a2c7c14d41f1914d495d80ac
LIBCUTILS_ANDROID_BP_SHA256=f67f553961de89e224c9d6435988d6757dac0a16701912dea15f8af61b603e88
LIBUTILS_ANDROID_BP_SHA256=4a5103755fc434b3d3f02585c3646762373df9f659d751e39b91fa92d6cb2652
LIBSYSTEM_ANDROID_BP_SHA256=0696bc0471db3ae3e0906bb5e55079c044079c30d97e1c442a79e379dfd450f3
SYSTEM_LOGGING_REVISION=d78b713380007d3c0dde14712cbcbec27f491ad9
LIBLOG_ANDROID_BP_SHA256=cb95bc9f49bd420d1448906541d31ce9f66996668aeee5d14693f64915af8199
FRAMEWORKS_BASE_REVISION=99b01a65cc4c104933788b3143285ab6bae65827
NATIVEHELPER_JVM_ANDROID_BP_SHA256=9cfe177148733631b03d50a3a120fd840366c49f6a319fa0e3daa3f3660cb51b
FRAMEWORKS_NATIVE_REVISION=2827a4a16b0340ecd07c2d5a6c89991799b362bb
FRAMEWORKS_NATIVE_UI_ANDROID_BP_SHA256=db6729e7d6e253fac3f942d58185e392b70ad810b7d41a1e60a398c59d3ed31d
FRAMEWORKS_NATIVE_ARECT_ANDROID_BP_SHA256=47907bae3bf3b5aac8b70c27f4e38c4fe9fa6905fb3ef43898a04a5ba0924189
FRAMEWORKS_NATIVE_MATH_ANDROID_BP_SHA256=20812ce8a2865b488f989915f9dd61719b99d8d4eaca4aadc3bdba1515f75334
ZLIB_REVISION=c1f2595cae6ef4703003a8c9ea53239a10d7a1dd
ZLIB_ANDROID_BP_SHA256=fce9e195a5bba285da06a244d5ac1a448c4ed33d46d99e075085b4728d7d7a86
LIBPNG_REVISION=6dd415783321a0c670387f0a5d51776b2c1f629a
LIBPNG_ANDROID_BP_SHA256=08db0094a40129f761e24ed29309aeb065d943505c3378bf5cf4606cfab777f8
FREETYPE_REVISION=d968d2541f7158e18ab22680bfa08a538019bf6a
FREETYPE_ANDROID_BP_SHA256=16983ad80a26a6a0e87232cc226b7a57fb8f08e5968b0ef2207713896a742af7
HARFBUZZ_NG_REVISION=e489c416b6f8d2a9a2e0e85b781d1e4a0c431401
HARFBUZZ_NG_ANDROID_BP_SHA256=02393c97deee24420fee50100c9beccd5a998bade71b260d170fcdac9ae831f2
HARFBUZZ_NG_HB_HEADER_SHA256=31a1b53db3ee4395916e6d4f105b2c64772b8037bbb97d0e6d1e4a905eb6c6c9
MINIKIN_REVISION=1e1d5d137d487df875d7db69b5ff24e7d0291612
MINIKIN_ANDROID_BP_SHA256=93fc02b83bdf1ab57335d88d4be8d30937a422784e16691b2c812917a5982cb2
MINIKIN_MODULE_ANDROID_BP_SHA256=8b90ecd388ff80df2dc9cb5bc62421d1e8da68191fb2e4316f1a9ed96f340a01
MINIKIN_SOURCE_MANIFEST_SHA256=ba9ff20b96a43c106dc7cc8149044f2ca41776a7538f340c3bc58b6121babebc
GRAPHICS_ICU_REVISION=f17caeafcf20bd38074a9963c31df3629b70b5f5
GRAPHICS_ICU_ROOT_ANDROID_BP_SHA256=07e845ee0ed5660e0e89e64021143856ed9b069ae0a9a97f8acd55a6136f8266
GRAPHICS_ICU_ANDROID_ICU4C_ANDROID_BP_SHA256=93be5ee25c9f309f1b0c620cb5c87e34e128635efefa4d493aeea363cf3d6d4b
GRAPHICS_ICU_SOURCE_ANDROID_BP_SHA256=1826e1ac5b7abaf04fbd160d8cac518f0d7a0040ba34c6b7554bbde66e3fd457
GRAPHICS_ICU_COMMON_ANDROID_BP_SHA256=6a7eb3eb9761f22adc4227af51e4cbd4f8759d26dde6aef50b2cfec5e85638c9
GRAPHICS_ICU_I18N_ANDROID_BP_SHA256=ff906f484c04992bef6b4c1895dc4435f5f65376707bdcc8c7e53014e572996e
GRAPHICS_ICU_STUBDATA_ANDROID_BP_SHA256=8270c4d784ea9446ed58ce506722f3d8d491ef284826188e285ad16dc44fd064
GRAPHICS_ICU_INIT_ANDROID_BP_SHA256=98f2a3ed79d1e71a14634b66de73d7e6efbc3f64abd9b3696981e6cf34dad2f8
GRAPHICS_ICU_UCONFIG_LOCAL_SHA256=5b45963069b688f3af1dc36eefaf125ad6dd7be54e71737ab10dbcbf2e914cea
GRAPHICS_ICU_DATA_SHA256=c5450087565eb20ca37d70af5ef53a99a4c8e2e3da17c9140582b685f06d980f
CORE_ICU4J_SHA256=8874441ed31cdf6df47da83d1e91546c478e3411d054c9ccd5e85fcc8e1184b5
I18N_ARM64_APEX_SHA256=e61b78244c5fd8ad99cd87ee96290ddc4b3d3ba03c04f8bb60d41d7750959c92
I18N_CORE_ICU4J_SHA256=e0a3d40c82d8b9f139a5d3426b3c3fc415774bd3e055d19e77e82e77a80687fd
ICU_ATRACE_JAVA_SHA256=d5a84f287bfae9ce57427d9ff3584cca4c802f5fda4156e37664ff68a5141218
ICU_URESOURCE_BUNDLE_NATIVE_JAVA_SHA256=77e038955d16b529e12c336052e1548debeadd32c022b9138634e6fd29278a30
ART_RUNTIME_ANDROID_BP_SHA256=00e2876a52af5e0e4e9000c1fb78f1e3a7c96465000968a546a85618cefc14d7
ART_LIBARTBASE_ANDROID_BP_SHA256=b49654267559aa4649ef75c8c6927fae62c46f387863795b860464e0e879deb5
ART_LIBDEXFILE_ANDROID_BP_SHA256=f7135ef090111365f64321c5db8bb5c4e34b8dab6ae9f5e92c6d2be0ed766c13
ART_LIBPROFILE_ANDROID_BP_SHA256=c3411de98b99eb9cc6ec0477bb6c5cbe2623e8f7b2e80da5149793e32d96f71f
ART_CMDLINE_ANDROID_BP_SHA256=b9e62c23d0b8a7b83de8c9e6110f8f87904743ec296321128e6ece8f363818df
ART_LIBELFFILE_ANDROID_BP_SHA256=5fb04b60c125c481a833a0a98c501f83fe43e71f01e69e527abbf7c365dfecfa
ART_ODR_STATSLOG_HEADER_SHA256=09a81aa2fab03c7b0d655db8547f6ff7445721fd7126aff0a45e61cbc85817cc
ART_SIGCHAIN_ANDROID_BP_SHA256=643089e5f9bd86b6d98526828b02a7762fd725b98ab2d7fb6cf0110f125e790b
ART_NATIVEBRIDGE_HEADER_SHA256=81df946fd09fbe2fd0f2f62fa468ff2644c94402d2bec4448730d2cb5e8a4847
ART_NATIVELOADER_HEADER_SHA256=99716ae91a60b4380f001508fc4c041882f3f82f10b5b85b01af8a129b6979f5
ART_PALETTE_HEADER_SHA256=398c9cd6fd0ff214484e20aeef7b32e6d40ab061d72fb848add658bce3e01efa
ART_ASM_DEFINES_DEF_SHA256=a77e8bdd52e73aec6853e3cf2f640737c2dcbfa9f7b49b9661936a760fed752c
ART_OPERATOR_GENERATOR_SHA256=ea13bd12b99a6dee5d50d1a7c8151f7ab0332a8a1e58c25647df9aeb0fd7c871
LIBBASE_REVISION=0ac7ea4a65d981166d6e5617e1e4ef0572f774e5
LIBBASE_ANDROID_BP_SHA256=e0736e948e516bc431f759273d64d4bd8d1461396ea060531be1479fc64d5ef2
TINYXML2_REVISION=7485b22521f577cf944e5687361548d8993d8d2c
TINYXML2_ANDROID_BP_SHA256=42cdd08e0811d8eb828aad6f4a4cf51857b558288f8f20734a0578f796a639e2
LIBNATIVEHELPER_REVISION=5c36ece5ac42b20f0e384d9e57400f2f22aad9fb
LIBNATIVEHELPER_ANDROID_BP_SHA256=eac19666c19e0b4263c697a7db0dc966ae1b377c9957a06b4d1950adc333ebcb
LIBNATIVEHELPER_JNI_SHA256=2a3cea5e4306872202592406593f6465f07b848d75ed03ad07e2936479867f0a
LIBNATIVEHELPER_SCOPED_LOCAL_REF_SHA256=d3cfeaedca89015cc1c1f24ad5e874d4eb838985b335e8cf2378b2e9d02ae723
LIBNATIVEHELPER_JNI_MACROS_SHA256=c4058d232a61f785651efe5e03c0ef3e685d937312670d7f01144ad2064646d6
DLMALLOC_REVISION=2b0d5c4ab4e2c677384c02f3eb04cce63b6f10f0
DLMALLOC_HEADER_SHA256=0534cb3c2cb967204244e35b23524b2d431f35062bb51b141370c84ff99c1f5e
UNWINDING_REVISION=ca0400ec57e79d5fdb811ddd4a29df3bb92668ed
UNWINDSTACK_ANDROID_UNWINDER_SHA256=173c59ff38ec88f4a6af48c68d537fc3861fb3c10cdca45f72f6aa0cb7a2e38e
LIBZIPARCHIVE_REVISION=72e12bb04c91f9136a5d8a8a851de7bed7f5f766
LIBZIPARCHIVE_ANDROID_BP_SHA256=600ceee6339f00130b3ae0469d3ed8e7d018d877c66555b73a1876b575835206
