# AOSP source is materialized without Git metadata.
ART_REVISION=ed6c006bd06ae060bd9698fd2cb25c4865512ec3
ART_TAG=android-16.0.0_r1
ART_RUNTIME_ANDROID_BP_SHA256=00e2876a52af5e0e4e9000c1fb78f1e3a7c96465000968a546a85618cefc14d7
ART_LIBARTBASE_ANDROID_BP_SHA256=b49654267559aa4649ef75c8c6927fae62c46f387863795b860464e0e879deb5
ART_LIBDEXFILE_ANDROID_BP_SHA256=f7135ef090111365f64321c5db8bb5c4e34b8dab6ae9f5e92c6d2be0ed766c13
ART_LIBPROFILE_ANDROID_BP_SHA256=c3411de98b99eb9cc6ec0477bb6c5cbe2623e8f7b2e80da5149793e32d96f71f
ART_CMDLINE_ANDROID_BP_SHA256=b9e62c23d0b8a7b83de8c9e6110f8f87904743ec296321128e6ece8f363818df
ART_LIBELFFILE_ANDROID_BP_SHA256=5fb04b60c125c481a833a0a98c501f83fe43e71f01e69e527abbf7c365dfecfa
ART_ODR_STATSLOG_HEADER_SHA256=09a81aa2fab03c7b0d655db8547f6ff7445721fd7126aff0a45e61cbc85817cc
ART_SIGCHAIN_ANDROID_BP_SHA256=643089e5f9bd86b6d98526828b02a7762fd725b98ab2d7fb6cf0110f125e790b
ART_NATIVEBRIDGE_HEADER_SHA256=81df946fd09fbe2fd0f2f62fa468ff2644c94402d2bec4448730d2cb5e8a4847
ART_NATIVELOADER_HEADER_SHA256=99716ae91a60b4380f001508fc4c041882f3f82f10b5b85b01af8a129b6979f5
ART_PALETTE_HEADER_SHA256=398c9cd6fd0ff214484e20aeef7b32e6d40ab061d72fb848add658bce3e01efa
ART_ASM_DEFINES_DEF_SHA256=a77e8bdd52e73aec6853e3cf2f640737c2dcbfa9f7b49b9661936a760fed752c
ART_OPERATOR_GENERATOR_SHA256=ea13bd12b99a6dee5d50d1a7c8151f7ab0332a8a1e58c25647df9aeb0fd7c871
LIBBASE_REVISION=0ac7ea4a65d981166d6e5617e1e4ef0572f774e5
LIBBASE_ANDROID_BP_SHA256=e0736e948e516bc431f759273d64d4bd8d1461396ea060531be1479fc64d5ef2
TINYXML2_REVISION=7485b22521f577cf944e5687361548d8993d8d2c
TINYXML2_ANDROID_BP_SHA256=42cdd08e0811d8eb828aad6f4a4cf51857b558288f8f20734a0578f796a639e2
LIBNATIVEHELPER_REVISION=5c36ece5ac42b20f0e384d9e57400f2f22aad9fb
LIBNATIVEHELPER_JNI_SHA256=2a3cea5e4306872202592406593f6465f07b848d75ed03ad07e2936479867f0a
LIBNATIVEHELPER_SCOPED_LOCAL_REF_SHA256=d3cfeaedca89015cc1c1f24ad5e874d4eb838985b335e8cf2378b2e9d02ae723
DLMALLOC_REVISION=2b0d5c4ab4e2c677384c02f3eb04cce63b6f10f0
DLMALLOC_HEADER_SHA256=0534cb3c2cb967204244e35b23524b2d431f35062bb51b141370c84ff99c1f5e
UNWINDING_REVISION=ca0400ec57e79d5fdb811ddd4a29df3bb92668ed
UNWINDSTACK_ANDROID_UNWINDER_SHA256=173c59ff38ec88f4a6af48c68d537fc3861fb3c10cdca45f72f6aa0cb7a2e38e
LIBZIPARCHIVE_REVISION=72e12bb04c91f9136a5d8a8a851de7bed7f5f766
LIBZIPARCHIVE_ANDROID_BP_SHA256=600ceee6339f00130b3ae0469d3ed8e7d018d877c66555b73a1876b575835206
