NDK_REVISION=28.2.13676358
ANDROID_API=35
NDK_SOURCE_PROPERTIES_SHA256=c00aa236fdb205e9be9edd9e2169763e48aca52735efff4e16f34205d49783b5
NDK_LOCALE_H_SHA256=fa3096e8941e13b1ca81773926a7a2f4349153d41fca06c668feac3f33418a90
NDK_WCHAR_H_SHA256=fe2dd8c3c870005d14b7851281d284219c2ff9d7dac33e6f9f8554f0816679b9
NDK_WCTYPE_H_SHA256=5e69966a0e7d1d8124fda422ddadae3992b3be0aff8ae0deeed7a5efc78b45cb

BIONIC_PROJECT=platform/bionic
BIONIC_REVISION=361ba86734fb2821a6adcfdf775db8abd04e0de0
BIONIC_SOURCE_COUNT=21
BIONIC_SOURCE_MANIFEST_SHA256=4ff3fff67f6b22e991963def9bf592e750dfe287b162c9599b1df361732ea6eb

LIBC_IMPORT_MANIFEST_SHA256=20990dbfd74db3a2a1c7d02e479286b032b7754a4c1e71a2cadb64a81cb391f9
LOCALE_CLUSTER_SHA256=3413ef62b903dd890d0567138c68d82e0a9ac53f0bddab062d34c8e4516b4afa
LOCALE_IMPORTS_SHA256=05635070f62ea224eec6765272e0552fd49f8fdbc0a76161439c1ad1c5647972
LOCALE_CLUSTER_COUNT=32
SUPPORTED_IMPORT_COUNT=31
UNSUPPORTED_IMPORT_COUNT=1

ICU_FOUNDATION_LOCK_SHA256=6fdbf4636dec7585feab8bcc5943d0ca657d139c69f10dafc20ec1022e345f68
ICU_UVERNUM_SHA256=dd8038453c55bcc1b7a2a7825dd995447363e962abc81171f1f10a142ca9161a
ICU_UCHAR_SHA256=78b82c8dc3b4d346bf00b89cf8513f4ff01199bf84b461b0ca0608b618aaafc7
ICU_INIT_HEADER_SHA256=88d267d5d8d4dbf0129e080d8984dea293567380b815454ee605b0895a5cc1be
ICU_DATA_SHA256=c5450087565eb20ca37d70af5ef53a99a4c8e2e3da17c9140582b685f06d980f
ICU_LIBRARY_VERSION=76.1
ICU_DATA_FILE=icudt76l.dat
ICU_DATA_SIZE=29094000

BIONIC_ERRNO_LOCK_SHA256=25e20280f25516ac9adbbf367708b6590dedbf7a199875d5a217ae02bbe9a3f1
BIONIC_ERRNO_SOURCE_SHA256=3be95df13ceb1f96b846864441c9a1eb17d9eee4d8166d951ba9ddb72b973382
BIONIC_ERRNO_MAPPING_SHA256=cc789f68f56260e40eb689d06b17cb3d1080a4b362e58e1ee07054575cdfa794

HEADER_SHA256=408102cb2705be2d10b1b061c7b719a55c9baf029c0ba72a8b9f7280480ad0c6
PROVIDER_SHA256=77a3aab00bf7f6b999d2ad52620956d8a999455d19889725110e774f8b278e6d
FIXTURE_SHA256=f70adb4dfddb6ce521ed6d6b236511a01adde829b6d06faa328b5aedbce9fb7e
EXPORTS_SHA256=9de3126ea2921d46c306f2fcca364d54b2dc55f99dd2dd33c151c4c07834a7e7
ABI_SHA256=096769eb5b59cb7e618e290e9f4547e7e16ced15c831d561686f1ff6f9d18a47
STRESS_SHA256=beb33636efda0bc11f58f6925882ee27a107055eefef5065ca2ea9ca02d6bf36
ICU_DIFFERENTIAL_SHA256=64e92a0d040d1b60441adc620ccb99c079eb78356753672da93ddd715f82de3e
FIXTURE_ELF_SHA256=5b6524f5b04d30a27e3a01e735e852a0215aa052cd443d85583fd787ee7f7971
