NDK_REVISION=28.2.13676358
ANDROID_API=35
NDK_SOURCE_PROPERTIES_SHA256=c00aa236fdb205e9be9edd9e2169763e48aca52735efff4e16f34205d49783b5
NDK_LOCALE_H_SHA256=fa3096e8941e13b1ca81773926a7a2f4349153d41fca06c668feac3f33418a90
NDK_WCHAR_H_SHA256=fe2dd8c3c870005d14b7851281d284219c2ff9d7dac33e6f9f8554f0816679b9
NDK_WCTYPE_H_SHA256=5e69966a0e7d1d8124fda422ddadae3992b3be0aff8ae0deeed7a5efc78b45cb

BIONIC_PROJECT=platform/bionic
BIONIC_REVISION=361ba86734fb2821a6adcfdf775db8abd04e0de0
BIONIC_SOURCE_COUNT=21
BIONIC_SOURCE_MANIFEST_SHA256=4ff3fff67f6b22e991963def9bf592e750dfe287b162c9599b1df361732ea6eb

LIBC_IMPORT_MANIFEST_SHA256=20990dbfd74db3a2a1c7d02e479286b032b7754a4c1e71a2cadb64a81cb391f9
LOCALE_CLUSTER_SHA256=5d3e5b5076bc8a1b6f910d8206520b032445899525c838587f060314757996f4
LOCALE_IMPORTS_SHA256=a0cc6e4bfb70cf1fe17055570e3416244e143f4683339fb7aa194d822b3963af
LOCALE_CLUSTER_COUNT=32
SUPPORTED_IMPORT_COUNT=19
UNSUPPORTED_IMPORT_COUNT=13

BIONIC_ERRNO_LOCK_SHA256=25e20280f25516ac9adbbf367708b6590dedbf7a199875d5a217ae02bbe9a3f1
BIONIC_ERRNO_SOURCE_SHA256=3be95df13ceb1f96b846864441c9a1eb17d9eee4d8166d951ba9ddb72b973382
BIONIC_ERRNO_MAPPING_SHA256=cc789f68f56260e40eb689d06b17cb3d1080a4b362e58e1ee07054575cdfa794

HEADER_SHA256=76adbfce8e4246e76b7bde749184aa45ab1b8663188904a30b1f7df55dc6973d
PROVIDER_SHA256=8af2c5929d881153b9d3ee459de047b0d90dff575ea3c14d16d1fbfc290d0b45
FIXTURE_SHA256=955a8069ac984354779602dd38de6486db31f0b399dd59cca25389bc8e5ad649
EXPORTS_SHA256=41f49c78ee5f145610e970a213879b8027f1fcc43c9d3f64571f43979fbd1bbf
ABI_SHA256=d5c149d3bc79188984a5244f811c20e302d28d3e553b584387e83f5ce8009a6e
STRESS_SHA256=13df2e2cda7de5bb75a33157944af3cc23c9246b0b8e285b5b12d0a624e827b6
FIXTURE_ELF_SHA256=8217a36ec497361316ed602319d83b0a78740905067e2a444434c431501797a9
