NDK_REVISION=28.2.13676358
ANDROID_API=35
NDK_SOURCE_PROPERTIES_SHA256=c00aa236fdb205e9be9edd9e2169763e48aca52735efff4e16f34205d49783b5
NDK_SENDFILE_HEADER_SHA256=0bdcac1ff4256d5706377fd11beee3ca14559b846b1d94f983c85c6e2e52c5a6
NDK_LIBCXX_SIZE=9236352
NDK_LIBCXX_SHA256=ab4e6c71b96b851de45a8a9bd86369e7dbc2130a44b3b4520564be94847910f2
NDK_LIBC_SHA256=7fac00920a0b1a4a8da0797beb21eb08db6bde966cc8def5e4d885da8955e7bb
LIBC_IMPORT_MANIFEST_SHA256=20990dbfd74db3a2a1c7d02e479286b032b7754a4c1e71a2cadb64a81cb391f9
HEADER_SHA256=06f380211462077bf3aa73ae8f330221cabecf450779f766cb61730c1501374e
PROVIDER_SHA256=f3e0553f43021c67e5b6888ff500cb56ee9c4a3ef5cfb9a711615b55ce66e1ee
ABI_SHA256=2a98bac90ea93da6f9d1d6466f1b22e48bc145da5273021d0661ff3fcb919e96
FIXTURE_SHA256=ee594303329924d72c8eb628045051655c948148c8135412077332fc907e823d
EXPORTS_SHA256=e8d6809549e635d8ecb5dfab49fe5120b3253582ed9245259903ed95ff5dcd7c
RUNNER_SHA256=afb3f94015fc9eced455257d916d9697fe171d2b0dc64f4a4b56ebca4af70aab
LIFECYCLE_SHA256=f044a466495bb88def524547b89e26be8c308c131c8e3b8191a70d1f8a000156
IMPORTS_SHA256=1fb0ad4abb580367b84d506c958ab95b1d378916580a79c8a260f4f3ab6ff3f8
CALLSITES_SHA256=5f9ec09a95fa5c761023c3b7c985732be1be4c1d48ea730fcefd4eef17f8aba1
UPSTREAM_SOURCES_SHA256=20d1b8780206c768af036c136c1d61298eccfcf9c0450785413d4b3598bc3f99
README_SHA256=9cd55e374f5dedf09f74788215205274e790c7a75c1d9228d524213418f49877
