LIBCORE_PROJECT=platform/libcore
LIBCORE_REVISION=080fac8bb8670bc7fbc895050caf4b13c4d6cd12
ART_PROJECT=platform/art
ART_REVISION=ed6c006bd06ae060bd9698fd2cb25c4865512ec3
SYSTEM_JAVA_SHA256=2e6beed122da807ea8b2ce3ad68c3062962887a03687e36e505b1beb5a4dcf2a
RUNTIME_JAVA_SHA256=02d13e1dfc7e11ba91306d5c8d5c849d912a014d2be6867f96bfbfdf302f044e
CLASSLOADER_JAVA_SHA256=33fb3da5d1e4a45ef992fce94fc1a4d3fde9f8dc1886610afea3dbd322afafe4
RUNTIME_C_SHA256=0b79435cc7a8ae9fe744cdf37dc721c8e6c31cdcfad5dc2eca7e850453176ee6
ONLOAD_CPP_SHA256=2c6fe99395f4a9ae3d31d8d9c691bbc435abb8475542ce159b39e5254bb95670
UNIX_NATIVE_DISPATCHER_C_SHA256=eb16ac84317b1dc6ed9e7aa8f27f28fcf984cb53ce24406d39e2e7a9a750600b
OPENJDKJVM_CC_SHA256=13b925ea37168d1e2c6a8a79aa15ca39ea9667542acf311f1bd9f9dfa7a1eb17
JAVA_VM_EXT_CC_SHA256=9df185cc3b9dca4a41ed7b5a6e8c1efbfd3abb8d5329cd458ee4a660e90acb3f
WELL_KNOWN_CLASSES_CC_SHA256=d6004cb396537c30998961424bc25976cabc296c6386e0e03307e27ab4bbcb6d
JNI_INTERNAL_CC_SHA256=e34497154c1aabcb1162817a2d980d4afaebe6b47b963ce8438d3e09b7d7b312
JNI_UTIL_H_SHA256=47650fa575d8dec72c53ff1e7c35225a7b06cd847c15c4ff2f5d79c21c6ffae8
JLONG_H_SHA256=615acf5c8420f6c8f9a705723f84c766b4c207c4482191546c5b657a88caa712
JLONG_MD_H_SHA256=0288abc078d459dbdc1087b69c60c517c00d88f3464feea494478a19233edbb2
JVM_H_SHA256=7f4ecd9ba97b79d07ed715c3d131a9c1c14b2f5974286445570ac7b6bf2fe542
JVM_MD_H_SHA256=9b5c1f6cb23370a69c2e05d6f9e6a63738afa4cef654e4068d045193eaa604c8
CLASSFILE_CONSTANTS_H_SHA256=860ab5d3892474de3ecded9eb10deec78993987dce1eb5f6b711f9d031927397
CORE_OJ_JAR_SHA256=56c90b6040e16f058cde9e892cb698f81d074a850c6582673bed1ddd60b8f7ff
CORE_OJ_DEX_SHA256=660bc921694c617965aa58bb8829f09928851f939eb49cc65ac4ed8a3f3746b2
NDK_REVISION=28.2.13676358
ANDROID_API=35
NDK_SOURCE_PROPERTIES_SHA256=c00aa236fdb205e9be9edd9e2169763e48aca52735efff4e16f34205d49783b5
